{
  "version": 4,
  "terraform_version": "1.14.0",
  "serial": 308,
  "lineage": "114c142e-a2a7-707c-0570-2f1aaf9204b9",
  "outputs": {
    "aithon_efs_id": {
      "value": "fs-0b0c5cb6548acf03c",
      "type": "string"
    }
  },
  "resources": [
    {
      "mode": "data",
      "type": "aws_ami",
      "name": "ubuntu",
      "provider": "provider[\"registry.terraform.io/hashicorp/aws\"].mumbai",
      "instances": [
        {
          "schema_version": 0,
          "attributes": {
            "architecture": "x86_64",
            "arn": "arn:aws:ec2:ap-south-1::image/ami-0ff91eb5c6fe7cc86",
            "block_device_mappings": [
              {
                "device_name": "/dev/sda1",
                "ebs": {
                  "delete_on_termination": "true",
                  "encrypted": "false",
                  "iops": "0",
                  "snapshot_id": "snap-0f09bb3a4d22a695d",
                  "throughput": "0",
                  "volume_initialization_rate": "0",
                  "volume_size": "8",
                  "volume_type": "gp2"
                },
                "no_device": "",
                "virtual_name": ""
              },
              {
                "device_name": "/dev/sdb",
                "ebs": {},
                "no_device": "",
                "virtual_name": "ephemeral0"
              },
              {
                "device_name": "/dev/sdc",
                "ebs": {},
                "no_device": "",
                "virtual_name": "ephemeral1"
              }
            ],
            "boot_mode": "uefi-preferred",
            "creation_date": "2025-12-12T06:53:59.000Z",
            "deprecation_time": "2027-12-12T06:53:59.000Z",
            "description": "Canonical, Ubuntu, 22.04, amd64 jammy image",
            "ena_support": true,
            "executable_users": null,
            "filter": [
              {
                "name": "name",
                "values": [
                  "ubuntu/images/hvm-ssd/ubuntu-jammy-22.04-amd64-server-*"
                ]
              },
              {
                "name": "virtualization-type",
                "values": [
                  "hvm"
                ]
              }
            ],
            "hypervisor": "xen",
            "id": "ami-0ff91eb5c6fe7cc86",
            "image_id": "ami-0ff91eb5c6fe7cc86",
            "image_location": "amazon/ubuntu/images/hvm-ssd/ubuntu-jammy-22.04-amd64-server-20251212",
            "image_owner_alias": "amazon",
            "image_type": "machine",
            "imds_support": "",
            "include_deprecated": false,
            "kernel_id": "",
            "last_launched_time": "",
            "most_recent": true,
            "name": "ubuntu/images/hvm-ssd/ubuntu-jammy-22.04-amd64-server-20251212",
            "name_regex": null,
            "owner_id": "099720109477",
            "owners": [
              "099720109477"
            ],
            "platform": "",
            "platform_details": "Linux/UNIX",
            "product_codes": [],
            "public": true,
            "ramdisk_id": "",
            "root_device_name": "/dev/sda1",
            "root_device_type": "ebs",
            "root_snapshot_id": "snap-0f09bb3a4d22a695d",
            "sriov_net_support": "simple",
            "state": "available",
            "state_reason": {
              "code": "UNSET",
              "message": "UNSET"
            },
            "tags": {},
            "timeouts": null,
            "tpm_support": "",
            "uefi_data": null,
            "usage_operation": "RunInstances",
            "virtualization_type": "hvm"
          },
          "sensitive_attributes": [],
          "identity_schema_version": 0
        }
      ]
    },
    {
      "mode": "data",
      "type": "aws_availability_zones",
      "name": "available",
      "provider": "provider[\"registry.terraform.io/hashicorp/aws\"].mumbai",
      "instances": [
        {
          "schema_version": 0,
          "attributes": {
            "all_availability_zones": null,
            "exclude_names": null,
            "exclude_zone_ids": null,
            "filter": null,
            "group_names": [
              "ap-south-1-zg-1"
            ],
            "id": "ap-south-1",
            "names": [
              "ap-south-1a",
              "ap-south-1b",
              "ap-south-1c"
            ],
            "state": "available",
            "timeouts": null,
            "zone_ids": [
              "aps1-az1",
              "aps1-az3",
              "aps1-az2"
            ]
          },
          "sensitive_attributes": [],
          "identity_schema_version": 0
        }
      ]
    },
    {
      "mode": "data",
      "type": "aws_eks_cluster",
      "name": "cluster",
      "provider": "provider[\"registry.terraform.io/hashicorp/aws\"]",
      "instances": [
        {
          "schema_version": 0,
          "attributes": {
            "access_config": [
              {
                "authentication_mode": "API_AND_CONFIG_MAP",
                "bootstrap_cluster_creator_admin_permissions": true
              }
            ],
            "arn": "arn:aws:eks:ap-south-1:010438478476:cluster/FVKR-DEV",
            "certificate_authority": [
              {
                "data": "LS0tLS1CRUdJTiBDRVJUSUZJQ0FURS0tLS0tCk1JSURCVENDQWUyZ0F3SUJBZ0lJZW1EVEozTjgrb3N3RFFZSktvWklodmNOQVFFTEJRQXdGVEVUTUJFR0ExVUUKQXhNS2EzVmlaWEp1WlhSbGN6QWVGdzB5TlRFeU1ESXhNREk0TVRGYUZ3MHpOVEV4TXpBeE1ETXpNVEZhTUJVeApFekFSQmdOVkJBTVRDbXQxWW1WeWJtVjBaWE13Z2dFaU1BMEdDU3FHU0liM0RRRUJBUVVBQTRJQkR3QXdnZ0VLCkFvSUJBUUNoV1c1NUNtc0xabHRYVWQxb3dvcVMzd2VhMk50TVRYUDdleE1DcWtjZXY5SExUYmd1SXNOMGplaC8KbWRxOXdCYytGeFk2N21ZczNIMjk2Y0hYaGlSZmNER3Ixekl2WHVKbGdxamxHSWxVSDRtd09HdWlQOHRFRyt1QgpRQUtOVTdWd2V4aDZxRkZvS3V4L25GSTNSS08xanRrckRXZE84MzZ4ZkNHZUJMdGRRVUg2bTVVRE5pY1FWbEZSClVuRmRGSGNJS1pjZXdpN2FuYUkyVXpHRFNGSzJQZ2lWK2dka0k1MnFLVzVTTmphdWZTb0k1NGhUVWtxcVZqQVgKK0dLMEVOVVlmUmVWd2tBWGZjOEZ3UGpIVzRiK0ZBbTkvQUxDUFcwN2NsanYrdUxiN1lYYlFqajl6bm82ZGhDZgpHLzB5Y1BIQ2pGQ2cwR3k1ei9XckJIQXQ5THZSQWdNQkFBR2pXVEJYTUE0R0ExVWREd0VCL3dRRUF3SUNwREFQCkJnTlZIUk1CQWY4RUJUQURBUUgvTUIwR0ExVWREZ1FXQkJTVTdJanFlNFNhdTdVYXRiNUpVUmduV2V5cWRqQVYKQmdOVkhSRUVEakFNZ2dwcmRXSmxjbTVsZEdWek1BMEdDU3FHU0liM0RRRUJDd1VBQTRJQkFRQk1xS3pmOTJEYgowb212ellKVy9ROWdPTGsyZGgyRUh0T3I1cmJTYnZSRU5GcUl5ZCtEeC92Z1BqVUFqSDBkaE41blJhVmJvdlY1Clc5d0JKVXdPUENmVjVFSXZWM09LdHBESlhiNGFjVy9LSW83bFZlR3p2SHZRM0Z6b2pmaXJna2M4dFVBSXVxVDEKQ0hjdmF0SWIwSWJVOWYzQW1rcG5iQmN3N1YxVDR5dGJsVnhTVjBLaWJCOVJ5Z2taaWhFcFZwdmVNOEltK3cwbwpjeFhNTDMzZnJCTk1Fa1c4RjQ4UVpBRkxOeUl2TDQwelZVSnNjazNoSkhneGRoSGFQcGtHV2FqRTBvY3pnVnFrCkQrdW54eko2YzZPOHhDMjhNWHRZUTNRYmZlbWxOM2xmenZzTWkxQzdLWWZDNE1NRFluTzJ3V216MlJRSThoRFYKcmltT05TL3c5cmdlCi0tLS0tRU5EIENFUlRJRklDQVRFLS0tLS0K"
              }
            ],
            "cluster_id": null,
            "compute_config": [],
            "created_at": "2025-12-02T10:27:47Z",
            "enabled_cluster_log_types": [],
            "endpoint": "https://74EC2B262968E0D6F84BF2DA6FF8C014.yl4.ap-south-1.eks.amazonaws.com",
            "id": "FVKR-DEV",
            "identity": [
              {
                "oidc": [
                  {
                    "issuer": "https://oidc.eks.ap-south-1.amazonaws.com/id/74EC2B262968E0D6F84BF2DA6FF8C014"
                  }
                ]
              }
            ],
            "kubernetes_network_config": [
              {
                "elastic_load_balancing": [
                  {
                    "enabled": false
                  }
                ],
                "ip_family": "ipv4",
                "service_ipv4_cidr": "172.20.0.0/16",
                "service_ipv6_cidr": ""
              }
            ],
            "name": "FVKR-DEV",
            "outpost_config": [],
            "platform_version": "eks.9",
            "remote_network_config": [],
            "role_arn": "arn:aws:iam::010438478476:role/Fvrk-dev-eks-cluster-role",
            "status": "ACTIVE",
            "storage_config": [],
            "tags": {},
            "upgrade_policy": [
              {
                "support_type": "EXTENDED"
              }
            ],
            "version": "1.34",
            "vpc_config": [
              {
                "cluster_security_group_id": "sg-059a6990a8ee41e97",
                "endpoint_private_access": false,
                "endpoint_public_access": true,
                "public_access_cidrs": [
                  "0.0.0.0/0"
                ],
                "security_group_ids": [],
                "subnet_ids": [
                  "subnet-0676b17d05babe69f",
                  "subnet-076ca5925fd436c79",
                  "subnet-0d4bb787f2a8e82d7",
                  "subnet-0fc395105f822381b"
                ],
                "vpc_id": "vpc-01559cc551ee9ce1f"
              }
            ],
            "zonal_shift_config": []
          },
          "sensitive_attributes": [],
          "identity_schema_version": 0
        }
      ]
    },
    {
      "mode": "data",
      "type": "http",
      "name": "aws_lb_controller_policy",
      "provider": "provider[\"registry.terraform.io/hashicorp/http\"]",
      "instances": [
        {
          "schema_version": 0,
          "attributes": {
            "body": "{\n    \"Version\": \"2012-10-17\",\n    \"Statement\": [\n        {\n            \"Effect\": \"Allow\",\n            \"Action\": [\n                \"iam:CreateServiceLinkedRole\"\n            ],\n            \"Resource\": \"*\",\n            \"Condition\": {\n                \"StringEquals\": {\n                    \"iam:AWSServiceName\": \"elasticloadbalancing.amazonaws.com\"\n                }\n            }\n        },\n        {\n            \"Effect\": \"Allow\",\n            \"Action\": [\n                \"ec2:DescribeAccountAttributes\",\n                \"ec2:DescribeAddresses\",\n                \"ec2:DescribeAvailabilityZones\",\n                \"ec2:DescribeInternetGateways\",\n                \"ec2:DescribeVpcs\",\n                \"ec2:DescribeVpcPeeringConnections\",\n                \"ec2:DescribeSubnets\",\n                \"ec2:DescribeSecurityGroups\",\n                \"ec2:DescribeInstances\",\n                \"ec2:DescribeNetworkInterfaces\",\n                \"ec2:DescribeTags\",\n                \"ec2:GetCoipPoolUsage\",\n                \"ec2:DescribeCoipPools\",\n                \"ec2:GetSecurityGroupsForVpc\",\n                \"ec2:DescribeIpamPools\",\n                \"ec2:DescribeRouteTables\",\n                \"elasticloadbalancing:DescribeLoadBalancers\",\n                \"elasticloadbalancing:DescribeLoadBalancerAttributes\",\n                \"elasticloadbalancing:DescribeListeners\",\n                \"elasticloadbalancing:DescribeListenerCertificates\",\n                \"elasticloadbalancing:DescribeSSLPolicies\",\n                \"elasticloadbalancing:DescribeRules\",\n                \"elasticloadbalancing:DescribeTargetGroups\",\n                \"elasticloadbalancing:DescribeTargetGroupAttributes\",\n                \"elasticloadbalancing:DescribeTargetHealth\",\n                \"elasticloadbalancing:DescribeTags\",\n                \"elasticloadbalancing:DescribeTrustStores\",\n                \"elasticloadbalancing:DescribeListenerAttributes\",\n                \"elasticloadbalancing:DescribeCapacityReservation\"\n            ],\n            \"Resource\": \"*\"\n        },\n        {\n            \"Effect\": \"Allow\",\n            \"Action\": [\n                \"cognito-idp:DescribeUserPoolClient\",\n                \"acm:ListCertificates\",\n                \"acm:DescribeCertificate\",\n                \"iam:ListServerCertificates\",\n                \"iam:GetServerCertificate\",\n                \"waf-regional:GetWebACL\",\n                \"waf-regional:GetWebACLForResource\",\n                \"waf-regional:AssociateWebACL\",\n                \"waf-regional:DisassociateWebACL\",\n                \"wafv2:GetWebACL\",\n                \"wafv2:GetWebACLForResource\",\n                \"wafv2:AssociateWebACL\",\n                \"wafv2:DisassociateWebACL\",\n                \"shield:GetSubscriptionState\",\n                \"shield:DescribeProtection\",\n                \"shield:CreateProtection\",\n                \"shield:DeleteProtection\"\n            ],\n            \"Resource\": \"*\"\n        },\n        {\n            \"Effect\": \"Allow\",\n            \"Action\": [\n                \"ec2:AuthorizeSecurityGroupIngress\",\n                \"ec2:RevokeSecurityGroupIngress\"\n            ],\n            \"Resource\": \"*\"\n        },\n        {\n            \"Effect\": \"Allow\",\n            \"Action\": [\n                \"ec2:CreateSecurityGroup\"\n            ],\n            \"Resource\": \"*\"\n        },\n        {\n            \"Effect\": \"Allow\",\n            \"Action\": [\n                \"ec2:CreateTags\"\n            ],\n            \"Resource\": \"arn:aws:ec2:*:*:security-group/*\",\n            \"Condition\": {\n                \"StringEquals\": {\n                    \"ec2:CreateAction\": \"CreateSecurityGroup\"\n                },\n                \"Null\": {\n                    \"aws:RequestTag/elbv2.k8s.aws/cluster\": \"false\"\n                }\n            }\n        },\n        {\n            \"Effect\": \"Allow\",\n            \"Action\": [\n                \"ec2:CreateTags\",\n                \"ec2:DeleteTags\"\n            ],\n            \"Resource\": \"arn:aws:ec2:*:*:security-group/*\",\n            \"Condition\": {\n                \"Null\": {\n                    \"aws:RequestTag/elbv2.k8s.aws/cluster\": \"true\",\n                    \"aws:ResourceTag/elbv2.k8s.aws/cluster\": \"false\"\n                }\n            }\n        },\n        {\n            \"Effect\": \"Allow\",\n            \"Action\": [\n                \"ec2:AuthorizeSecurityGroupIngress\",\n                \"ec2:RevokeSecurityGroupIngress\",\n                \"ec2:DeleteSecurityGroup\"\n            ],\n            \"Resource\": \"*\",\n            \"Condition\": {\n                \"Null\": {\n                    \"aws:ResourceTag/elbv2.k8s.aws/cluster\": \"false\"\n                }\n            }\n        },\n        {\n            \"Effect\": \"Allow\",\n            \"Action\": [\n                \"elasticloadbalancing:CreateLoadBalancer\",\n                \"elasticloadbalancing:CreateTargetGroup\"\n            ],\n            \"Resource\": \"*\",\n            \"Condition\": {\n                \"Null\": {\n                    \"aws:RequestTag/elbv2.k8s.aws/cluster\": \"false\"\n                }\n            }\n        },\n        {\n            \"Effect\": \"Allow\",\n            \"Action\": [\n                \"elasticloadbalancing:CreateListener\",\n                \"elasticloadbalancing:DeleteListener\",\n                \"elasticloadbalancing:CreateRule\",\n                \"elasticloadbalancing:DeleteRule\"\n            ],\n            \"Resource\": \"*\"\n        },\n        {\n            \"Effect\": \"Allow\",\n            \"Action\": [\n                \"elasticloadbalancing:AddTags\",\n                \"elasticloadbalancing:RemoveTags\"\n            ],\n            \"Resource\": [\n                \"arn:aws:elasticloadbalancing:*:*:targetgroup/*/*\",\n                \"arn:aws:elasticloadbalancing:*:*:loadbalancer/net/*/*\",\n                \"arn:aws:elasticloadbalancing:*:*:loadbalancer/app/*/*\"\n            ],\n            \"Condition\": {\n                \"Null\": {\n                    \"aws:RequestTag/elbv2.k8s.aws/cluster\": \"true\",\n                    \"aws:ResourceTag/elbv2.k8s.aws/cluster\": \"false\"\n                }\n            }\n        },\n        {\n            \"Effect\": \"Allow\",\n            \"Action\": [\n                \"elasticloadbalancing:AddTags\",\n                \"elasticloadbalancing:RemoveTags\"\n            ],\n            \"Resource\": [\n                \"arn:aws:elasticloadbalancing:*:*:listener/net/*/*/*\",\n                \"arn:aws:elasticloadbalancing:*:*:listener/app/*/*/*\",\n                \"arn:aws:elasticloadbalancing:*:*:listener-rule/net/*/*/*\",\n                \"arn:aws:elasticloadbalancing:*:*:listener-rule/app/*/*/*\"\n            ]\n        },\n        {\n            \"Effect\": \"Allow\",\n            \"Action\": [\n                \"elasticloadbalancing:ModifyLoadBalancerAttributes\",\n                \"elasticloadbalancing:SetIpAddressType\",\n                \"elasticloadbalancing:SetSecurityGroups\",\n                \"elasticloadbalancing:SetSubnets\",\n                \"elasticloadbalancing:DeleteLoadBalancer\",\n                \"elasticloadbalancing:ModifyTargetGroup\",\n                \"elasticloadbalancing:ModifyTargetGroupAttributes\",\n                \"elasticloadbalancing:DeleteTargetGroup\",\n                \"elasticloadbalancing:ModifyListenerAttributes\",\n                \"elasticloadbalancing:ModifyCapacityReservation\",\n                \"elasticloadbalancing:ModifyIpPools\"\n            ],\n            \"Resource\": \"*\",\n            \"Condition\": {\n                \"Null\": {\n                    \"aws:ResourceTag/elbv2.k8s.aws/cluster\": \"false\"\n                }\n            }\n        },\n        {\n            \"Effect\": \"Allow\",\n            \"Action\": [\n                \"elasticloadbalancing:AddTags\"\n            ],\n            \"Resource\": [\n                \"arn:aws:elasticloadbalancing:*:*:targetgroup/*/*\",\n                \"arn:aws:elasticloadbalancing:*:*:loadbalancer/net/*/*\",\n                \"arn:aws:elasticloadbalancing:*:*:loadbalancer/app/*/*\"\n            ],\n            \"Condition\": {\n                \"StringEquals\": {\n                    \"elasticloadbalancing:CreateAction\": [\n                        \"CreateTargetGroup\",\n                        \"CreateLoadBalancer\"\n                    ]\n                },\n                \"Null\": {\n                    \"aws:RequestTag/elbv2.k8s.aws/cluster\": \"false\"\n                }\n            }\n        },\n        {\n            \"Effect\": \"Allow\",\n            \"Action\": [\n                \"elasticloadbalancing:RegisterTargets\",\n                \"elasticloadbalancing:DeregisterTargets\"\n            ],\n            \"Resource\": \"arn:aws:elasticloadbalancing:*:*:targetgroup/*/*\"\n        },\n        {\n            \"Effect\": \"Allow\",\n            \"Action\": [\n                \"elasticloadbalancing:SetWebAcl\",\n                \"elasticloadbalancing:ModifyListener\",\n                \"elasticloadbalancing:AddListenerCertificates\",\n                \"elasticloadbalancing:RemoveListenerCertificates\",\n                \"elasticloadbalancing:ModifyRule\",\n                \"elasticloadbalancing:SetRulePriorities\"\n            ],\n            \"Resource\": \"*\"\n        }\n    ]\n}\n",
            "ca_cert_pem": null,
            "client_cert_pem": null,
            "client_key_pem": null,
            "id": "https://raw.githubusercontent.com/kubernetes-sigs/aws-load-balancer-controller/main/docs/install/iam_policy.json",
            "insecure": null,
            "method": null,
            "request_body": null,
            "request_headers": null,
            "request_timeout_ms": null,
            "response_body": "{\n    \"Version\": \"2012-10-17\",\n    \"Statement\": [\n        {\n            \"Effect\": \"Allow\",\n            \"Action\": [\n                \"iam:CreateServiceLinkedRole\"\n            ],\n            \"Resource\": \"*\",\n            \"Condition\": {\n                \"StringEquals\": {\n                    \"iam:AWSServiceName\": \"elasticloadbalancing.amazonaws.com\"\n                }\n            }\n        },\n        {\n            \"Effect\": \"Allow\",\n            \"Action\": [\n                \"ec2:DescribeAccountAttributes\",\n                \"ec2:DescribeAddresses\",\n                \"ec2:DescribeAvailabilityZones\",\n                \"ec2:DescribeInternetGateways\",\n                \"ec2:DescribeVpcs\",\n                \"ec2:DescribeVpcPeeringConnections\",\n                \"ec2:DescribeSubnets\",\n                \"ec2:DescribeSecurityGroups\",\n                \"ec2:DescribeInstances\",\n                \"ec2:DescribeNetworkInterfaces\",\n                \"ec2:DescribeTags\",\n                \"ec2:GetCoipPoolUsage\",\n                \"ec2:DescribeCoipPools\",\n                \"ec2:GetSecurityGroupsForVpc\",\n                \"ec2:DescribeIpamPools\",\n                \"ec2:DescribeRouteTables\",\n                \"elasticloadbalancing:DescribeLoadBalancers\",\n                \"elasticloadbalancing:DescribeLoadBalancerAttributes\",\n                \"elasticloadbalancing:DescribeListeners\",\n                \"elasticloadbalancing:DescribeListenerCertificates\",\n                \"elasticloadbalancing:DescribeSSLPolicies\",\n                \"elasticloadbalancing:DescribeRules\",\n                \"elasticloadbalancing:DescribeTargetGroups\",\n                \"elasticloadbalancing:DescribeTargetGroupAttributes\",\n                \"elasticloadbalancing:DescribeTargetHealth\",\n                \"elasticloadbalancing:DescribeTags\",\n                \"elasticloadbalancing:DescribeTrustStores\",\n                \"elasticloadbalancing:DescribeListenerAttributes\",\n                \"elasticloadbalancing:DescribeCapacityReservation\"\n            ],\n            \"Resource\": \"*\"\n        },\n        {\n            \"Effect\": \"Allow\",\n            \"Action\": [\n                \"cognito-idp:DescribeUserPoolClient\",\n                \"acm:ListCertificates\",\n                \"acm:DescribeCertificate\",\n                \"iam:ListServerCertificates\",\n                \"iam:GetServerCertificate\",\n                \"waf-regional:GetWebACL\",\n                \"waf-regional:GetWebACLForResource\",\n                \"waf-regional:AssociateWebACL\",\n                \"waf-regional:DisassociateWebACL\",\n                \"wafv2:GetWebACL\",\n                \"wafv2:GetWebACLForResource\",\n                \"wafv2:AssociateWebACL\",\n                \"wafv2:DisassociateWebACL\",\n                \"shield:GetSubscriptionState\",\n                \"shield:DescribeProtection\",\n                \"shield:CreateProtection\",\n                \"shield:DeleteProtection\"\n            ],\n            \"Resource\": \"*\"\n        },\n        {\n            \"Effect\": \"Allow\",\n            \"Action\": [\n                \"ec2:AuthorizeSecurityGroupIngress\",\n                \"ec2:RevokeSecurityGroupIngress\"\n            ],\n            \"Resource\": \"*\"\n        },\n        {\n            \"Effect\": \"Allow\",\n            \"Action\": [\n                \"ec2:CreateSecurityGroup\"\n            ],\n            \"Resource\": \"*\"\n        },\n        {\n            \"Effect\": \"Allow\",\n            \"Action\": [\n                \"ec2:CreateTags\"\n            ],\n            \"Resource\": \"arn:aws:ec2:*:*:security-group/*\",\n            \"Condition\": {\n                \"StringEquals\": {\n                    \"ec2:CreateAction\": \"CreateSecurityGroup\"\n                },\n                \"Null\": {\n                    \"aws:RequestTag/elbv2.k8s.aws/cluster\": \"false\"\n                }\n            }\n        },\n        {\n            \"Effect\": \"Allow\",\n            \"Action\": [\n                \"ec2:CreateTags\",\n                \"ec2:DeleteTags\"\n            ],\n            \"Resource\": \"arn:aws:ec2:*:*:security-group/*\",\n            \"Condition\": {\n                \"Null\": {\n                    \"aws:RequestTag/elbv2.k8s.aws/cluster\": \"true\",\n                    \"aws:ResourceTag/elbv2.k8s.aws/cluster\": \"false\"\n                }\n            }\n        },\n        {\n            \"Effect\": \"Allow\",\n            \"Action\": [\n                \"ec2:AuthorizeSecurityGroupIngress\",\n                \"ec2:RevokeSecurityGroupIngress\",\n                \"ec2:DeleteSecurityGroup\"\n            ],\n            \"Resource\": \"*\",\n            \"Condition\": {\n                \"Null\": {\n                    \"aws:ResourceTag/elbv2.k8s.aws/cluster\": \"false\"\n                }\n            }\n        },\n        {\n            \"Effect\": \"Allow\",\n            \"Action\": [\n                \"elasticloadbalancing:CreateLoadBalancer\",\n                \"elasticloadbalancing:CreateTargetGroup\"\n            ],\n            \"Resource\": \"*\",\n            \"Condition\": {\n                \"Null\": {\n                    \"aws:RequestTag/elbv2.k8s.aws/cluster\": \"false\"\n                }\n            }\n        },\n        {\n            \"Effect\": \"Allow\",\n            \"Action\": [\n                \"elasticloadbalancing:CreateListener\",\n                \"elasticloadbalancing:DeleteListener\",\n                \"elasticloadbalancing:CreateRule\",\n                \"elasticloadbalancing:DeleteRule\"\n            ],\n            \"Resource\": \"*\"\n        },\n        {\n            \"Effect\": \"Allow\",\n            \"Action\": [\n                \"elasticloadbalancing:AddTags\",\n                \"elasticloadbalancing:RemoveTags\"\n            ],\n            \"Resource\": [\n                \"arn:aws:elasticloadbalancing:*:*:targetgroup/*/*\",\n                \"arn:aws:elasticloadbalancing:*:*:loadbalancer/net/*/*\",\n                \"arn:aws:elasticloadbalancing:*:*:loadbalancer/app/*/*\"\n            ],\n            \"Condition\": {\n                \"Null\": {\n                    \"aws:RequestTag/elbv2.k8s.aws/cluster\": \"true\",\n                    \"aws:ResourceTag/elbv2.k8s.aws/cluster\": \"false\"\n                }\n            }\n        },\n        {\n            \"Effect\": \"Allow\",\n            \"Action\": [\n                \"elasticloadbalancing:AddTags\",\n                \"elasticloadbalancing:RemoveTags\"\n            ],\n            \"Resource\": [\n                \"arn:aws:elasticloadbalancing:*:*:listener/net/*/*/*\",\n                \"arn:aws:elasticloadbalancing:*:*:listener/app/*/*/*\",\n                \"arn:aws:elasticloadbalancing:*:*:listener-rule/net/*/*/*\",\n                \"arn:aws:elasticloadbalancing:*:*:listener-rule/app/*/*/*\"\n            ]\n        },\n        {\n            \"Effect\": \"Allow\",\n            \"Action\": [\n                \"elasticloadbalancing:ModifyLoadBalancerAttributes\",\n                \"elasticloadbalancing:SetIpAddressType\",\n                \"elasticloadbalancing:SetSecurityGroups\",\n                \"elasticloadbalancing:SetSubnets\",\n                \"elasticloadbalancing:DeleteLoadBalancer\",\n                \"elasticloadbalancing:ModifyTargetGroup\",\n                \"elasticloadbalancing:ModifyTargetGroupAttributes\",\n                \"elasticloadbalancing:DeleteTargetGroup\",\n                \"elasticloadbalancing:ModifyListenerAttributes\",\n                \"elasticloadbalancing:ModifyCapacityReservation\",\n                \"elasticloadbalancing:ModifyIpPools\"\n            ],\n            \"Resource\": \"*\",\n            \"Condition\": {\n                \"Null\": {\n                    \"aws:ResourceTag/elbv2.k8s.aws/cluster\": \"false\"\n                }\n            }\n        },\n        {\n            \"Effect\": \"Allow\",\n            \"Action\": [\n                \"elasticloadbalancing:AddTags\"\n            ],\n            \"Resource\": [\n                \"arn:aws:elasticloadbalancing:*:*:targetgroup/*/*\",\n                \"arn:aws:elasticloadbalancing:*:*:loadbalancer/net/*/*\",\n                \"arn:aws:elasticloadbalancing:*:*:loadbalancer/app/*/*\"\n            ],\n            \"Condition\": {\n                \"StringEquals\": {\n                    \"elasticloadbalancing:CreateAction\": [\n                        \"CreateTargetGroup\",\n                        \"CreateLoadBalancer\"\n                    ]\n                },\n                \"Null\": {\n                    \"aws:RequestTag/elbv2.k8s.aws/cluster\": \"false\"\n                }\n            }\n        },\n        {\n            \"Effect\": \"Allow\",\n            \"Action\": [\n                \"elasticloadbalancing:RegisterTargets\",\n                \"elasticloadbalancing:DeregisterTargets\"\n            ],\n            \"Resource\": \"arn:aws:elasticloadbalancing:*:*:targetgroup/*/*\"\n        },\n        {\n            \"Effect\": \"Allow\",\n            \"Action\": [\n                \"elasticloadbalancing:SetWebAcl\",\n                \"elasticloadbalancing:ModifyListener\",\n                \"elasticloadbalancing:AddListenerCertificates\",\n                \"elasticloadbalancing:RemoveListenerCertificates\",\n                \"elasticloadbalancing:ModifyRule\",\n                \"elasticloadbalancing:SetRulePriorities\"\n            ],\n            \"Resource\": \"*\"\n        }\n    ]\n}\n",
            "response_body_base64": "ewogICAgIlZlcnNpb24iOiAiMjAxMi0xMC0xNyIsCiAgICAiU3RhdGVtZW50IjogWwogICAgICAgIHsKICAgICAgICAgICAgIkVmZmVjdCI6ICJBbGxvdyIsCiAgICAgICAgICAgICJBY3Rpb24iOiBbCiAgICAgICAgICAgICAgICAiaWFtOkNyZWF0ZVNlcnZpY2VMaW5rZWRSb2xlIgogICAgICAgICAgICBdLAogICAgICAgICAgICAiUmVzb3VyY2UiOiAiKiIsCiAgICAgICAgICAgICJDb25kaXRpb24iOiB7CiAgICAgICAgICAgICAgICAiU3RyaW5nRXF1YWxzIjogewogICAgICAgICAgICAgICAgICAgICJpYW06QVdTU2VydmljZU5hbWUiOiAiZWxhc3RpY2xvYWRiYWxhbmNpbmcuYW1hem9uYXdzLmNvbSIKICAgICAgICAgICAgICAgIH0KICAgICAgICAgICAgfQogICAgICAgIH0sCiAgICAgICAgewogICAgICAgICAgICAiRWZmZWN0IjogIkFsbG93IiwKICAgICAgICAgICAgIkFjdGlvbiI6IFsKICAgICAgICAgICAgICAgICJlYzI6RGVzY3JpYmVBY2NvdW50QXR0cmlidXRlcyIsCiAgICAgICAgICAgICAgICAiZWMyOkRlc2NyaWJlQWRkcmVzc2VzIiwKICAgICAgICAgICAgICAgICJlYzI6RGVzY3JpYmVBdmFpbGFiaWxpdHlab25lcyIsCiAgICAgICAgICAgICAgICAiZWMyOkRlc2NyaWJlSW50ZXJuZXRHYXRld2F5cyIsCiAgICAgICAgICAgICAgICAiZWMyOkRlc2NyaWJlVnBjcyIsCiAgICAgICAgICAgICAgICAiZWMyOkRlc2NyaWJlVnBjUGVlcmluZ0Nvbm5lY3Rpb25zIiwKICAgICAgICAgICAgICAgICJlYzI6RGVzY3JpYmVTdWJuZXRzIiwKICAgICAgICAgICAgICAgICJlYzI6RGVzY3JpYmVTZWN1cml0eUdyb3VwcyIsCiAgICAgICAgICAgICAgICAiZWMyOkRlc2NyaWJlSW5zdGFuY2VzIiwKICAgICAgICAgICAgICAgICJlYzI6RGVzY3JpYmVOZXR3b3JrSW50ZXJmYWNlcyIsCiAgICAgICAgICAgICAgICAiZWMyOkRlc2NyaWJlVGFncyIsCiAgICAgICAgICAgICAgICAiZWMyOkdldENvaXBQb29sVXNhZ2UiLAogICAgICAgICAgICAgICAgImVjMjpEZXNjcmliZUNvaXBQb29scyIsCiAgICAgICAgICAgICAgICAiZWMyOkdldFNlY3VyaXR5R3JvdXBzRm9yVnBjIiwKICAgICAgICAgICAgICAgICJlYzI6RGVzY3JpYmVJcGFtUG9vbHMiLAogICAgICAgICAgICAgICAgImVjMjpEZXNjcmliZVJvdXRlVGFibGVzIiwKICAgICAgICAgICAgICAgICJlbGFzdGljbG9hZGJhbGFuY2luZzpEZXNjcmliZUxvYWRCYWxhbmNlcnMiLAogICAgICAgICAgICAgICAgImVsYXN0aWNsb2FkYmFsYW5jaW5nOkRlc2NyaWJlTG9hZEJhbGFuY2VyQXR0cmlidXRlcyIsCiAgICAgICAgICAgICAgICAiZWxhc3RpY2xvYWRiYWxhbmNpbmc6RGVzY3JpYmVMaXN0ZW5lcnMiLAogICAgICAgICAgICAgICAgImVsYXN0aWNsb2FkYmFsYW5jaW5nOkRlc2NyaWJlTGlzdGVuZXJDZXJ0aWZpY2F0ZXMiLAogICAgICAgICAgICAgICAgImVsYXN0aWNsb2FkYmFsYW5jaW5nOkRlc2NyaWJlU1NMUG9saWNpZXMiLAogICAgICAgICAgICAgICAgImVsYXN0aWNsb2FkYmFsYW5jaW5nOkRlc2NyaWJlUnVsZXMiLAogICAgICAgICAgICAgICAgImVsYXN0aWNsb2FkYmFsYW5jaW5nOkRlc2NyaWJlVGFyZ2V0R3JvdXBzIiwKICAgICAgICAgICAgICAgICJlbGFzdGljbG9hZGJhbGFuY2luZzpEZXNjcmliZVRhcmdldEdyb3VwQXR0cmlidXRlcyIsCiAgICAgICAgICAgICAgICAiZWxhc3RpY2xvYWRiYWxhbmNpbmc6RGVzY3JpYmVUYXJnZXRIZWFsdGgiLAogICAgICAgICAgICAgICAgImVsYXN0aWNsb2FkYmFsYW5jaW5nOkRlc2NyaWJlVGFncyIsCiAgICAgICAgICAgICAgICAiZWxhc3RpY2xvYWRiYWxhbmNpbmc6RGVzY3JpYmVUcnVzdFN0b3JlcyIsCiAgICAgICAgICAgICAgICAiZWxhc3RpY2xvYWRiYWxhbmNpbmc6RGVzY3JpYmVMaXN0ZW5lckF0dHJpYnV0ZXMiLAogICAgICAgICAgICAgICAgImVsYXN0aWNsb2FkYmFsYW5jaW5nOkRlc2NyaWJlQ2FwYWNpdHlSZXNlcnZhdGlvbiIKICAgICAgICAgICAgXSwKICAgICAgICAgICAgIlJlc291cmNlIjogIioiCiAgICAgICAgfSwKICAgICAgICB7CiAgICAgICAgICAgICJFZmZlY3QiOiAiQWxsb3ciLAogICAgICAgICAgICAiQWN0aW9uIjogWwogICAgICAgICAgICAgICAgImNvZ25pdG8taWRwOkRlc2NyaWJlVXNlclBvb2xDbGllbnQiLAogICAgICAgICAgICAgICAgImFjbTpMaXN0Q2VydGlmaWNhdGVzIiwKICAgICAgICAgICAgICAgICJhY206RGVzY3JpYmVDZXJ0aWZpY2F0ZSIsCiAgICAgICAgICAgICAgICAiaWFtOkxpc3RTZXJ2ZXJDZXJ0aWZpY2F0ZXMiLAogICAgICAgICAgICAgICAgImlhbTpHZXRTZXJ2ZXJDZXJ0aWZpY2F0ZSIsCiAgICAgICAgICAgICAgICAid2FmLXJlZ2lvbmFsOkdldFdlYkFDTCIsCiAgICAgICAgICAgICAgICAid2FmLXJlZ2lvbmFsOkdldFdlYkFDTEZvclJlc291cmNlIiwKICAgICAgICAgICAgICAgICJ3YWYtcmVnaW9uYWw6QXNzb2NpYXRlV2ViQUNMIiwKICAgICAgICAgICAgICAgICJ3YWYtcmVnaW9uYWw6RGlzYXNzb2NpYXRlV2ViQUNMIiwKICAgICAgICAgICAgICAgICJ3YWZ2MjpHZXRXZWJBQ0wiLAogICAgICAgICAgICAgICAgIndhZnYyOkdldFdlYkFDTEZvclJlc291cmNlIiwKICAgICAgICAgICAgICAgICJ3YWZ2MjpBc3NvY2lhdGVXZWJBQ0wiLAogICAgICAgICAgICAgICAgIndhZnYyOkRpc2Fzc29jaWF0ZVdlYkFDTCIsCiAgICAgICAgICAgICAgICAic2hpZWxkOkdldFN1YnNjcmlwdGlvblN0YXRlIiwKICAgICAgICAgICAgICAgICJzaGllbGQ6RGVzY3JpYmVQcm90ZWN0aW9uIiwKICAgICAgICAgICAgICAgICJzaGllbGQ6Q3JlYXRlUHJvdGVjdGlvbiIsCiAgICAgICAgICAgICAgICAic2hpZWxkOkRlbGV0ZVByb3RlY3Rpb24iCiAgICAgICAgICAgIF0sCiAgICAgICAgICAgICJSZXNvdXJjZSI6ICIqIgogICAgICAgIH0sCiAgICAgICAgewogICAgICAgICAgICAiRWZmZWN0IjogIkFsbG93IiwKICAgICAgICAgICAgIkFjdGlvbiI6IFsKICAgICAgICAgICAgICAgICJlYzI6QXV0aG9yaXplU2VjdXJpdHlHcm91cEluZ3Jlc3MiLAogICAgICAgICAgICAgICAgImVjMjpSZXZva2VTZWN1cml0eUdyb3VwSW5ncmVzcyIKICAgICAgICAgICAgXSwKICAgICAgICAgICAgIlJlc291cmNlIjogIioiCiAgICAgICAgfSwKICAgICAgICB7CiAgICAgICAgICAgICJFZmZlY3QiOiAiQWxsb3ciLAogICAgICAgICAgICAiQWN0aW9uIjogWwogICAgICAgICAgICAgICAgImVjMjpDcmVhdGVTZWN1cml0eUdyb3VwIgogICAgICAgICAgICBdLAogICAgICAgICAgICAiUmVzb3VyY2UiOiAiKiIKICAgICAgICB9LAogICAgICAgIHsKICAgICAgICAgICAgIkVmZmVjdCI6ICJBbGxvdyIsCiAgICAgICAgICAgICJBY3Rpb24iOiBbCiAgICAgICAgICAgICAgICAiZWMyOkNyZWF0ZVRhZ3MiCiAgICAgICAgICAgIF0sCiAgICAgICAgICAgICJSZXNvdXJjZSI6ICJhcm46YXdzOmVjMjoqOio6c2VjdXJpdHktZ3JvdXAvKiIsCiAgICAgICAgICAgICJDb25kaXRpb24iOiB7CiAgICAgICAgICAgICAgICAiU3RyaW5nRXF1YWxzIjogewogICAgICAgICAgICAgICAgICAgICJlYzI6Q3JlYXRlQWN0aW9uIjogIkNyZWF0ZVNlY3VyaXR5R3JvdXAiCiAgICAgICAgICAgICAgICB9LAogICAgICAgICAgICAgICAgIk51bGwiOiB7CiAgICAgICAgICAgICAgICAgICAgImF3czpSZXF1ZXN0VGFnL2VsYnYyLms4cy5hd3MvY2x1c3RlciI6ICJmYWxzZSIKICAgICAgICAgICAgICAgIH0KICAgICAgICAgICAgfQogICAgICAgIH0sCiAgICAgICAgewogICAgICAgICAgICAiRWZmZWN0IjogIkFsbG93IiwKICAgICAgICAgICAgIkFjdGlvbiI6IFsKICAgICAgICAgICAgICAgICJlYzI6Q3JlYXRlVGFncyIsCiAgICAgICAgICAgICAgICAiZWMyOkRlbGV0ZVRhZ3MiCiAgICAgICAgICAgIF0sCiAgICAgICAgICAgICJSZXNvdXJjZSI6ICJhcm46YXdzOmVjMjoqOio6c2VjdXJpdHktZ3JvdXAvKiIsCiAgICAgICAgICAgICJDb25kaXRpb24iOiB7CiAgICAgICAgICAgICAgICAiTnVsbCI6IHsKICAgICAgICAgICAgICAgICAgICAiYXdzOlJlcXVlc3RUYWcvZWxidjIuazhzLmF3cy9jbHVzdGVyIjogInRydWUiLAogICAgICAgICAgICAgICAgICAgICJhd3M6UmVzb3VyY2VUYWcvZWxidjIuazhzLmF3cy9jbHVzdGVyIjogImZhbHNlIgogICAgICAgICAgICAgICAgfQogICAgICAgICAgICB9CiAgICAgICAgfSwKICAgICAgICB7CiAgICAgICAgICAgICJFZmZlY3QiOiAiQWxsb3ciLAogICAgICAgICAgICAiQWN0aW9uIjogWwogICAgICAgICAgICAgICAgImVjMjpBdXRob3JpemVTZWN1cml0eUdyb3VwSW5ncmVzcyIsCiAgICAgICAgICAgICAgICAiZWMyOlJldm9rZVNlY3VyaXR5R3JvdXBJbmdyZXNzIiwKICAgICAgICAgICAgICAgICJlYzI6RGVsZXRlU2VjdXJpdHlHcm91cCIKICAgICAgICAgICAgXSwKICAgICAgICAgICAgIlJlc291cmNlIjogIioiLAogICAgICAgICAgICAiQ29uZGl0aW9uIjogewogICAgICAgICAgICAgICAgIk51bGwiOiB7CiAgICAgICAgICAgICAgICAgICAgImF3czpSZXNvdXJjZVRhZy9lbGJ2Mi5rOHMuYXdzL2NsdXN0ZXIiOiAiZmFsc2UiCiAgICAgICAgICAgICAgICB9CiAgICAgICAgICAgIH0KICAgICAgICB9LAogICAgICAgIHsKICAgICAgICAgICAgIkVmZmVjdCI6ICJBbGxvdyIsCiAgICAgICAgICAgICJBY3Rpb24iOiBbCiAgICAgICAgICAgICAgICAiZWxhc3RpY2xvYWRiYWxhbmNpbmc6Q3JlYXRlTG9hZEJhbGFuY2VyIiwKICAgICAgICAgICAgICAgICJlbGFzdGljbG9hZGJhbGFuY2luZzpDcmVhdGVUYXJnZXRHcm91cCIKICAgICAgICAgICAgXSwKICAgICAgICAgICAgIlJlc291cmNlIjogIioiLAogICAgICAgICAgICAiQ29uZGl0aW9uIjogewogICAgICAgICAgICAgICAgIk51bGwiOiB7CiAgICAgICAgICAgICAgICAgICAgImF3czpSZXF1ZXN0VGFnL2VsYnYyLms4cy5hd3MvY2x1c3RlciI6ICJmYWxzZSIKICAgICAgICAgICAgICAgIH0KICAgICAgICAgICAgfQogICAgICAgIH0sCiAgICAgICAgewogICAgICAgICAgICAiRWZmZWN0IjogIkFsbG93IiwKICAgICAgICAgICAgIkFjdGlvbiI6IFsKICAgICAgICAgICAgICAgICJlbGFzdGljbG9hZGJhbGFuY2luZzpDcmVhdGVMaXN0ZW5lciIsCiAgICAgICAgICAgICAgICAiZWxhc3RpY2xvYWRiYWxhbmNpbmc6RGVsZXRlTGlzdGVuZXIiLAogICAgICAgICAgICAgICAgImVsYXN0aWNsb2FkYmFsYW5jaW5nOkNyZWF0ZVJ1bGUiLAogICAgICAgICAgICAgICAgImVsYXN0aWNsb2FkYmFsYW5jaW5nOkRlbGV0ZVJ1bGUiCiAgICAgICAgICAgIF0sCiAgICAgICAgICAgICJSZXNvdXJjZSI6ICIqIgogICAgICAgIH0sCiAgICAgICAgewogICAgICAgICAgICAiRWZmZWN0IjogIkFsbG93IiwKICAgICAgICAgICAgIkFjdGlvbiI6IFsKICAgICAgICAgICAgICAgICJlbGFzdGljbG9hZGJhbGFuY2luZzpBZGRUYWdzIiwKICAgICAgICAgICAgICAgICJlbGFzdGljbG9hZGJhbGFuY2luZzpSZW1vdmVUYWdzIgogICAgICAgICAgICBdLAogICAgICAgICAgICAiUmVzb3VyY2UiOiBbCiAgICAgICAgICAgICAgICAiYXJuOmF3czplbGFzdGljbG9hZGJhbGFuY2luZzoqOio6dGFyZ2V0Z3JvdXAvKi8qIiwKICAgICAgICAgICAgICAgICJhcm46YXdzOmVsYXN0aWNsb2FkYmFsYW5jaW5nOio6Kjpsb2FkYmFsYW5jZXIvbmV0LyovKiIsCiAgICAgICAgICAgICAgICAiYXJuOmF3czplbGFzdGljbG9hZGJhbGFuY2luZzoqOio6bG9hZGJhbGFuY2VyL2FwcC8qLyoiCiAgICAgICAgICAgIF0sCiAgICAgICAgICAgICJDb25kaXRpb24iOiB7CiAgICAgICAgICAgICAgICAiTnVsbCI6IHsKICAgICAgICAgICAgICAgICAgICAiYXdzOlJlcXVlc3RUYWcvZWxidjIuazhzLmF3cy9jbHVzdGVyIjogInRydWUiLAogICAgICAgICAgICAgICAgICAgICJhd3M6UmVzb3VyY2VUYWcvZWxidjIuazhzLmF3cy9jbHVzdGVyIjogImZhbHNlIgogICAgICAgICAgICAgICAgfQogICAgICAgICAgICB9CiAgICAgICAgfSwKICAgICAgICB7CiAgICAgICAgICAgICJFZmZlY3QiOiAiQWxsb3ciLAogICAgICAgICAgICAiQWN0aW9uIjogWwogICAgICAgICAgICAgICAgImVsYXN0aWNsb2FkYmFsYW5jaW5nOkFkZFRhZ3MiLAogICAgICAgICAgICAgICAgImVsYXN0aWNsb2FkYmFsYW5jaW5nOlJlbW92ZVRhZ3MiCiAgICAgICAgICAgIF0sCiAgICAgICAgICAgICJSZXNvdXJjZSI6IFsKICAgICAgICAgICAgICAgICJhcm46YXdzOmVsYXN0aWNsb2FkYmFsYW5jaW5nOio6KjpsaXN0ZW5lci9uZXQvKi8qLyoiLAogICAgICAgICAgICAgICAgImFybjphd3M6ZWxhc3RpY2xvYWRiYWxhbmNpbmc6KjoqOmxpc3RlbmVyL2FwcC8qLyovKiIsCiAgICAgICAgICAgICAgICAiYXJuOmF3czplbGFzdGljbG9hZGJhbGFuY2luZzoqOio6bGlzdGVuZXItcnVsZS9uZXQvKi8qLyoiLAogICAgICAgICAgICAgICAgImFybjphd3M6ZWxhc3RpY2xvYWRiYWxhbmNpbmc6KjoqOmxpc3RlbmVyLXJ1bGUvYXBwLyovKi8qIgogICAgICAgICAgICBdCiAgICAgICAgfSwKICAgICAgICB7CiAgICAgICAgICAgICJFZmZlY3QiOiAiQWxsb3ciLAogICAgICAgICAgICAiQWN0aW9uIjogWwogICAgICAgICAgICAgICAgImVsYXN0aWNsb2FkYmFsYW5jaW5nOk1vZGlmeUxvYWRCYWxhbmNlckF0dHJpYnV0ZXMiLAogICAgICAgICAgICAgICAgImVsYXN0aWNsb2FkYmFsYW5jaW5nOlNldElwQWRkcmVzc1R5cGUiLAogICAgICAgICAgICAgICAgImVsYXN0aWNsb2FkYmFsYW5jaW5nOlNldFNlY3VyaXR5R3JvdXBzIiwKICAgICAgICAgICAgICAgICJlbGFzdGljbG9hZGJhbGFuY2luZzpTZXRTdWJuZXRzIiwKICAgICAgICAgICAgICAgICJlbGFzdGljbG9hZGJhbGFuY2luZzpEZWxldGVMb2FkQmFsYW5jZXIiLAogICAgICAgICAgICAgICAgImVsYXN0aWNsb2FkYmFsYW5jaW5nOk1vZGlmeVRhcmdldEdyb3VwIiwKICAgICAgICAgICAgICAgICJlbGFzdGljbG9hZGJhbGFuY2luZzpNb2RpZnlUYXJnZXRHcm91cEF0dHJpYnV0ZXMiLAogICAgICAgICAgICAgICAgImVsYXN0aWNsb2FkYmFsYW5jaW5nOkRlbGV0ZVRhcmdldEdyb3VwIiwKICAgICAgICAgICAgICAgICJlbGFzdGljbG9hZGJhbGFuY2luZzpNb2RpZnlMaXN0ZW5lckF0dHJpYnV0ZXMiLAogICAgICAgICAgICAgICAgImVsYXN0aWNsb2FkYmFsYW5jaW5nOk1vZGlmeUNhcGFjaXR5UmVzZXJ2YXRpb24iLAogICAgICAgICAgICAgICAgImVsYXN0aWNsb2FkYmFsYW5jaW5nOk1vZGlmeUlwUG9vbHMiCiAgICAgICAgICAgIF0sCiAgICAgICAgICAgICJSZXNvdXJjZSI6ICIqIiwKICAgICAgICAgICAgIkNvbmRpdGlvbiI6IHsKICAgICAgICAgICAgICAgICJOdWxsIjogewogICAgICAgICAgICAgICAgICAgICJhd3M6UmVzb3VyY2VUYWcvZWxidjIuazhzLmF3cy9jbHVzdGVyIjogImZhbHNlIgogICAgICAgICAgICAgICAgfQogICAgICAgICAgICB9CiAgICAgICAgfSwKICAgICAgICB7CiAgICAgICAgICAgICJFZmZlY3QiOiAiQWxsb3ciLAogICAgICAgICAgICAiQWN0aW9uIjogWwogICAgICAgICAgICAgICAgImVsYXN0aWNsb2FkYmFsYW5jaW5nOkFkZFRhZ3MiCiAgICAgICAgICAgIF0sCiAgICAgICAgICAgICJSZXNvdXJjZSI6IFsKICAgICAgICAgICAgICAgICJhcm46YXdzOmVsYXN0aWNsb2FkYmFsYW5jaW5nOio6Kjp0YXJnZXRncm91cC8qLyoiLAogICAgICAgICAgICAgICAgImFybjphd3M6ZWxhc3RpY2xvYWRiYWxhbmNpbmc6KjoqOmxvYWRiYWxhbmNlci9uZXQvKi8qIiwKICAgICAgICAgICAgICAgICJhcm46YXdzOmVsYXN0aWNsb2FkYmFsYW5jaW5nOio6Kjpsb2FkYmFsYW5jZXIvYXBwLyovKiIKICAgICAgICAgICAgXSwKICAgICAgICAgICAgIkNvbmRpdGlvbiI6IHsKICAgICAgICAgICAgICAgICJTdHJpbmdFcXVhbHMiOiB7CiAgICAgICAgICAgICAgICAgICAgImVsYXN0aWNsb2FkYmFsYW5jaW5nOkNyZWF0ZUFjdGlvbiI6IFsKICAgICAgICAgICAgICAgICAgICAgICAgIkNyZWF0ZVRhcmdldEdyb3VwIiwKICAgICAgICAgICAgICAgICAgICAgICAgIkNyZWF0ZUxvYWRCYWxhbmNlciIKICAgICAgICAgICAgICAgICAgICBdCiAgICAgICAgICAgICAgICB9LAogICAgICAgICAgICAgICAgIk51bGwiOiB7CiAgICAgICAgICAgICAgICAgICAgImF3czpSZXF1ZXN0VGFnL2VsYnYyLms4cy5hd3MvY2x1c3RlciI6ICJmYWxzZSIKICAgICAgICAgICAgICAgIH0KICAgICAgICAgICAgfQogICAgICAgIH0sCiAgICAgICAgewogICAgICAgICAgICAiRWZmZWN0IjogIkFsbG93IiwKICAgICAgICAgICAgIkFjdGlvbiI6IFsKICAgICAgICAgICAgICAgICJlbGFzdGljbG9hZGJhbGFuY2luZzpSZWdpc3RlclRhcmdldHMiLAogICAgICAgICAgICAgICAgImVsYXN0aWNsb2FkYmFsYW5jaW5nOkRlcmVnaXN0ZXJUYXJnZXRzIgogICAgICAgICAgICBdLAogICAgICAgICAgICAiUmVzb3VyY2UiOiAiYXJuOmF3czplbGFzdGljbG9hZGJhbGFuY2luZzoqOio6dGFyZ2V0Z3JvdXAvKi8qIgogICAgICAgIH0sCiAgICAgICAgewogICAgICAgICAgICAiRWZmZWN0IjogIkFsbG93IiwKICAgICAgICAgICAgIkFjdGlvbiI6IFsKICAgICAgICAgICAgICAgICJlbGFzdGljbG9hZGJhbGFuY2luZzpTZXRXZWJBY2wiLAogICAgICAgICAgICAgICAgImVsYXN0aWNsb2FkYmFsYW5jaW5nOk1vZGlmeUxpc3RlbmVyIiwKICAgICAgICAgICAgICAgICJlbGFzdGljbG9hZGJhbGFuY2luZzpBZGRMaXN0ZW5lckNlcnRpZmljYXRlcyIsCiAgICAgICAgICAgICAgICAiZWxhc3RpY2xvYWRiYWxhbmNpbmc6UmVtb3ZlTGlzdGVuZXJDZXJ0aWZpY2F0ZXMiLAogICAgICAgICAgICAgICAgImVsYXN0aWNsb2FkYmFsYW5jaW5nOk1vZGlmeVJ1bGUiLAogICAgICAgICAgICAgICAgImVsYXN0aWNsb2FkYmFsYW5jaW5nOlNldFJ1bGVQcmlvcml0aWVzIgogICAgICAgICAgICBdLAogICAgICAgICAgICAiUmVzb3VyY2UiOiAiKiIKICAgICAgICB9CiAgICBdCn0K",
            "response_headers": {
              "Accept-Ranges": "bytes",
              "Access-Control-Allow-Origin": "*",
              "Cache-Control": "max-age=300",
              "Content-Security-Policy": "default-src 'none'; style-src 'unsafe-inline'; sandbox",
              "Content-Type": "text/plain; charset=utf-8",
              "Cross-Origin-Resource-Policy": "cross-origin",
              "Date": "Fri, 26 Dec 2025 08:10:09 GMT",
              "Etag": "W/\"fdd2b7ea9078f229b33fd62f6921a3fab5fcd8d6c460d019e744fcf7cacd075e\"",
              "Expires": "Fri, 26 Dec 2025 08:15:09 GMT",
              "Source-Age": "288",
              "Strict-Transport-Security": "max-age=31536000",
              "Vary": "Authorization,Accept-Encoding",
              "Via": "1.1 varnish",
              "X-Cache": "HIT",
              "X-Cache-Hits": "0",
              "X-Content-Type-Options": "nosniff",
              "X-Fastly-Request-Id": "aa8fa27c6a56810abab211cc27498d4230011725",
              "X-Frame-Options": "deny",
              "X-Github-Request-Id": "6C6C:12516:765C6B:EADB1F:694E384A",
              "X-Served-By": "cache-bom-vanm7210042-BOM",
              "X-Timer": "S1766736609.107221,VS0,VE0",
              "X-Xss-Protection": "1; mode=block"
            },
            "retry": null,
            "status_code": 200,
            "url": "https://raw.githubusercontent.com/kubernetes-sigs/aws-load-balancer-controller/main/docs/install/iam_policy.json"
          },
          "sensitive_attributes": [],
          "identity_schema_version": 0
        }
      ]
    },
    {
      "mode": "data",
      "type": "tls_certificate",
      "name": "eks",
      "provider": "provider[\"registry.terraform.io/hashicorp/tls\"]",
      "instances": [
        {
          "schema_version": 0,
          "attributes": {
            "certificates": [
              {
                "cert_pem": "-----BEGIN CERTIFICATE-----\nMIIEkjCCA3qgAwIBAgITBn+USionzfP6wq4rAfkI7rnExjANBgkqhkiG9w0BAQsF\nADCBmDELMAkGA1UEBhMCVVMxEDAOBgNVBAgTB0FyaXpvbmExEzARBgNVBAcTClNj\nb3R0c2RhbGUxJTAjBgNVBAoTHFN0YXJmaWVsZCBUZWNobm9sb2dpZXMsIEluYy4x\nOzA5BgNVBAMTMlN0YXJmaWVsZCBTZXJ2aWNlcyBSb290IENlcnRpZmljYXRlIEF1\ndGhvcml0eSAtIEcyMB4XDTE1MDUyNTEyMDAwMFoXDTM3MTIzMTAxMDAwMFowOTEL\nMAkGA1UEBhMCVVMxDzANBgNVBAoTBkFtYXpvbjEZMBcGA1UEAxMQQW1hem9uIFJv\nb3QgQ0EgMTCCASIwDQYJKoZIhvcNAQEBBQADggEPADCCAQoCggEBALJ4gHHKeNXj\nca9HgFB0fW7Y14h29Jlo91ghYPl0hAEvrAIthtOgQ3pOsqTQNroBvo3bSMgHFzZM\n9O6II8c+6zf1tRn4SWiw3te5djgdYZ6k/oI2peVKVuRF4fn9tBb6dNqcmzU5L/qw\nIFAGbHrQgLKm+a/sRxmPUDgH3KKHOVj4utWp+UhnMJbulHheb4mjUcAwhmahRWa6\nVOujw5H5SNz/0egwLX0tdHA114gk957EWW67c4cX8jJGKLhD+rcdqsq08p8kDi1L\n93FcXmn/6pUCyziKrlA4b9v7LWIbxcceVOF34GfID5yHI9Y/QCB/IIDEgEw+OyQm\njgSubJrIqg0CAwEAAaOCATEwggEtMA8GA1UdEwEB/wQFMAMBAf8wDgYDVR0PAQH/\nBAQDAgGGMB0GA1UdDgQWBBSEGMyFNOy8DJSULghZnMeyEE4KCDAfBgNVHSMEGDAW\ngBScXwDfqgHXMCs4iKK4bUqc8hGRgzB4BggrBgEFBQcBAQRsMGowLgYIKwYBBQUH\nMAGGImh0dHA6Ly9vY3NwLnJvb3RnMi5hbWF6b250cnVzdC5jb20wOAYIKwYBBQUH\nMAKGLGh0dHA6Ly9jcnQucm9vdGcyLmFtYXpvbnRydXN0LmNvbS9yb290ZzIuY2Vy\nMD0GA1UdHwQ2MDQwMqAwoC6GLGh0dHA6Ly9jcmwucm9vdGcyLmFtYXpvbnRydXN0\nLmNvbS9yb290ZzIuY3JsMBEGA1UdIAQKMAgwBgYEVR0gADANBgkqhkiG9w0BAQsF\nAAOCAQEAYjdCXLwQtT6LLOkMm2xF4gcAevnFWAu5CIw+7bMlPLVvUOTNNWqnkzSW\nMiGpSESrnO09tKpzbeR/FoCJbM8oAxiDR3mjEH4wW6w7sGDgd9QIpuEdfF7Au/ma\neyKdpwAJfqxGF4PcnCZXmTA5YpaP7dreqsXMGz7KQ2hsVxa81Q4gLv7/wmpdLqBK\nbRRYh5TmOTFffHPLkIhqhBGWJ6bt2YFGpn6jcgAKUj6DiAdjd4lpFw85hdKrCEVN\n0FE6/V1dN2RMfjCyVSRCnTawXZwXgWHxyvkQAiSr6w10kY17RSlQOYiypok1JR4U\nakcjMS9cmvqtmg5iUaQqqcT5NJ0hGA==\n-----END CERTIFICATE-----\n",
                "is_ca": true,
                "issuer": "CN=Starfield Services Root Certificate Authority - G2,O=Starfield Technologies\\, Inc.,L=Scottsdale,ST=Arizona,C=US",
                "not_after": "2037-12-31T01:00:00Z",
                "not_before": "2015-05-25T12:00:00Z",
                "public_key_algorithm": "RSA",
                "serial_number": "144918191876577076464031512351042010504348870",
                "sha1_fingerprint": "06b25927c42a721631c1efd9431e648fa62e1e39",
                "signature_algorithm": "SHA256-RSA",
                "subject": "CN=Amazon Root CA 1,O=Amazon,C=US",
                "version": 3
              },
              {
                "cert_pem": "-----BEGIN CERTIFICATE-----\nMIIEXjCCA0agAwIBAgITB3MSTyqVLj7Rili9uF0bwM5fJzANBgkqhkiG9w0BAQsF\nADA5MQswCQYDVQQGEwJVUzEPMA0GA1UEChMGQW1hem9uMRkwFwYDVQQDExBBbWF6\nb24gUm9vdCBDQSAxMB4XDTIyMDgyMzIyMjYzNVoXDTMwMDgyMzIyMjYzNVowPDEL\nMAkGA1UEBhMCVVMxDzANBgNVBAoTBkFtYXpvbjEcMBoGA1UEAxMTQW1hem9uIFJT\nQSAyMDQ4IE0wNDCCASIwDQYJKoZIhvcNAQEBBQADggEPADCCAQoCggEBAM3pVR6A\nlQOp4xe776FdePXyejgA38mYx1ou9/jrpV6Sfn+/oqBKgwhY6ePsQHHQayWBJdBn\nv4Wz363qRI4XUh9swBFJ11TnZ3LqOMvHmWq2+loA0QPtOfXdJ2fHBLrBrngtJ/GB\n0p5olAVYrSZgvQGP16Rf8ddtNyxEEhYm3HuhmNi+vSeAq1tLYJPAvRCXonTpWdSD\nxY6hvdmxlqTYi82AtBXSfpGQ58HHM0hw0C6aQakghrwWi5fGslLOqzpimNMIsT7c\nqa0GJx6JfKqJqmQQNplO2h8n9ZsFJgBowof01ppdoLAWg6caMOM0om/VILKaa30F\n9W/r8Qjah7ltGVkCAwEAAaOCAVowggFWMBIGA1UdEwEB/wQIMAYBAf8CAQAwDgYD\nVR0PAQH/BAQDAgGGMB0GA1UdJQQWMBQGCCsGAQUFBwMBBggrBgEFBQcDAjAdBgNV\nHQ4EFgQUH1KSYVaCVH+BZtgdPQqqMlyH3QgwHwYDVR0jBBgwFoAUhBjMhTTsvAyU\nlC4IWZzHshBOCggwewYIKwYBBQUHAQEEbzBtMC8GCCsGAQUFBzABhiNodHRwOi8v\nb2NzcC5yb290Y2ExLmFtYXpvbnRydXN0LmNvbTA6BggrBgEFBQcwAoYuaHR0cDov\nL2NydC5yb290Y2ExLmFtYXpvbnRydXN0LmNvbS9yb290Y2ExLmNlcjA/BgNVHR8E\nODA2MDSgMqAwhi5odHRwOi8vY3JsLnJvb3RjYTEuYW1hem9udHJ1c3QuY29tL3Jv\nb3RjYTEuY3JsMBMGA1UdIAQMMAowCAYGZ4EMAQIBMA0GCSqGSIb3DQEBCwUAA4IB\nAQA+1O5UsAaNuW3lHzJtpNGwBnZd9QEYFtxpiAnIaV4qApnGS9OCw5ZPwie7YSlD\nZF5yyFPsFhUC2Q9uJHY/CRV1b5hIiGH0+6+w5PgKiY1MWuWT8VAaJjFxvuhM7a/e\nfN2TIw1Wd6WCl6YRisunjQOrSP+unqC8A540JNyZ1JOE3jVqat3OZBGgMvihdj2w\nY23EpwesrKiQzkHzmvSH67PVW4ycbPy08HVZnBxZ5NrlGG9bwXR3fNTaz+c+Ej6c\n5AnwI3qkOFgSkg3Y75cdFz6pO/olK+e3AqygAcv0WjzmkDPuBjssuZjCHMC56oH3\nGJkV29Di2j5prHJbwZjG1inU\n-----END CERTIFICATE-----\n",
                "is_ca": true,
                "issuer": "CN=Amazon Root CA 1,O=Amazon,C=US",
                "not_after": "2030-08-23T22:26:35Z",
                "not_before": "2022-08-23T22:26:35Z",
                "public_key_algorithm": "RSA",
                "serial_number": "166129359584585245282080020727744908546170663",
                "sha1_fingerprint": "e7b8b5a6743ce1b2f17b041de59558a41472d70c",
                "signature_algorithm": "SHA256-RSA",
                "subject": "CN=Amazon RSA 2048 M04,O=Amazon,C=US",
                "version": 3
              },
              {
                "cert_pem": "-----BEGIN CERTIFICATE-----\nMIIF5zCCBM+gAwIBAgIQCKWrXsqK18Q2YLMwlIpxvzANBgkqhkiG9w0BAQsFADA8\nMQswCQYDVQQGEwJVUzEPMA0GA1UEChMGQW1hem9uMRwwGgYDVQQDExNBbWF6b24g\nUlNBIDIwNDggTTA0MB4XDTI1MDQxNjAwMDAwMFoXDTI2MDMyNzIzNTk1OVowKTEn\nMCUGA1UEAwweKi5la3MuYXAtc291dGgtMS5hbWF6b25hd3MuY29tMIIBIjANBgkq\nhkiG9w0BAQEFAAOCAQ8AMIIBCgKCAQEAsF3UBE6MwBL0R1uu17hiu8kFhYQLKvUD\nmt2lrJOJ2qOvXqNbqLVhmjX6JH5G0YvvxdRSTXFerdAR6UFa46OFBYGCP1M2gna1\nUVwbfNMLv1ojSDUMdH9zU7uBpml/wyIYLJWK+/HphFvRwuOATTnF9aD3asi3vxcP\nwDr4GUh70ELRQxMCeFoPqNOHLm/uvVDPp8o0Qw/s0E1PJjqtIbHndXnqO825Sa9D\nqyDbrvpbPkZVQKZDJXs+TaLkHFr5iy5krTxTIxENsSpxxVsCxMwvN2R9xHV9lAY9\nm7hMLEMOvDeKJTxdBL4CSMZoj+MDQ1R8YLK/QTy+ChhKmvO5+BixIwIDAQABo4IC\n9jCCAvIwHwYDVR0jBBgwFoAUH1KSYVaCVH+BZtgdPQqqMlyH3QgwHQYDVR0OBBYE\nFMqHKfGG5cSRYsHiU/Ts0ST2PXi4MCkGA1UdEQQiMCCCHiouZWtzLmFwLXNvdXRo\nLTEuYW1hem9uYXdzLmNvbTATBgNVHSAEDDAKMAgGBmeBDAECATAOBgNVHQ8BAf8E\nBAMCBaAwHQYDVR0lBBYwFAYIKwYBBQUHAwEGCCsGAQUFBwMCMDsGA1UdHwQ0MDIw\nMKAuoCyGKmh0dHA6Ly9jcmwucjJtMDQuYW1hem9udHJ1c3QuY29tL3IybTA0LmNy\nbDB1BggrBgEFBQcBAQRpMGcwLQYIKwYBBQUHMAGGIWh0dHA6Ly9vY3NwLnIybTA0\nLmFtYXpvbnRydXN0LmNvbTA2BggrBgEFBQcwAoYqaHR0cDovL2NydC5yMm0wNC5h\nbWF6b250cnVzdC5jb20vcjJtMDQuY2VyMAwGA1UdEwEB/wQCMAAwggF9BgorBgEE\nAdZ5AgQCBIIBbQSCAWkBZwB2AA5XlLzzrqk+MxssmQez95Dfm8I9cTIl3SGpJaxh\nxU4hAAABlkCtjWIAAAQDAEcwRQIgdDsdr0eh/E6MSJ0W23I7HAUHIeRF9oPeUZH2\ni81/lUkCIQC1sbnmY/5My2XPHy6l4qHypypeFJWYUw98Crc+VldDlwB2AEmcm2ne\nHXzs/DbezYdkprhbrwqHgBnRVVL76esp3fjDAAABlkCtjawAAAQDAEcwRQIgAJjH\nDzPBPhT+A0bQY9BsMSi4rTtvVx+LdeLREmnu954CIQDUMFMlVIX45vU81ornb5Ea\nSjKskF0gT4MYtGyUAqKsGAB1AMs49xWJfIShRF9bwd37yW7ymlnNRwppBYWwyxTD\nFFjnAAABlkCtjWYAAAQDAEYwRAIgaw/Er8mSKbVHWf9gk0mmzqVSKgEUwwRTju8l\nUVvXUugCIARH59A1fykBTIHvGmd/bkPEmbc4WfCDO9BrJAaXieV4MA0GCSqGSIb3\nDQEBCwUAA4IBAQCfW7NAlIgXrWFKbq9KFyCjCw2iQZiwyZAlXcFruvwCgYy2jzzT\nwW1CqE50vx/q2RxHQPrSCvhnnh2UnB3EU8Ye+xX4Q/drEgNFcJWP1A3Ry38hlOcq\nZe9F6ZHcmZPf/JzU80hp7wMqhgE8L6c3w2a80OCcTftZFKfyvBkMcTKAvdjPU04E\nt+NXWizenXUFWFYOaHwwCjjIMzKWf6ttfWsQu88oToPLHknveSDclnW65oCTAkti\nkJQiury7gFh5AxQQK7jH+4xiwupeJmOkVQxlr4uLx1S29ztjja74ccPIdBVrlMuP\nWcqFPgS342Qf8girED9FL65ldFWLoV6+krzN\n-----END CERTIFICATE-----\n",
                "is_ca": false,
                "issuer": "CN=Amazon RSA 2048 M04,O=Amazon,C=US",
                "not_after": "2026-03-27T23:59:59Z",
                "not_before": "2025-04-16T00:00:00Z",
                "public_key_algorithm": "RSA",
                "serial_number": "11494028750110896993720723976017834431",
                "sha1_fingerprint": "6f4c138f25d854e1a619a34967d7448eecc899f8",
                "signature_algorithm": "SHA256-RSA",
                "subject": "CN=*.eks.ap-south-1.amazonaws.com",
                "version": 3
              }
            ],
            "content": null,
            "id": "2efe2bc0b862928b4aefe315c4a10c4ad5223ff5",
            "url": "https://oidc.eks.ap-south-1.amazonaws.com/id/74EC2B262968E0D6F84BF2DA6FF8C014",
            "verify_chain": true
          },
          "sensitive_attributes": [],
          "identity_schema_version": 0
        }
      ]
    },
    {
      "mode": "managed",
      "type": "aws_ec2_instance_state",
      "name": "bastion_state",
      "provider": "provider[\"registry.terraform.io/hashicorp/aws\"].mumbai",
      "instances": [
        {
          "schema_version": 0,
          "attributes": {
            "force": false,
            "id": "i-087b0e7189b7109e9",
            "instance_id": "i-087b0e7189b7109e9",
            "state": "running",
            "timeouts": null
          },
          "sensitive_attributes": [],
          "identity_schema_version": 0,
          "private": "eyJlMmJmYjczMC1lY2FhLTExZTYtOGY4OC0zNDM2M2JjN2M0YzAiOnsiY3JlYXRlIjo2MDAwMDAwMDAwMDAsImRlbGV0ZSI6NjAwMDAwMDAwMDAsInVwZGF0ZSI6NjAwMDAwMDAwMDAwfX0=",
          "dependencies": [
            "aws_instance.bastion",
            "aws_key_pair.bastion_auth",
            "aws_security_group.bastion_sg",
            "aws_subnet.public",
            "aws_vpc.main",
            "data.aws_availability_zones.available",
            "tls_private_key.bastion_key"
          ]
        }
      ]
    },
    {
      "mode": "managed",
      "type": "aws_ecr_lifecycle_policy",
      "name": "cleanup_policy",
      "provider": "provider[\"registry.terraform.io/hashicorp/aws\"]",
      "instances": [
        {
          "index_key": "document-classification",
          "schema_version": 0,
          "attributes": {
            "id": "document-classification",
            "policy": "{\"rules\":[{\"action\":{\"type\":\"expire\"},\"description\":\"Keep last 10 images\",\"rulePriority\":1,\"selection\":{\"countNumber\":10,\"countType\":\"imageCountMoreThan\",\"tagStatus\":\"any\"}}]}",
            "registry_id": "010438478476",
            "repository": "document-classification"
          },
          "sensitive_attributes": [],
          "identity_schema_version": 0,
          "private": "bnVsbA==",
          "dependencies": [
            "aws_ecr_repository.app_repos"
          ]
        },
        {
          "index_key": "field-extraction",
          "schema_version": 0,
          "attributes": {
            "id": "field-extraction",
            "policy": "{\"rules\":[{\"action\":{\"type\":\"expire\"},\"description\":\"Keep last 10 images\",\"rulePriority\":1,\"selection\":{\"countNumber\":10,\"countType\":\"imageCountMoreThan\",\"tagStatus\":\"any\"}}]}",
            "registry_id": "010438478476",
            "repository": "field-extraction"
          },
          "sensitive_attributes": [],
          "identity_schema_version": 0,
          "private": "bnVsbA==",
          "dependencies": [
            "aws_ecr_repository.app_repos"
          ]
        },
        {
          "index_key": "frame",
          "schema_version": 0,
          "attributes": {
            "id": "frame",
            "policy": "{\"rules\":[{\"action\":{\"type\":\"expire\"},\"description\":\"Keep last 10 images\",\"rulePriority\":1,\"selection\":{\"countNumber\":10,\"countType\":\"imageCountMoreThan\",\"tagStatus\":\"any\"}}]}",
            "registry_id": "010438478476",
            "repository": "frame"
          },
          "sensitive_attributes": [],
          "identity_schema_version": 0,
          "private": "bnVsbA==",
          "dependencies": [
            "aws_ecr_repository.app_repos"
          ]
        },
        {
          "index_key": "frontend",
          "schema_version": 0,
          "attributes": {
            "id": "frontend",
            "policy": "{\"rules\":[{\"action\":{\"type\":\"expire\"},\"description\":\"Keep last 10 images\",\"rulePriority\":1,\"selection\":{\"countNumber\":10,\"countType\":\"imageCountMoreThan\",\"tagStatus\":\"any\"}}]}",
            "registry_id": "010438478476",
            "repository": "frontend"
          },
          "sensitive_attributes": [],
          "identity_schema_version": 0,
          "private": "bnVsbA==",
          "dependencies": [
            "aws_ecr_repository.app_repos"
          ]
        },
        {
          "index_key": "gateway",
          "schema_version": 0,
          "attributes": {
            "id": "gateway",
            "policy": "{\"rules\":[{\"action\":{\"type\":\"expire\"},\"description\":\"Keep last 10 images\",\"rulePriority\":1,\"selection\":{\"countNumber\":10,\"countType\":\"imageCountMoreThan\",\"tagStatus\":\"any\"}}]}",
            "registry_id": "010438478476",
            "repository": "gateway"
          },
          "sensitive_attributes": [],
          "identity_schema_version": 0,
          "private": "bnVsbA==",
          "dependencies": [
            "aws_ecr_repository.app_repos"
          ]
        },
        {
          "index_key": "page-classification",
          "schema_version": 0,
          "attributes": {
            "id": "page-classification",
            "policy": "{\"rules\":[{\"action\":{\"type\":\"expire\"},\"description\":\"Keep last 10 images\",\"rulePriority\":1,\"selection\":{\"countNumber\":10,\"countType\":\"imageCountMoreThan\",\"tagStatus\":\"any\"}}]}",
            "registry_id": "010438478476",
            "repository": "page-classification"
          },
          "sensitive_attributes": [],
          "identity_schema_version": 0,
          "private": "bnVsbA==",
          "dependencies": [
            "aws_ecr_repository.app_repos"
          ]
        },
        {
          "index_key": "text-extraction",
          "schema_version": 0,
          "attributes": {
            "id": "text-extraction",
            "policy": "{\"rules\":[{\"action\":{\"type\":\"expire\"},\"description\":\"Keep last 10 images\",\"rulePriority\":1,\"selection\":{\"countNumber\":10,\"countType\":\"imageCountMoreThan\",\"tagStatus\":\"any\"}}]}",
            "registry_id": "010438478476",
            "repository": "text-extraction"
          },
          "sensitive_attributes": [],
          "identity_schema_version": 0,
          "private": "bnVsbA==",
          "dependencies": [
            "aws_ecr_repository.app_repos"
          ]
        },
        {
          "index_key": "validus",
          "schema_version": 0,
          "attributes": {
            "id": "validus",
            "policy": "{\"rules\":[{\"action\":{\"type\":\"expire\"},\"description\":\"Keep last 10 images\",\"rulePriority\":1,\"selection\":{\"countNumber\":10,\"countType\":\"imageCountMoreThan\",\"tagStatus\":\"any\"}}]}",
            "registry_id": "010438478476",
            "repository": "validus"
          },
          "sensitive_attributes": [],
          "identity_schema_version": 0,
          "private": "bnVsbA==",
          "dependencies": [
            "aws_ecr_repository.app_repos"
          ]
        }
      ]
    },
    {
      "mode": "managed",
      "type": "aws_ecr_repository",
      "name": "app_repos",
      "provider": "provider[\"registry.terraform.io/hashicorp/aws\"]",
      "instances": [
        {
          "index_key": "document-classification",
          "schema_version": 0,
          "attributes": {
            "arn": "arn:aws:ecr:ap-south-1:010438478476:repository/document-classification",
            "encryption_configuration": [
              {
                "encryption_type": "AES256",
                "kms_key": ""
              }
            ],
            "force_delete": null,
            "id": "document-classification",
            "image_scanning_configuration": [
              {
                "scan_on_push": true
              }
            ],
            "image_tag_mutability": "MUTABLE",
            "name": "document-classification",
            "registry_id": "010438478476",
            "repository_url": "010438478476.dkr.ecr.ap-south-1.amazonaws.com/document-classification",
            "tags": {
              "Environment": "Fvrk-dev",
              "Name": "document-classification"
            },
            "tags_all": {
              "Environment": "Fvrk-dev",
              "Name": "document-classification"
            },
            "timeouts": null
          },
          "sensitive_attributes": [],
          "identity_schema_version": 0,
          "private": "eyJlMmJmYjczMC1lY2FhLTExZTYtOGY4OC0zNDM2M2JjN2M0YzAiOnsiZGVsZXRlIjoxMjAwMDAwMDAwMDAwfX0="
        },
        {
          "index_key": "field-extraction",
          "schema_version": 0,
          "attributes": {
            "arn": "arn:aws:ecr:ap-south-1:010438478476:repository/field-extraction",
            "encryption_configuration": [
              {
                "encryption_type": "AES256",
                "kms_key": ""
              }
            ],
            "force_delete": null,
            "id": "field-extraction",
            "image_scanning_configuration": [
              {
                "scan_on_push": true
              }
            ],
            "image_tag_mutability": "MUTABLE",
            "name": "field-extraction",
            "registry_id": "010438478476",
            "repository_url": "010438478476.dkr.ecr.ap-south-1.amazonaws.com/field-extraction",
            "tags": {
              "Environment": "Fvrk-dev",
              "Name": "field-extraction"
            },
            "tags_all": {
              "Environment": "Fvrk-dev",
              "Name": "field-extraction"
            },
            "timeouts": null
          },
          "sensitive_attributes": [],
          "identity_schema_version": 0,
          "private": "eyJlMmJmYjczMC1lY2FhLTExZTYtOGY4OC0zNDM2M2JjN2M0YzAiOnsiZGVsZXRlIjoxMjAwMDAwMDAwMDAwfX0="
        },
        {
          "index_key": "frame",
          "schema_version": 0,
          "attributes": {
            "arn": "arn:aws:ecr:ap-south-1:010438478476:repository/frame",
            "encryption_configuration": [
              {
                "encryption_type": "AES256",
                "kms_key": ""
              }
            ],
            "force_delete": null,
            "id": "frame",
            "image_scanning_configuration": [
              {
                "scan_on_push": true
              }
            ],
            "image_tag_mutability": "MUTABLE",
            "name": "frame",
            "registry_id": "010438478476",
            "repository_url": "010438478476.dkr.ecr.ap-south-1.amazonaws.com/frame",
            "tags": {
              "Environment": "Fvrk-dev",
              "Name": "frame"
            },
            "tags_all": {
              "Environment": "Fvrk-dev",
              "Name": "frame"
            },
            "timeouts": null
          },
          "sensitive_attributes": [],
          "identity_schema_version": 0,
          "private": "eyJlMmJmYjczMC1lY2FhLTExZTYtOGY4OC0zNDM2M2JjN2M0YzAiOnsiZGVsZXRlIjoxMjAwMDAwMDAwMDAwfX0="
        },
        {
          "index_key": "frontend",
          "schema_version": 0,
          "attributes": {
            "arn": "arn:aws:ecr:ap-south-1:010438478476:repository/frontend",
            "encryption_configuration": [
              {
                "encryption_type": "AES256",
                "kms_key": ""
              }
            ],
            "force_delete": null,
            "id": "frontend",
            "image_scanning_configuration": [
              {
                "scan_on_push": true
              }
            ],
            "image_tag_mutability": "MUTABLE",
            "name": "frontend",
            "registry_id": "010438478476",
            "repository_url": "010438478476.dkr.ecr.ap-south-1.amazonaws.com/frontend",
            "tags": {
              "Environment": "Fvrk-dev",
              "Name": "frontend"
            },
            "tags_all": {
              "Environment": "Fvrk-dev",
              "Name": "frontend"
            },
            "timeouts": null
          },
          "sensitive_attributes": [],
          "identity_schema_version": 0,
          "private": "eyJlMmJmYjczMC1lY2FhLTExZTYtOGY4OC0zNDM2M2JjN2M0YzAiOnsiZGVsZXRlIjoxMjAwMDAwMDAwMDAwfX0="
        },
        {
          "index_key": "gateway",
          "schema_version": 0,
          "attributes": {
            "arn": "arn:aws:ecr:ap-south-1:010438478476:repository/gateway",
            "encryption_configuration": [
              {
                "encryption_type": "AES256",
                "kms_key": ""
              }
            ],
            "force_delete": null,
            "id": "gateway",
            "image_scanning_configuration": [
              {
                "scan_on_push": true
              }
            ],
            "image_tag_mutability": "MUTABLE",
            "name": "gateway",
            "registry_id": "010438478476",
            "repository_url": "010438478476.dkr.ecr.ap-south-1.amazonaws.com/gateway",
            "tags": {
              "Environment": "Fvrk-dev",
              "Name": "gateway"
            },
            "tags_all": {
              "Environment": "Fvrk-dev",
              "Name": "gateway"
            },
            "timeouts": null
          },
          "sensitive_attributes": [],
          "identity_schema_version": 0,
          "private": "eyJlMmJmYjczMC1lY2FhLTExZTYtOGY4OC0zNDM2M2JjN2M0YzAiOnsiZGVsZXRlIjoxMjAwMDAwMDAwMDAwfX0="
        },
        {
          "index_key": "page-classification",
          "schema_version": 0,
          "attributes": {
            "arn": "arn:aws:ecr:ap-south-1:010438478476:repository/page-classification",
            "encryption_configuration": [
              {
                "encryption_type": "AES256",
                "kms_key": ""
              }
            ],
            "force_delete": null,
            "id": "page-classification",
            "image_scanning_configuration": [
              {
                "scan_on_push": true
              }
            ],
            "image_tag_mutability": "MUTABLE",
            "name": "page-classification",
            "registry_id": "010438478476",
            "repository_url": "010438478476.dkr.ecr.ap-south-1.amazonaws.com/page-classification",
            "tags": {
              "Environment": "Fvrk-dev",
              "Name": "page-classification"
            },
            "tags_all": {
              "Environment": "Fvrk-dev",
              "Name": "page-classification"
            },
            "timeouts": null
          },
          "sensitive_attributes": [],
          "identity_schema_version": 0,
          "private": "eyJlMmJmYjczMC1lY2FhLTExZTYtOGY4OC0zNDM2M2JjN2M0YzAiOnsiZGVsZXRlIjoxMjAwMDAwMDAwMDAwfX0="
        },
        {
          "index_key": "text-extraction",
          "schema_version": 0,
          "attributes": {
            "arn": "arn:aws:ecr:ap-south-1:010438478476:repository/text-extraction",
            "encryption_configuration": [
              {
                "encryption_type": "AES256",
                "kms_key": ""
              }
            ],
            "force_delete": null,
            "id": "text-extraction",
            "image_scanning_configuration": [
              {
                "scan_on_push": true
              }
            ],
            "image_tag_mutability": "MUTABLE",
            "name": "text-extraction",
            "registry_id": "010438478476",
            "repository_url": "010438478476.dkr.ecr.ap-south-1.amazonaws.com/text-extraction",
            "tags": {
              "Environment": "Fvrk-dev",
              "Name": "text-extraction"
            },
            "tags_all": {
              "Environment": "Fvrk-dev",
              "Name": "text-extraction"
            },
            "timeouts": null
          },
          "sensitive_attributes": [],
          "identity_schema_version": 0,
          "private": "eyJlMmJmYjczMC1lY2FhLTExZTYtOGY4OC0zNDM2M2JjN2M0YzAiOnsiZGVsZXRlIjoxMjAwMDAwMDAwMDAwfX0="
        },
        {
          "index_key": "validus",
          "schema_version": 0,
          "attributes": {
            "arn": "arn:aws:ecr:ap-south-1:010438478476:repository/validus",
            "encryption_configuration": [
              {
                "encryption_type": "AES256",
                "kms_key": ""
              }
            ],
            "force_delete": null,
            "id": "validus",
            "image_scanning_configuration": [
              {
                "scan_on_push": true
              }
            ],
            "image_tag_mutability": "MUTABLE",
            "name": "validus",
            "registry_id": "010438478476",
            "repository_url": "010438478476.dkr.ecr.ap-south-1.amazonaws.com/validus",
            "tags": {
              "Environment": "Fvrk-dev",
              "Name": "validus"
            },
            "tags_all": {
              "Environment": "Fvrk-dev",
              "Name": "validus"
            },
            "timeouts": null
          },
          "sensitive_attributes": [],
          "identity_schema_version": 0,
          "private": "eyJlMmJmYjczMC1lY2FhLTExZTYtOGY4OC0zNDM2M2JjN2M0YzAiOnsiZGVsZXRlIjoxMjAwMDAwMDAwMDAwfX0="
        }
      ]
    },
    {
      "mode": "managed",
      "type": "aws_efs_file_system",
      "name": "aithon_efs",
      "provider": "provider[\"registry.terraform.io/hashicorp/aws\"]",
      "instances": [
        {
          "schema_version": 0,
          "attributes": {
            "arn": "arn:aws:elasticfilesystem:ap-south-1:010438478476:file-system/fs-0b0c5cb6548acf03c",
            "availability_zone_id": "",
            "availability_zone_name": "",
            "creation_token": "aithon-general-data",
            "dns_name": "fs-0b0c5cb6548acf03c.efs.ap-south-1.amazonaws.com",
            "encrypted": true,
            "id": "fs-0b0c5cb6548acf03c",
            "kms_key_id": "arn:aws:kms:ap-south-1:010438478476:key/d7c96efd-9445-4163-981d-747ce715e12d",
            "lifecycle_policy": [],
            "name": "Aithon-General-Data",
            "number_of_mount_targets": 3,
            "owner_id": "010438478476",
            "performance_mode": "generalPurpose",
            "protection": [
              {
                "replication_overwrite": "ENABLED"
              }
            ],
            "provisioned_throughput_in_mibps": 0,
            "size_in_bytes": [
              {
                "value": 2778335232,
                "value_in_ia": 0,
                "value_in_standard": 2778335232
              }
            ],
            "tags": {
              "Name": "Aithon-General-Data"
            },
            "tags_all": {
              "Name": "Aithon-General-Data"
            },
            "throughput_mode": "bursting"
          },
          "sensitive_attributes": [],
          "identity_schema_version": 0,
          "private": "bnVsbA=="
        }
      ]
    },
    {
      "mode": "managed",
      "type": "aws_efs_file_system",
      "name": "text_extraction_efs",
      "provider": "provider[\"registry.terraform.io/hashicorp/aws\"]",
      "instances": [
        {
          "schema_version": 0,
          "attributes": {
            "arn": "arn:aws:elasticfilesystem:ap-south-1:010438478476:file-system/fs-01ca8e71edae45b66",
            "availability_zone_id": "",
            "availability_zone_name": "",
            "creation_token": "text-extraction-data",
            "dns_name": "fs-01ca8e71edae45b66.efs.ap-south-1.amazonaws.com",
            "encrypted": true,
            "id": "fs-01ca8e71edae45b66",
            "kms_key_id": "arn:aws:kms:ap-south-1:010438478476:key/d7c96efd-9445-4163-981d-747ce715e12d",
            "lifecycle_policy": [],
            "name": "Text-Extraction-Data",
            "number_of_mount_targets": 3,
            "owner_id": "010438478476",
            "performance_mode": "generalPurpose",
            "protection": [
              {
                "replication_overwrite": "ENABLED"
              }
            ],
            "provisioned_throughput_in_mibps": 0,
            "size_in_bytes": [
              {
                "value": 33732335616,
                "value_in_ia": 0,
                "value_in_standard": 33732335616
              }
            ],
            "tags": {
              "Name": "Text-Extraction-Data"
            },
            "tags_all": {
              "Name": "Text-Extraction-Data"
            },
            "throughput_mode": "bursting"
          },
          "sensitive_attributes": [],
          "identity_schema_version": 0,
          "private": "bnVsbA=="
        }
      ]
    },
    {
      "mode": "managed",
      "type": "aws_efs_mount_target",
      "name": "aithon_efs_mt",
      "provider": "provider[\"registry.terraform.io/hashicorp/aws\"]",
      "instances": [
        {
          "index_key": "ap-south-1a",
          "schema_version": 0,
          "attributes": {
            "availability_zone_id": "aps1-az1",
            "availability_zone_name": "ap-south-1a",
            "dns_name": "fs-0b0c5cb6548acf03c.efs.ap-south-1.amazonaws.com",
            "file_system_arn": "arn:aws:elasticfilesystem:ap-south-1:010438478476:file-system/fs-0b0c5cb6548acf03c",
            "file_system_id": "fs-0b0c5cb6548acf03c",
            "id": "fsmt-03517c1466a873192",
            "ip_address": "10.11.0.34",
            "mount_target_dns_name": "ap-south-1a.fs-0b0c5cb6548acf03c.efs.ap-south-1.amazonaws.com",
            "network_interface_id": "eni-0c220e2f2f827ea0f",
            "owner_id": "010438478476",
            "security_groups": [
              "sg-03e956c616a8d8121"
            ],
            "subnet_id": "subnet-0676b17d05babe69f",
            "timeouts": null
          },
          "sensitive_attributes": [],
          "identity_schema_version": 0,
          "private": "eyJlMmJmYjczMC1lY2FhLTExZTYtOGY4OC0zNDM2M2JjN2M0YzAiOnsiY3JlYXRlIjoxODAwMDAwMDAwMDAwLCJkZWxldGUiOjYwMDAwMDAwMDAwMH19",
          "dependencies": [
            "aws_efs_file_system.aithon_efs",
            "aws_security_group.aithon_efs_sg",
            "aws_subnet.public",
            "aws_vpc.main",
            "data.aws_availability_zones.available"
          ]
        },
        {
          "index_key": "ap-south-1b",
          "schema_version": 0,
          "attributes": {
            "availability_zone_id": "aps1-az3",
            "availability_zone_name": "ap-south-1b",
            "dns_name": "fs-0b0c5cb6548acf03c.efs.ap-south-1.amazonaws.com",
            "file_system_arn": "arn:aws:elasticfilesystem:ap-south-1:010438478476:file-system/fs-0b0c5cb6548acf03c",
            "file_system_id": "fs-0b0c5cb6548acf03c",
            "id": "fsmt-0c0de0752f240684f",
            "ip_address": "10.11.28.44",
            "mount_target_dns_name": "ap-south-1b.fs-0b0c5cb6548acf03c.efs.ap-south-1.amazonaws.com",
            "network_interface_id": "eni-0d4391519ed0bc592",
            "owner_id": "010438478476",
            "security_groups": [
              "sg-03e956c616a8d8121"
            ],
            "subnet_id": "subnet-076ca5925fd436c79",
            "timeouts": null
          },
          "sensitive_attributes": [],
          "identity_schema_version": 0,
          "private": "eyJlMmJmYjczMC1lY2FhLTExZTYtOGY4OC0zNDM2M2JjN2M0YzAiOnsiY3JlYXRlIjoxODAwMDAwMDAwMDAwLCJkZWxldGUiOjYwMDAwMDAwMDAwMH19",
          "dependencies": [
            "aws_efs_file_system.aithon_efs",
            "aws_security_group.aithon_efs_sg",
            "aws_subnet.public",
            "aws_vpc.main",
            "data.aws_availability_zones.available"
          ]
        },
        {
          "index_key": "ap-south-1c",
          "schema_version": 0,
          "attributes": {
            "availability_zone_id": "aps1-az2",
            "availability_zone_name": "ap-south-1c",
            "dns_name": "fs-0b0c5cb6548acf03c.efs.ap-south-1.amazonaws.com",
            "file_system_arn": "arn:aws:elasticfilesystem:ap-south-1:010438478476:file-system/fs-0b0c5cb6548acf03c",
            "file_system_id": "fs-0b0c5cb6548acf03c",
            "id": "fsmt-017a71c0a572e05eb",
            "ip_address": "10.11.39.245",
            "mount_target_dns_name": "ap-south-1c.fs-0b0c5cb6548acf03c.efs.ap-south-1.amazonaws.com",
            "network_interface_id": "eni-09bcd37cde5cceaf9",
            "owner_id": "010438478476",
            "security_groups": [
              "sg-03e956c616a8d8121"
            ],
            "subnet_id": "subnet-0d4bb787f2a8e82d7",
            "timeouts": null
          },
          "sensitive_attributes": [],
          "identity_schema_version": 0,
          "private": "eyJlMmJmYjczMC1lY2FhLTExZTYtOGY4OC0zNDM2M2JjN2M0YzAiOnsiY3JlYXRlIjoxODAwMDAwMDAwMDAwLCJkZWxldGUiOjYwMDAwMDAwMDAwMH19",
          "dependencies": [
            "aws_efs_file_system.aithon_efs",
            "aws_security_group.aithon_efs_sg",
            "aws_subnet.public",
            "aws_vpc.main",
            "data.aws_availability_zones.available"
          ]
        }
      ]
    },
    {
      "mode": "managed",
      "type": "aws_efs_mount_target",
      "name": "efs_mt",
      "provider": "provider[\"registry.terraform.io/hashicorp/aws\"]",
      "instances": [
        {
          "index_key": "ap-south-1a",
          "schema_version": 0,
          "attributes": {
            "availability_zone_id": "aps1-az1",
            "availability_zone_name": "ap-south-1a",
            "dns_name": "fs-01ca8e71edae45b66.efs.ap-south-1.amazonaws.com",
            "file_system_arn": "arn:aws:elasticfilesystem:ap-south-1:010438478476:file-system/fs-01ca8e71edae45b66",
            "file_system_id": "fs-01ca8e71edae45b66",
            "id": "fsmt-0cfe3653edf1757d2",
            "ip_address": "10.11.14.30",
            "mount_target_dns_name": "ap-south-1a.fs-01ca8e71edae45b66.efs.ap-south-1.amazonaws.com",
            "network_interface_id": "eni-0bd255d90074c8f39",
            "owner_id": "010438478476",
            "security_groups": [
              "sg-00f52ba2aaca6a61f"
            ],
            "subnet_id": "subnet-0676b17d05babe69f",
            "timeouts": null
          },
          "sensitive_attributes": [],
          "identity_schema_version": 0,
          "private": "eyJlMmJmYjczMC1lY2FhLTExZTYtOGY4OC0zNDM2M2JjN2M0YzAiOnsiY3JlYXRlIjoxODAwMDAwMDAwMDAwLCJkZWxldGUiOjYwMDAwMDAwMDAwMH19",
          "dependencies": [
            "aws_efs_file_system.text_extraction_efs",
            "aws_security_group.efs_sg",
            "aws_subnet.public",
            "aws_vpc.main",
            "data.aws_availability_zones.available"
          ]
        },
        {
          "index_key": "ap-south-1b",
          "schema_version": 0,
          "attributes": {
            "availability_zone_id": "aps1-az3",
            "availability_zone_name": "ap-south-1b",
            "dns_name": "fs-01ca8e71edae45b66.efs.ap-south-1.amazonaws.com",
            "file_system_arn": "arn:aws:elasticfilesystem:ap-south-1:010438478476:file-system/fs-01ca8e71edae45b66",
            "file_system_id": "fs-01ca8e71edae45b66",
            "id": "fsmt-062304d4f22e851ea",
            "ip_address": "10.11.27.110",
            "mount_target_dns_name": "ap-south-1b.fs-01ca8e71edae45b66.efs.ap-south-1.amazonaws.com",
            "network_interface_id": "eni-0115d2bc4e6ce3961",
            "owner_id": "010438478476",
            "security_groups": [
              "sg-00f52ba2aaca6a61f"
            ],
            "subnet_id": "subnet-076ca5925fd436c79",
            "timeouts": null
          },
          "sensitive_attributes": [],
          "identity_schema_version": 0,
          "private": "eyJlMmJmYjczMC1lY2FhLTExZTYtOGY4OC0zNDM2M2JjN2M0YzAiOnsiY3JlYXRlIjoxODAwMDAwMDAwMDAwLCJkZWxldGUiOjYwMDAwMDAwMDAwMH19",
          "dependencies": [
            "aws_efs_file_system.text_extraction_efs",
            "aws_security_group.efs_sg",
            "aws_subnet.public",
            "aws_vpc.main",
            "data.aws_availability_zones.available"
          ]
        },
        {
          "index_key": "ap-south-1c",
          "schema_version": 0,
          "attributes": {
            "availability_zone_id": "aps1-az2",
            "availability_zone_name": "ap-south-1c",
            "dns_name": "fs-01ca8e71edae45b66.efs.ap-south-1.amazonaws.com",
            "file_system_arn": "arn:aws:elasticfilesystem:ap-south-1:010438478476:file-system/fs-01ca8e71edae45b66",
            "file_system_id": "fs-01ca8e71edae45b66",
            "id": "fsmt-0de339bf37650da0d",
            "ip_address": "10.11.47.244",
            "mount_target_dns_name": "ap-south-1c.fs-01ca8e71edae45b66.efs.ap-south-1.amazonaws.com",
            "network_interface_id": "eni-0f607984341d660b0",
            "owner_id": "010438478476",
            "security_groups": [
              "sg-00f52ba2aaca6a61f"
            ],
            "subnet_id": "subnet-0d4bb787f2a8e82d7",
            "timeouts": null
          },
          "sensitive_attributes": [],
          "identity_schema_version": 0,
          "private": "eyJlMmJmYjczMC1lY2FhLTExZTYtOGY4OC0zNDM2M2JjN2M0YzAiOnsiY3JlYXRlIjoxODAwMDAwMDAwMDAwLCJkZWxldGUiOjYwMDAwMDAwMDAwMH19",
          "dependencies": [
            "aws_efs_file_system.text_extraction_efs",
            "aws_security_group.efs_sg",
            "aws_subnet.public",
            "aws_vpc.main",
            "data.aws_availability_zones.available"
          ]
        }
      ]
    },
    {
      "mode": "managed",
      "type": "aws_eip",
      "name": "bastion_ip",
      "provider": "provider[\"registry.terraform.io/hashicorp/aws\"].mumbai",
      "instances": [
        {
          "schema_version": 0,
          "attributes": {
            "address": null,
            "allocation_id": "eipalloc-03273e55712e9cc74",
            "arn": "arn:aws:ec2:ap-south-1:010438478476:elastic-ip/eipalloc-03273e55712e9cc74",
            "associate_with_private_ip": null,
            "association_id": "eipassoc-036cc4bc3257b4e4f",
            "carrier_ip": "",
            "customer_owned_ip": "",
            "customer_owned_ipv4_pool": "",
            "domain": "vpc",
            "id": "eipalloc-03273e55712e9cc74",
            "instance": "i-087b0e7189b7109e9",
            "ipam_pool_id": null,
            "network_border_group": "ap-south-1",
            "network_interface": "eni-07dbf323b38e4f317",
            "private_dns": "ip-10-11-5-206.ap-south-1.compute.internal",
            "private_ip": "10.11.5.206",
            "ptr_record": "",
            "public_dns": "ec2-3-108-171-213.ap-south-1.compute.amazonaws.com",
            "public_ip": "3.108.171.213",
            "public_ipv4_pool": "amazon",
            "tags": {
              "Name": "bastionhost-ip"
            },
            "tags_all": {
              "Name": "bastionhost-ip"
            },
            "timeouts": null,
            "vpc": true
          },
          "sensitive_attributes": [],
          "identity_schema_version": 0,
          "private": "eyJlMmJmYjczMC1lY2FhLTExZTYtOGY4OC0zNDM2M2JjN2M0YzAiOnsiZGVsZXRlIjoxODAwMDAwMDAwMDAsInJlYWQiOjkwMDAwMDAwMDAwMCwidXBkYXRlIjozMDAwMDAwMDAwMDB9fQ=="
        }
      ]
    },
    {
      "mode": "managed",
      "type": "aws_eip_association",
      "name": "eip_assoc",
      "provider": "provider[\"registry.terraform.io/hashicorp/aws\"].mumbai",
      "instances": [
        {
          "schema_version": 0,
          "attributes": {
            "allocation_id": "eipalloc-03273e55712e9cc74",
            "allow_reassociation": null,
            "id": "eipassoc-036cc4bc3257b4e4f",
            "instance_id": "i-087b0e7189b7109e9",
            "network_interface_id": "eni-07dbf323b38e4f317",
            "private_ip_address": "10.11.5.206",
            "public_ip": "3.108.171.213"
          },
          "sensitive_attributes": [],
          "identity_schema_version": 0,
          "private": "bnVsbA==",
          "dependencies": [
            "aws_eip.bastion_ip",
            "aws_instance.bastion",
            "aws_key_pair.bastion_auth",
            "aws_security_group.bastion_sg",
            "aws_subnet.public",
            "aws_vpc.main",
            "data.aws_availability_zones.available",
            "tls_private_key.bastion_key"
          ]
        }
      ]
    },
    {
      "mode": "managed",
      "type": "aws_eks_addon",
      "name": "coredns",
      "provider": "provider[\"registry.terraform.io/hashicorp/aws\"]",
      "instances": [
        {
          "schema_version": 0,
          "attributes": {
            "addon_name": "coredns",
            "addon_version": "v1.12.3-eksbuild.1",
            "arn": "arn:aws:eks:ap-south-1:010438478476:addon/FVKR-DEV/coredns/78cd6f50-bb6f-71d9-75b9-612b38a0daf0",
            "cluster_name": "FVKR-DEV",
            "configuration_values": "",
            "created_at": "2025-12-02T10:35:15Z",
            "id": "FVKR-DEV:coredns",
            "modified_at": "2025-12-26T07:15:46Z",
            "pod_identity_association": [],
            "preserve": null,
            "resolve_conflicts": null,
            "resolve_conflicts_on_create": null,
            "resolve_conflicts_on_update": null,
            "service_account_role_arn": "",
            "tags": {},
            "tags_all": {},
            "timeouts": null
          },
          "sensitive_attributes": [],
          "identity_schema_version": 0,
          "private": "eyJlMmJmYjczMC1lY2FhLTExZTYtOGY4OC0zNDM2M2JjN2M0YzAiOnsiY3JlYXRlIjoxMjAwMDAwMDAwMDAwLCJkZWxldGUiOjI0MDAwMDAwMDAwMDAsInVwZGF0ZSI6MTIwMDAwMDAwMDAwMH19",
          "dependencies": [
            "aws_eks_cluster.main",
            "aws_iam_role.eks_cluster_role",
            "aws_iam_role_policy_attachment.eks_cluster_policy",
            "aws_subnet.public",
            "aws_vpc.main",
            "data.aws_availability_zones.available"
          ]
        }
      ]
    },
    {
      "mode": "managed",
      "type": "aws_eks_addon",
      "name": "efs_csi_driver",
      "provider": "provider[\"registry.terraform.io/hashicorp/aws\"]",
      "instances": [
        {
          "schema_version": 0,
          "attributes": {
            "addon_name": "aws-efs-csi-driver",
            "addon_version": "v2.1.15-eksbuild.1",
            "arn": "arn:aws:eks:ap-south-1:010438478476:addon/FVKR-DEV/aws-efs-csi-driver/b8cd86c7-fdf3-0d09-a062-22a5003f18ec",
            "cluster_name": "FVKR-DEV",
            "configuration_values": "",
            "created_at": "2025-12-11T13:18:18Z",
            "id": "FVKR-DEV:aws-efs-csi-driver",
            "modified_at": "2025-12-26T07:07:57Z",
            "pod_identity_association": [],
            "preserve": null,
            "resolve_conflicts": null,
            "resolve_conflicts_on_create": "OVERWRITE",
            "resolve_conflicts_on_update": "OVERWRITE",
            "service_account_role_arn": "",
            "tags": {},
            "tags_all": {},
            "timeouts": null
          },
          "sensitive_attributes": [],
          "identity_schema_version": 0,
          "private": "eyJlMmJmYjczMC1lY2FhLTExZTYtOGY4OC0zNDM2M2JjN2M0YzAiOnsiY3JlYXRlIjoxMjAwMDAwMDAwMDAwLCJkZWxldGUiOjI0MDAwMDAwMDAwMDAsInVwZGF0ZSI6MTIwMDAwMDAwMDAwMH19",
          "dependencies": [
            "aws_eks_cluster.main",
            "aws_iam_role.eks_cluster_role",
            "aws_iam_role_policy_attachment.eks_cluster_policy",
            "aws_subnet.public",
            "aws_vpc.main",
            "data.aws_availability_zones.available"
          ]
        }
      ]
    },
    {
      "mode": "managed",
      "type": "aws_eks_addon",
      "name": "kube_proxy",
      "provider": "provider[\"registry.terraform.io/hashicorp/aws\"]",
      "instances": [
        {
          "schema_version": 0,
          "attributes": {
            "addon_name": "kube-proxy",
            "addon_version": "v1.34.0-eksbuild.2",
            "arn": "arn:aws:eks:ap-south-1:010438478476:addon/FVKR-DEV/kube-proxy/7ecd6f50-bb81-70c8-4676-269a6ac06668",
            "cluster_name": "FVKR-DEV",
            "configuration_values": "",
            "created_at": "2025-12-02T10:35:15Z",
            "id": "FVKR-DEV:kube-proxy",
            "modified_at": "2025-12-22T14:42:50Z",
            "pod_identity_association": [],
            "preserve": null,
            "resolve_conflicts": null,
            "resolve_conflicts_on_create": null,
            "resolve_conflicts_on_update": null,
            "service_account_role_arn": "",
            "tags": {},
            "tags_all": {},
            "timeouts": null
          },
          "sensitive_attributes": [],
          "identity_schema_version": 0,
          "private": "eyJlMmJmYjczMC1lY2FhLTExZTYtOGY4OC0zNDM2M2JjN2M0YzAiOnsiY3JlYXRlIjoxMjAwMDAwMDAwMDAwLCJkZWxldGUiOjI0MDAwMDAwMDAwMDAsInVwZGF0ZSI6MTIwMDAwMDAwMDAwMH19",
          "dependencies": [
            "aws_eks_cluster.main",
            "aws_iam_role.eks_cluster_role",
            "aws_iam_role_policy_attachment.eks_cluster_policy",
            "aws_subnet.public",
            "aws_vpc.main",
            "data.aws_availability_zones.available"
          ]
        }
      ]
    },
    {
      "mode": "managed",
      "type": "aws_eks_addon",
      "name": "vpc_cni",
      "provider": "provider[\"registry.terraform.io/hashicorp/aws\"]",
      "instances": [
        {
          "schema_version": 0,
          "attributes": {
            "addon_name": "vpc-cni",
            "addon_version": "v1.20.5-eksbuild.1",
            "arn": "arn:aws:eks:ap-south-1:010438478476:addon/FVKR-DEV/vpc-cni/78cd6f50-bb80-7622-72e4-acbb2d5318ac",
            "cluster_name": "FVKR-DEV",
            "configuration_values": "",
            "created_at": "2025-12-02T10:35:15Z",
            "id": "FVKR-DEV:vpc-cni",
            "modified_at": "2025-12-22T14:42:49Z",
            "pod_identity_association": [],
            "preserve": null,
            "resolve_conflicts": null,
            "resolve_conflicts_on_create": null,
            "resolve_conflicts_on_update": null,
            "service_account_role_arn": "",
            "tags": {},
            "tags_all": {},
            "timeouts": null
          },
          "sensitive_attributes": [],
          "identity_schema_version": 0,
          "private": "eyJlMmJmYjczMC1lY2FhLTExZTYtOGY4OC0zNDM2M2JjN2M0YzAiOnsiY3JlYXRlIjoxMjAwMDAwMDAwMDAwLCJkZWxldGUiOjI0MDAwMDAwMDAwMDAsInVwZGF0ZSI6MTIwMDAwMDAwMDAwMH19",
          "dependencies": [
            "aws_eks_cluster.main",
            "aws_iam_role.eks_cluster_role",
            "aws_iam_role_policy_attachment.eks_cluster_policy",
            "aws_subnet.public",
            "aws_vpc.main",
            "data.aws_availability_zones.available"
          ]
        }
      ]
    },
    {
      "mode": "managed",
      "type": "aws_eks_cluster",
      "name": "main",
      "provider": "provider[\"registry.terraform.io/hashicorp/aws\"]",
      "instances": [
        {
          "schema_version": 1,
          "attributes": {
            "access_config": [
              {
                "authentication_mode": "API_AND_CONFIG_MAP",
                "bootstrap_cluster_creator_admin_permissions": true
              }
            ],
            "arn": "arn:aws:eks:ap-south-1:010438478476:cluster/FVKR-DEV",
            "bootstrap_self_managed_addons": true,
            "certificate_authority": [
              {
                "data": "LS0tLS1CRUdJTiBDRVJUSUZJQ0FURS0tLS0tCk1JSURCVENDQWUyZ0F3SUJBZ0lJZW1EVEozTjgrb3N3RFFZSktvWklodmNOQVFFTEJRQXdGVEVUTUJFR0ExVUUKQXhNS2EzVmlaWEp1WlhSbGN6QWVGdzB5TlRFeU1ESXhNREk0TVRGYUZ3MHpOVEV4TXpBeE1ETXpNVEZhTUJVeApFekFSQmdOVkJBTVRDbXQxWW1WeWJtVjBaWE13Z2dFaU1BMEdDU3FHU0liM0RRRUJBUVVBQTRJQkR3QXdnZ0VLCkFvSUJBUUNoV1c1NUNtc0xabHRYVWQxb3dvcVMzd2VhMk50TVRYUDdleE1DcWtjZXY5SExUYmd1SXNOMGplaC8KbWRxOXdCYytGeFk2N21ZczNIMjk2Y0hYaGlSZmNER3Ixekl2WHVKbGdxamxHSWxVSDRtd09HdWlQOHRFRyt1QgpRQUtOVTdWd2V4aDZxRkZvS3V4L25GSTNSS08xanRrckRXZE84MzZ4ZkNHZUJMdGRRVUg2bTVVRE5pY1FWbEZSClVuRmRGSGNJS1pjZXdpN2FuYUkyVXpHRFNGSzJQZ2lWK2dka0k1MnFLVzVTTmphdWZTb0k1NGhUVWtxcVZqQVgKK0dLMEVOVVlmUmVWd2tBWGZjOEZ3UGpIVzRiK0ZBbTkvQUxDUFcwN2NsanYrdUxiN1lYYlFqajl6bm82ZGhDZgpHLzB5Y1BIQ2pGQ2cwR3k1ei9XckJIQXQ5THZSQWdNQkFBR2pXVEJYTUE0R0ExVWREd0VCL3dRRUF3SUNwREFQCkJnTlZIUk1CQWY4RUJUQURBUUgvTUIwR0ExVWREZ1FXQkJTVTdJanFlNFNhdTdVYXRiNUpVUmduV2V5cWRqQVYKQmdOVkhSRUVEakFNZ2dwcmRXSmxjbTVsZEdWek1BMEdDU3FHU0liM0RRRUJDd1VBQTRJQkFRQk1xS3pmOTJEYgowb212ellKVy9ROWdPTGsyZGgyRUh0T3I1cmJTYnZSRU5GcUl5ZCtEeC92Z1BqVUFqSDBkaE41blJhVmJvdlY1Clc5d0JKVXdPUENmVjVFSXZWM09LdHBESlhiNGFjVy9LSW83bFZlR3p2SHZRM0Z6b2pmaXJna2M4dFVBSXVxVDEKQ0hjdmF0SWIwSWJVOWYzQW1rcG5iQmN3N1YxVDR5dGJsVnhTVjBLaWJCOVJ5Z2taaWhFcFZwdmVNOEltK3cwbwpjeFhNTDMzZnJCTk1Fa1c4RjQ4UVpBRkxOeUl2TDQwelZVSnNjazNoSkhneGRoSGFQcGtHV2FqRTBvY3pnVnFrCkQrdW54eko2YzZPOHhDMjhNWHRZUTNRYmZlbWxOM2xmenZzTWkxQzdLWWZDNE1NRFluTzJ3V216MlJRSThoRFYKcmltT05TL3c5cmdlCi0tLS0tRU5EIENFUlRJRklDQVRFLS0tLS0K"
              }
            ],
            "cluster_id": null,
            "compute_config": [],
            "created_at": "2025-12-02T10:27:47Z",
            "enabled_cluster_log_types": [],
            "encryption_config": [],
            "endpoint": "https://74EC2B262968E0D6F84BF2DA6FF8C014.yl4.ap-south-1.eks.amazonaws.com",
            "force_update_version": null,
            "id": "FVKR-DEV",
            "identity": [
              {
                "oidc": [
                  {
                    "issuer": "https://oidc.eks.ap-south-1.amazonaws.com/id/74EC2B262968E0D6F84BF2DA6FF8C014"
                  }
                ]
              }
            ],
            "kubernetes_network_config": [
              {
                "elastic_load_balancing": [
                  {
                    "enabled": false
                  }
                ],
                "ip_family": "ipv4",
                "service_ipv4_cidr": "172.20.0.0/16",
                "service_ipv6_cidr": ""
              }
            ],
            "name": "FVKR-DEV",
            "outpost_config": [],
            "platform_version": "eks.9",
            "remote_network_config": [],
            "role_arn": "arn:aws:iam::010438478476:role/Fvrk-dev-eks-cluster-role",
            "status": "ACTIVE",
            "storage_config": [],
            "tags": {},
            "tags_all": {},
            "timeouts": null,
            "upgrade_policy": [
              {
                "support_type": "EXTENDED"
              }
            ],
            "version": "1.34",
            "vpc_config": [
              {
                "cluster_security_group_id": "sg-059a6990a8ee41e97",
                "endpoint_private_access": false,
                "endpoint_public_access": true,
                "public_access_cidrs": [
                  "0.0.0.0/0"
                ],
                "security_group_ids": [],
                "subnet_ids": [
                  "subnet-0676b17d05babe69f",
                  "subnet-076ca5925fd436c79",
                  "subnet-0d4bb787f2a8e82d7",
                  "subnet-0fc395105f822381b"
                ],
                "vpc_id": "vpc-01559cc551ee9ce1f"
              }
            ],
            "zonal_shift_config": []
          },
          "sensitive_attributes": [],
          "identity_schema_version": 0,
          "private": "eyJlMmJmYjczMC1lY2FhLTExZTYtOGY4OC0zNDM2M2JjN2M0YzAiOnsiY3JlYXRlIjoxODAwMDAwMDAwMDAwLCJkZWxldGUiOjkwMDAwMDAwMDAwMCwidXBkYXRlIjozNjAwMDAwMDAwMDAwfSwic2NoZW1hX3ZlcnNpb24iOiIxIn0=",
          "dependencies": [
            "aws_iam_role.eks_cluster_role",
            "aws_iam_role_policy_attachment.eks_cluster_policy",
            "aws_subnet.public",
            "aws_vpc.main",
            "data.aws_availability_zones.available"
          ]
        }
      ]
    },
    {
      "mode": "managed",
      "type": "aws_eks_node_group",
      "name": "main",
      "provider": "provider[\"registry.terraform.io/hashicorp/aws\"]",
      "instances": [
        {
          "schema_version": 0,
          "attributes": {
            "ami_type": "AL2023_x86_64_STANDARD",
            "arn": "arn:aws:eks:ap-south-1:010438478476:nodegroup/FVKR-DEV/Fvrk-dev-node-group/7ecd86e1-36af-a685-8106-9764de889d68",
            "capacity_type": "ON_DEMAND",
            "cluster_name": "FVKR-DEV",
            "disk_size": 0,
            "force_update_version": null,
            "id": "FVKR-DEV:Fvrk-dev-node-group",
            "instance_types": [
              "t3.medium"
            ],
            "labels": {},
            "launch_template": [
              {
                "id": "lt-0cd6dca01d9a4b675",
                "name": "eks-node-lt-20251211140617451500000001",
                "version": "1"
              }
            ],
            "node_group_name": "Fvrk-dev-node-group",
            "node_group_name_prefix": "",
            "node_repair_config": [],
            "node_role_arn": "arn:aws:iam::010438478476:role/Fvrk-dev-eks-node-role",
            "release_version": "1.34.2-20251209",
            "remote_access": [],
            "resources": [
              {
                "autoscaling_groups": [
                  {
                    "name": "eks-Fvrk-dev-node-group-7ecd86e1-36af-a685-8106-9764de889d68"
                  }
                ],
                "remote_access_security_group_id": ""
              }
            ],
            "scaling_config": [
              {
                "desired_size": 4,
                "max_size": 6,
                "min_size": 0
              }
            ],
            "status": "ACTIVE",
            "subnet_ids": [
              "subnet-0676b17d05babe69f",
              "subnet-076ca5925fd436c79",
              "subnet-0d4bb787f2a8e82d7",
              "subnet-0fc395105f822381b"
            ],
            "tags": {
              "Name": "Fvrk-dev-node"
            },
            "tags_all": {
              "Name": "Fvrk-dev-node"
            },
            "taint": [],
            "timeouts": null,
            "update_config": [
              {
                "max_unavailable": 1,
                "max_unavailable_percentage": 0
              }
            ],
            "version": "1.34"
          },
          "sensitive_attributes": [],
          "identity_schema_version": 0,
          "private": "eyJlMmJmYjczMC1lY2FhLTExZTYtOGY4OC0zNDM2M2JjN2M0YzAiOnsiY3JlYXRlIjozNjAwMDAwMDAwMDAwLCJkZWxldGUiOjM2MDAwMDAwMDAwMDAsInVwZGF0ZSI6MzYwMDAwMDAwMDAwMH19",
          "dependencies": [
            "aws_eks_cluster.main",
            "aws_iam_role.eks_cluster_role",
            "aws_iam_role.eks_node_role",
            "aws_iam_role_policy_attachment.ec2_container_registry_read_only",
            "aws_iam_role_policy_attachment.eks_cluster_policy",
            "aws_iam_role_policy_attachment.eks_cni_policy",
            "aws_iam_role_policy_attachment.eks_efs_csi_policy",
            "aws_iam_role_policy_attachment.eks_worker_node_policy",
            "aws_launch_template.eks_node_lt",
            "aws_subnet.public",
            "aws_vpc.main",
            "data.aws_availability_zones.available"
          ]
        }
      ]
    },
    {
      "mode": "managed",
      "type": "aws_iam_openid_connect_provider",
      "name": "eks",
      "provider": "provider[\"registry.terraform.io/hashicorp/aws\"]",
      "instances": [
        {
          "schema_version": 0,
          "attributes": {
            "arn": "arn:aws:iam::010438478476:oidc-provider/oidc.eks.ap-south-1.amazonaws.com/id/74EC2B262968E0D6F84BF2DA6FF8C014",
            "client_id_list": [
              "sts.amazonaws.com"
            ],
            "id": "arn:aws:iam::010438478476:oidc-provider/oidc.eks.ap-south-1.amazonaws.com/id/74EC2B262968E0D6F84BF2DA6FF8C014",
            "tags": {},
            "tags_all": {},
            "thumbprint_list": [
              "06b25927c42a721631c1efd9431e648fa62e1e39"
            ],
            "url": "oidc.eks.ap-south-1.amazonaws.com/id/74EC2B262968E0D6F84BF2DA6FF8C014"
          },
          "sensitive_attributes": [],
          "identity_schema_version": 0,
          "private": "bnVsbA==",
          "dependencies": [
            "aws_eks_cluster.main",
            "aws_iam_role.eks_cluster_role",
            "aws_iam_role_policy_attachment.eks_cluster_policy",
            "aws_subnet.public",
            "aws_vpc.main",
            "data.aws_availability_zones.available",
            "data.tls_certificate.eks"
          ]
        }
      ]
    },
    {
      "mode": "managed",
      "type": "aws_iam_policy",
      "name": "aws_lb_controller_policy",
      "provider": "provider[\"registry.terraform.io/hashicorp/aws\"]",
      "instances": [
        {
          "schema_version": 0,
          "attributes": {
            "arn": "arn:aws:iam::010438478476:policy/AWSLoadBalancerControllerIAMPolicy",
            "attachment_count": 2,
            "description": "Policy for AWS Load Balancer Controller",
            "id": "arn:aws:iam::010438478476:policy/AWSLoadBalancerControllerIAMPolicy",
            "name": "AWSLoadBalancerControllerIAMPolicy",
            "name_prefix": "",
            "path": "/",
            "policy": "{\"Statement\":[{\"Action\":[\"iam:CreateServiceLinkedRole\"],\"Condition\":{\"StringEquals\":{\"iam:AWSServiceName\":\"elasticloadbalancing.amazonaws.com\"}},\"Effect\":\"Allow\",\"Resource\":\"*\"},{\"Action\":[\"ec2:DescribeAccountAttributes\",\"ec2:DescribeAddresses\",\"ec2:DescribeAvailabilityZones\",\"ec2:DescribeInternetGateways\",\"ec2:DescribeVpcs\",\"ec2:DescribeVpcPeeringConnections\",\"ec2:DescribeSubnets\",\"ec2:DescribeSecurityGroups\",\"ec2:DescribeInstances\",\"ec2:DescribeNetworkInterfaces\",\"ec2:DescribeTags\",\"ec2:GetCoipPoolUsage\",\"ec2:DescribeCoipPools\",\"ec2:GetSecurityGroupsForVpc\",\"ec2:DescribeIpamPools\",\"ec2:DescribeRouteTables\",\"elasticloadbalancing:DescribeLoadBalancers\",\"elasticloadbalancing:DescribeLoadBalancerAttributes\",\"elasticloadbalancing:DescribeListeners\",\"elasticloadbalancing:DescribeListenerCertificates\",\"elasticloadbalancing:DescribeSSLPolicies\",\"elasticloadbalancing:DescribeRules\",\"elasticloadbalancing:DescribeTargetGroups\",\"elasticloadbalancing:DescribeTargetGroupAttributes\",\"elasticloadbalancing:DescribeTargetHealth\",\"elasticloadbalancing:DescribeTags\",\"elasticloadbalancing:DescribeTrustStores\",\"elasticloadbalancing:DescribeListenerAttributes\",\"elasticloadbalancing:DescribeCapacityReservation\"],\"Effect\":\"Allow\",\"Resource\":\"*\"},{\"Action\":[\"cognito-idp:DescribeUserPoolClient\",\"acm:ListCertificates\",\"acm:DescribeCertificate\",\"iam:ListServerCertificates\",\"iam:GetServerCertificate\",\"waf-regional:GetWebACL\",\"waf-regional:GetWebACLForResource\",\"waf-regional:AssociateWebACL\",\"waf-regional:DisassociateWebACL\",\"wafv2:GetWebACL\",\"wafv2:GetWebACLForResource\",\"wafv2:AssociateWebACL\",\"wafv2:DisassociateWebACL\",\"shield:GetSubscriptionState\",\"shield:DescribeProtection\",\"shield:CreateProtection\",\"shield:DeleteProtection\"],\"Effect\":\"Allow\",\"Resource\":\"*\"},{\"Action\":[\"ec2:AuthorizeSecurityGroupIngress\",\"ec2:RevokeSecurityGroupIngress\"],\"Effect\":\"Allow\",\"Resource\":\"*\"},{\"Action\":[\"ec2:CreateSecurityGroup\"],\"Effect\":\"Allow\",\"Resource\":\"*\"},{\"Action\":[\"ec2:CreateTags\"],\"Condition\":{\"Null\":{\"aws:RequestTag/elbv2.k8s.aws/cluster\":\"false\"},\"StringEquals\":{\"ec2:CreateAction\":\"CreateSecurityGroup\"}},\"Effect\":\"Allow\",\"Resource\":\"arn:aws:ec2:*:*:security-group/*\"},{\"Action\":[\"ec2:CreateTags\",\"ec2:DeleteTags\"],\"Condition\":{\"Null\":{\"aws:RequestTag/elbv2.k8s.aws/cluster\":\"true\",\"aws:ResourceTag/elbv2.k8s.aws/cluster\":\"false\"}},\"Effect\":\"Allow\",\"Resource\":\"arn:aws:ec2:*:*:security-group/*\"},{\"Action\":[\"ec2:AuthorizeSecurityGroupIngress\",\"ec2:RevokeSecurityGroupIngress\",\"ec2:DeleteSecurityGroup\"],\"Condition\":{\"Null\":{\"aws:ResourceTag/elbv2.k8s.aws/cluster\":\"false\"}},\"Effect\":\"Allow\",\"Resource\":\"*\"},{\"Action\":[\"elasticloadbalancing:CreateLoadBalancer\",\"elasticloadbalancing:CreateTargetGroup\"],\"Condition\":{\"Null\":{\"aws:RequestTag/elbv2.k8s.aws/cluster\":\"false\"}},\"Effect\":\"Allow\",\"Resource\":\"*\"},{\"Action\":[\"elasticloadbalancing:CreateListener\",\"elasticloadbalancing:DeleteListener\",\"elasticloadbalancing:CreateRule\",\"elasticloadbalancing:DeleteRule\"],\"Effect\":\"Allow\",\"Resource\":\"*\"},{\"Action\":[\"elasticloadbalancing:AddTags\",\"elasticloadbalancing:RemoveTags\"],\"Condition\":{\"Null\":{\"aws:RequestTag/elbv2.k8s.aws/cluster\":\"true\",\"aws:ResourceTag/elbv2.k8s.aws/cluster\":\"false\"}},\"Effect\":\"Allow\",\"Resource\":[\"arn:aws:elasticloadbalancing:*:*:targetgroup/*/*\",\"arn:aws:elasticloadbalancing:*:*:loadbalancer/net/*/*\",\"arn:aws:elasticloadbalancing:*:*:loadbalancer/app/*/*\"]},{\"Action\":[\"elasticloadbalancing:AddTags\",\"elasticloadbalancing:RemoveTags\"],\"Effect\":\"Allow\",\"Resource\":[\"arn:aws:elasticloadbalancing:*:*:listener/net/*/*/*\",\"arn:aws:elasticloadbalancing:*:*:listener/app/*/*/*\",\"arn:aws:elasticloadbalancing:*:*:listener-rule/net/*/*/*\",\"arn:aws:elasticloadbalancing:*:*:listener-rule/app/*/*/*\"]},{\"Action\":[\"elasticloadbalancing:ModifyLoadBalancerAttributes\",\"elasticloadbalancing:SetIpAddressType\",\"elasticloadbalancing:SetSecurityGroups\",\"elasticloadbalancing:SetSubnets\",\"elasticloadbalancing:DeleteLoadBalancer\",\"elasticloadbalancing:ModifyTargetGroup\",\"elasticloadbalancing:ModifyTargetGroupAttributes\",\"elasticloadbalancing:DeleteTargetGroup\",\"elasticloadbalancing:ModifyListenerAttributes\",\"elasticloadbalancing:ModifyCapacityReservation\",\"elasticloadbalancing:ModifyIpPools\"],\"Condition\":{\"Null\":{\"aws:ResourceTag/elbv2.k8s.aws/cluster\":\"false\"}},\"Effect\":\"Allow\",\"Resource\":\"*\"},{\"Action\":[\"elasticloadbalancing:AddTags\"],\"Condition\":{\"Null\":{\"aws:RequestTag/elbv2.k8s.aws/cluster\":\"false\"},\"StringEquals\":{\"elasticloadbalancing:CreateAction\":[\"CreateTargetGroup\",\"CreateLoadBalancer\"]}},\"Effect\":\"Allow\",\"Resource\":[\"arn:aws:elasticloadbalancing:*:*:targetgroup/*/*\",\"arn:aws:elasticloadbalancing:*:*:loadbalancer/net/*/*\",\"arn:aws:elasticloadbalancing:*:*:loadbalancer/app/*/*\"]},{\"Action\":[\"elasticloadbalancing:RegisterTargets\",\"elasticloadbalancing:DeregisterTargets\"],\"Effect\":\"Allow\",\"Resource\":\"arn:aws:elasticloadbalancing:*:*:targetgroup/*/*\"},{\"Action\":[\"elasticloadbalancing:SetWebAcl\",\"elasticloadbalancing:ModifyListener\",\"elasticloadbalancing:AddListenerCertificates\",\"elasticloadbalancing:RemoveListenerCertificates\",\"elasticloadbalancing:ModifyRule\",\"elasticloadbalancing:SetRulePriorities\"],\"Effect\":\"Allow\",\"Resource\":\"*\"}],\"Version\":\"2012-10-17\"}",
            "policy_id": "ANPAQE3RORKGHJI57NOZ7",
            "tags": {},
            "tags_all": {}
          },
          "sensitive_attributes": [],
          "identity_schema_version": 0,
          "private": "bnVsbA==",
          "dependencies": [
            "data.http.aws_lb_controller_policy"
          ]
        }
      ]
    },
    {
      "mode": "managed",
      "type": "aws_iam_role",
      "name": "aws_lb_controller_irsa",
      "provider": "provider[\"registry.terraform.io/hashicorp/aws\"]",
      "instances": [
        {
          "schema_version": 0,
          "attributes": {
            "arn": "arn:aws:iam::010438478476:role/Fvrk-dev-lb-controller-irsa",
            "assume_role_policy": "{\"Statement\":[{\"Action\":\"sts:AssumeRoleWithWebIdentity\",\"Condition\":{\"StringEquals\":{\"oidc.eks.ap-south-1.amazonaws.com/id/74EC2B262968E0D6F84BF2DA6FF8C014:sub\":\"system:serviceaccount:kube-system:aws-load-balancer-controller\"}},\"Effect\":\"Allow\",\"Principal\":{\"Federated\":\"arn:aws:iam::010438478476:oidc-provider/oidc.eks.ap-south-1.amazonaws.com/id/74EC2B262968E0D6F84BF2DA6FF8C014\"}}],\"Version\":\"2012-10-17\"}",
            "create_date": "2025-12-21T11:28:03Z",
            "description": "",
            "force_detach_policies": false,
            "id": "Fvrk-dev-lb-controller-irsa",
            "inline_policy": [],
            "managed_policy_arns": [
              "arn:aws:iam::010438478476:policy/AWSLoadBalancerControllerIAMPolicy"
            ],
            "max_session_duration": 3600,
            "name": "Fvrk-dev-lb-controller-irsa",
            "name_prefix": "",
            "path": "/",
            "permissions_boundary": "",
            "tags": {},
            "tags_all": {},
            "unique_id": "AROAQE3RORKGLXFWYE375"
          },
          "sensitive_attributes": [],
          "identity_schema_version": 0,
          "private": "bnVsbA==",
          "dependencies": [
            "aws_eks_cluster.main",
            "aws_iam_openid_connect_provider.eks",
            "aws_iam_role.eks_cluster_role",
            "aws_iam_role_policy_attachment.eks_cluster_policy",
            "aws_subnet.public",
            "aws_vpc.main",
            "data.aws_availability_zones.available",
            "data.tls_certificate.eks"
          ]
        }
      ]
    },
    {
      "mode": "managed",
      "type": "aws_iam_role",
      "name": "eks_cluster_role",
      "provider": "provider[\"registry.terraform.io/hashicorp/aws\"]",
      "instances": [
        {
          "schema_version": 0,
          "attributes": {
            "arn": "arn:aws:iam::010438478476:role/Fvrk-dev-eks-cluster-role",
            "assume_role_policy": "{\"Statement\":[{\"Action\":[\"sts:AssumeRole\",\"sts:TagSession\"],\"Effect\":\"Allow\",\"Principal\":{\"Service\":\"eks.amazonaws.com\"}}],\"Version\":\"2012-10-17\"}",
            "create_date": "2025-12-02T09:20:43Z",
            "description": "",
            "force_detach_policies": false,
            "id": "Fvrk-dev-eks-cluster-role",
            "inline_policy": [],
            "managed_policy_arns": [
              "arn:aws:iam::aws:policy/AmazonEKSClusterPolicy",
              "arn:aws:iam::aws:policy/AmazonEKSLoadBalancingPolicy",
              "arn:aws:iam::aws:policy/AmazonEKSNetworkingPolicy"
            ],
            "max_session_duration": 3600,
            "name": "Fvrk-dev-eks-cluster-role",
            "name_prefix": "",
            "path": "/",
            "permissions_boundary": "",
            "tags": {},
            "tags_all": {},
            "unique_id": "AROAQE3RORKGE5DZQBDCO"
          },
          "sensitive_attributes": [],
          "identity_schema_version": 0,
          "private": "bnVsbA=="
        }
      ]
    },
    {
      "mode": "managed",
      "type": "aws_iam_role",
      "name": "eks_node_role",
      "provider": "provider[\"registry.terraform.io/hashicorp/aws\"]",
      "instances": [
        {
          "schema_version": 0,
          "attributes": {
            "arn": "arn:aws:iam::010438478476:role/Fvrk-dev-eks-node-role",
            "assume_role_policy": "{\"Statement\":[{\"Action\":\"sts:AssumeRole\",\"Effect\":\"Allow\",\"Principal\":{\"Service\":\"ec2.amazonaws.com\"}}],\"Version\":\"2012-10-17\"}",
            "create_date": "2025-12-02T09:20:43Z",
            "description": "",
            "force_detach_policies": false,
            "id": "Fvrk-dev-eks-node-role",
            "inline_policy": [],
            "managed_policy_arns": [
              "arn:aws:iam::010438478476:policy/AWSLoadBalancerControllerIAMPolicy",
              "arn:aws:iam::aws:policy/AmazonEC2ContainerRegistryReadOnly",
              "arn:aws:iam::aws:policy/AmazonEKSWorkerNodePolicy",
              "arn:aws:iam::aws:policy/AmazonEKS_CNI_Policy",
              "arn:aws:iam::aws:policy/AmazonS3FullAccess",
              "arn:aws:iam::aws:policy/service-role/AmazonEFSCSIDriverPolicy"
            ],
            "max_session_duration": 3600,
            "name": "Fvrk-dev-eks-node-role",
            "name_prefix": "",
            "path": "/",
            "permissions_boundary": "",
            "tags": {},
            "tags_all": {},
            "unique_id": "AROAQE3RORKGLDTHMOESW"
          },
          "sensitive_attributes": [],
          "identity_schema_version": 0,
          "private": "bnVsbA=="
        }
      ]
    },
    {
      "mode": "managed",
      "type": "aws_iam_role_policy_attachment",
      "name": "aws_lb_controller_attach",
      "provider": "provider[\"registry.terraform.io/hashicorp/aws\"]",
      "instances": [
        {
          "schema_version": 0,
          "attributes": {
            "id": "Fvrk-dev-lb-controller-irsa-20251221112804823900000003",
            "policy_arn": "arn:aws:iam::010438478476:policy/AWSLoadBalancerControllerIAMPolicy",
            "role": "Fvrk-dev-lb-controller-irsa"
          },
          "sensitive_attributes": [],
          "identity_schema_version": 0,
          "private": "bnVsbA==",
          "dependencies": [
            "aws_eks_cluster.main",
            "aws_iam_openid_connect_provider.eks",
            "aws_iam_policy.aws_lb_controller_policy",
            "aws_iam_role.aws_lb_controller_irsa",
            "aws_iam_role.eks_cluster_role",
            "aws_iam_role_policy_attachment.eks_cluster_policy",
            "aws_subnet.public",
            "aws_vpc.main",
            "data.aws_availability_zones.available",
            "data.http.aws_lb_controller_policy",
            "data.tls_certificate.eks"
          ]
        }
      ]
    },
    {
      "mode": "managed",
      "type": "aws_iam_role_policy_attachment",
      "name": "ec2_container_registry_read_only",
      "provider": "provider[\"registry.terraform.io/hashicorp/aws\"]",
      "instances": [
        {
          "schema_version": 0,
          "attributes": {
            "id": "Fvrk-dev-eks-node-role-20251202092045303600000003",
            "policy_arn": "arn:aws:iam::aws:policy/AmazonEC2ContainerRegistryReadOnly",
            "role": "Fvrk-dev-eks-node-role"
          },
          "sensitive_attributes": [],
          "identity_schema_version": 0,
          "private": "bnVsbA==",
          "dependencies": [
            "aws_iam_role.eks_node_role"
          ]
        }
      ]
    },
    {
      "mode": "managed",
      "type": "aws_iam_role_policy_attachment",
      "name": "eks_cluster_policy",
      "provider": "provider[\"registry.terraform.io/hashicorp/aws\"]",
      "instances": [
        {
          "schema_version": 0,
          "attributes": {
            "id": "Fvrk-dev-eks-cluster-role-20251202092044999700000001",
            "policy_arn": "arn:aws:iam::aws:policy/AmazonEKSClusterPolicy",
            "role": "Fvrk-dev-eks-cluster-role"
          },
          "sensitive_attributes": [],
          "identity_schema_version": 0,
          "private": "bnVsbA==",
          "dependencies": [
            "aws_iam_role.eks_cluster_role"
          ]
        }
      ]
    },
    {
      "mode": "managed",
      "type": "aws_iam_role_policy_attachment",
      "name": "eks_cni_policy",
      "provider": "provider[\"registry.terraform.io/hashicorp/aws\"]",
      "instances": [
        {
          "schema_version": 0,
          "attributes": {
            "id": "Fvrk-dev-eks-node-role-20251202092045054200000002",
            "policy_arn": "arn:aws:iam::aws:policy/AmazonEKS_CNI_Policy",
            "role": "Fvrk-dev-eks-node-role"
          },
          "sensitive_attributes": [],
          "identity_schema_version": 0,
          "private": "bnVsbA==",
          "dependencies": [
            "aws_iam_role.eks_node_role"
          ]
        }
      ]
    },
    {
      "mode": "managed",
      "type": "aws_iam_role_policy_attachment",
      "name": "eks_efs_csi_policy",
      "provider": "provider[\"registry.terraform.io/hashicorp/aws\"]",
      "instances": [
        {
          "schema_version": 0,
          "attributes": {
            "id": "Fvrk-dev-eks-node-role-20251211130903396800000001",
            "policy_arn": "arn:aws:iam::aws:policy/service-role/AmazonEFSCSIDriverPolicy",
            "role": "Fvrk-dev-eks-node-role"
          },
          "sensitive_attributes": [],
          "identity_schema_version": 0,
          "private": "bnVsbA==",
          "dependencies": [
            "aws_iam_role.eks_node_role"
          ]
        }
      ]
    },
    {
      "mode": "managed",
      "type": "aws_iam_role_policy_attachment",
      "name": "eks_elb_controller_policy_node",
      "provider": "provider[\"registry.terraform.io/hashicorp/aws\"]",
      "instances": [
        {
          "schema_version": 0,
          "attributes": {
            "id": "Fvrk-dev-eks-node-role-20251221112803126100000002",
            "policy_arn": "arn:aws:iam::010438478476:policy/AWSLoadBalancerControllerIAMPolicy",
            "role": "Fvrk-dev-eks-node-role"
          },
          "sensitive_attributes": [],
          "identity_schema_version": 0,
          "private": "bnVsbA==",
          "dependencies": [
            "aws_iam_policy.aws_lb_controller_policy",
            "aws_iam_role.eks_node_role",
            "data.http.aws_lb_controller_policy"
          ]
        }
      ]
    },
    {
      "mode": "managed",
      "type": "aws_iam_role_policy_attachment",
      "name": "eks_load_balancing",
      "provider": "provider[\"registry.terraform.io/hashicorp/aws\"]",
      "instances": [
        {
          "schema_version": 0,
          "attributes": {
            "id": "Fvrk-dev-eks-cluster-role-20251202094710251400000001",
            "policy_arn": "arn:aws:iam::aws:policy/AmazonEKSLoadBalancingPolicy",
            "role": "Fvrk-dev-eks-cluster-role"
          },
          "sensitive_attributes": [],
          "identity_schema_version": 0,
          "private": "bnVsbA==",
          "dependencies": [
            "aws_iam_role.eks_cluster_role"
          ]
        }
      ]
    },
    {
      "mode": "managed",
      "type": "aws_iam_role_policy_attachment",
      "name": "eks_networking",
      "provider": "provider[\"registry.terraform.io/hashicorp/aws\"]",
      "instances": [
        {
          "schema_version": 0,
          "attributes": {
            "id": "Fvrk-dev-eks-cluster-role-20251202094710892100000003",
            "policy_arn": "arn:aws:iam::aws:policy/AmazonEKSNetworkingPolicy",
            "role": "Fvrk-dev-eks-cluster-role"
          },
          "sensitive_attributes": [],
          "identity_schema_version": 0,
          "private": "bnVsbA==",
          "dependencies": [
            "aws_iam_role.eks_cluster_role"
          ]
        }
      ]
    },
    {
      "mode": "managed",
      "type": "aws_iam_role_policy_attachment",
      "name": "eks_s3_full_access",
      "provider": "provider[\"registry.terraform.io/hashicorp/aws\"]",
      "instances": [
        {
          "schema_version": 0,
          "attributes": {
            "id": "Fvrk-dev-eks-node-role-20251213100938193900000002",
            "policy_arn": "arn:aws:iam::aws:policy/AmazonS3FullAccess",
            "role": "Fvrk-dev-eks-node-role"
          },
          "sensitive_attributes": [],
          "identity_schema_version": 0,
          "private": "bnVsbA==",
          "dependencies": [
            "aws_iam_role.eks_node_role"
          ]
        }
      ]
    },
    {
      "mode": "managed",
      "type": "aws_iam_role_policy_attachment",
      "name": "eks_worker_node_policy",
      "provider": "provider[\"registry.terraform.io/hashicorp/aws\"]",
      "instances": [
        {
          "schema_version": 0,
          "attributes": {
            "id": "Fvrk-dev-eks-node-role-20251202092045416000000004",
            "policy_arn": "arn:aws:iam::aws:policy/AmazonEKSWorkerNodePolicy",
            "role": "Fvrk-dev-eks-node-role"
          },
          "sensitive_attributes": [],
          "identity_schema_version": 0,
          "private": "bnVsbA==",
          "dependencies": [
            "aws_iam_role.eks_node_role"
          ]
        }
      ]
    },
    {
      "mode": "managed",
      "type": "aws_instance",
      "name": "bastion",
      "provider": "provider[\"registry.terraform.io/hashicorp/aws\"].mumbai",
      "instances": [
        {
          "schema_version": 1,
          "attributes": {
            "ami": "ami-0ade68f094cc81635",
            "arn": "arn:aws:ec2:ap-south-1:010438478476:instance/i-087b0e7189b7109e9",
            "associate_public_ip_address": true,
            "availability_zone": "ap-south-1a",
            "capacity_reservation_specification": [
              {
                "capacity_reservation_preference": "open",
                "capacity_reservation_target": []
              }
            ],
            "cpu_core_count": 2,
            "cpu_options": [
              {
                "amd_sev_snp": "",
                "core_count": 2,
                "threads_per_core": 1
              }
            ],
            "cpu_threads_per_core": 1,
            "credit_specification": [
              {
                "cpu_credits": "standard"
              }
            ],
            "disable_api_stop": false,
            "disable_api_termination": false,
            "ebs_block_device": [],
            "ebs_optimized": false,
            "enable_primary_ipv6": null,
            "enclave_options": [
              {
                "enabled": false
              }
            ],
            "ephemeral_block_device": [],
            "get_password_data": false,
            "hibernation": false,
            "host_id": "",
            "host_resource_group_arn": null,
            "iam_instance_profile": "ssm-ec2-instance",
            "id": "i-087b0e7189b7109e9",
            "instance_initiated_shutdown_behavior": "stop",
            "instance_lifecycle": "",
            "instance_market_options": [],
            "instance_state": "running",
            "instance_type": "t2.medium",
            "ipv6_address_count": 0,
            "ipv6_addresses": [],
            "key_name": "testkey",
            "launch_template": [],
            "maintenance_options": [
              {
                "auto_recovery": "default"
              }
            ],
            "metadata_options": [
              {
                "http_endpoint": "enabled",
                "http_protocol_ipv6": "disabled",
                "http_put_response_hop_limit": 1,
                "http_tokens": "optional",
                "instance_metadata_tags": "disabled"
              }
            ],
            "monitoring": false,
            "network_interface": [],
            "outpost_arn": "",
            "password_data": "",
            "placement_group": "",
            "placement_partition_number": 0,
            "primary_network_interface_id": "eni-07dbf323b38e4f317",
            "private_dns": "ip-10-11-5-206.ap-south-1.compute.internal",
            "private_dns_name_options": [
              {
                "enable_resource_name_dns_a_record": false,
                "enable_resource_name_dns_aaaa_record": false,
                "hostname_type": "ip-name"
              }
            ],
            "private_ip": "10.11.5.206",
            "public_dns": "ec2-3-108-171-213.ap-south-1.compute.amazonaws.com",
            "public_ip": "3.108.171.213",
            "root_block_device": [
              {
                "delete_on_termination": true,
                "device_name": "/dev/sda1",
                "encrypted": false,
                "iops": 150,
                "kms_key_id": "",
                "tags": {},
                "tags_all": {},
                "throughput": 0,
                "volume_id": "vol-0af85efde83a3c9ba",
                "volume_size": 50,
                "volume_type": "gp2"
              }
            ],
            "secondary_private_ips": [],
            "security_groups": [],
            "source_dest_check": true,
            "spot_instance_request_id": "",
            "subnet_id": "subnet-0676b17d05babe69f",
            "tags": {
              "Name": "Fvrk-dev-bastion-host"
            },
            "tags_all": {
              "Name": "Fvrk-dev-bastion-host"
            },
            "tenancy": "default",
            "timeouts": null,
            "user_data": null,
            "user_data_base64": null,
            "user_data_replace_on_change": false,
            "volume_tags": null,
            "vpc_security_group_ids": [
              "sg-0806eac4ea98b156a"
            ]
          },
          "sensitive_attributes": [],
          "identity_schema_version": 0,
          "private": "eyJlMmJmYjczMC1lY2FhLTExZTYtOGY4OC0zNDM2M2JjN2M0YzAiOnsiY3JlYXRlIjo2MDAwMDAwMDAwMDAsImRlbGV0ZSI6MTIwMDAwMDAwMDAwMCwicmVhZCI6OTAwMDAwMDAwMDAwLCJ1cGRhdGUiOjYwMDAwMDAwMDAwMH0sInNjaGVtYV92ZXJzaW9uIjoiMSJ9",
          "dependencies": [
            "aws_key_pair.bastion_auth",
            "aws_security_group.bastion_sg",
            "aws_subnet.public",
            "aws_vpc.main",
            "data.aws_availability_zones.available",
            "tls_private_key.bastion_key"
          ]
        }
      ]
    },
    {
      "mode": "managed",
      "type": "aws_internet_gateway",
      "name": "igw",
      "provider": "provider[\"registry.terraform.io/hashicorp/aws\"].mumbai",
      "instances": [
        {
          "schema_version": 0,
          "attributes": {
            "arn": "arn:aws:ec2:ap-south-1:010438478476:internet-gateway/igw-0b3b9f7a77adf26c6",
            "id": "igw-0b3b9f7a77adf26c6",
            "owner_id": "010438478476",
            "tags": {
              "Name": "FVRK-DEV-IGW"
            },
            "tags_all": {
              "Name": "FVRK-DEV-IGW"
            },
            "timeouts": null,
            "vpc_id": "vpc-01559cc551ee9ce1f"
          },
          "sensitive_attributes": [],
          "identity_schema_version": 0,
          "private": "eyJlMmJmYjczMC1lY2FhLTExZTYtOGY4OC0zNDM2M2JjN2M0YzAiOnsiY3JlYXRlIjoxMjAwMDAwMDAwMDAwLCJkZWxldGUiOjEyMDAwMDAwMDAwMDAsInVwZGF0ZSI6MTIwMDAwMDAwMDAwMH19",
          "dependencies": [
            "aws_vpc.main"
          ]
        }
      ]
    },
    {
      "mode": "managed",
      "type": "aws_key_pair",
      "name": "bastion_auth",
      "provider": "provider[\"registry.terraform.io/hashicorp/aws\"].mumbai",
      "instances": [
        {
          "schema_version": 1,
          "attributes": {
            "arn": "arn:aws:ec2:ap-south-1:010438478476:key-pair/testkey",
            "fingerprint": "4f:a2:0e:1c:7e:e2:ad:19:81:25:fe:0d:08:da:a3:da",
            "id": "testkey",
            "key_name": "testkey",
            "key_name_prefix": "",
            "key_pair_id": "key-07dde891a95d2bb70",
            "key_type": "rsa",
            "public_key": "ssh-rsa AAAAB3NzaC1yc2EAAAADAQABAAACAQC89ECtyWqpy6YdZm+6scDFJ3oWt3xeROAOw0muVOEe2y97QRTxWPPN5krAx52Jr5HmmLc76miTYr9TEWP7+5tHuHoYabh2FGWc33BuKYqf09H5GUCXIfIBTA9l8k2p8OUei1USGHL56OkjtzR5VkNZULtjQwHlmdkLg3KbypYYsMxeftSTO7gj/elOOs/1Cs3d+JYbBWl6i/kaCa0Gll8sJ8Xy6i5NTiSG+UcpHMK92jxfX4QUS3C8xUgRj3q/K3ONULKz4WURi0mLpMEgSfVe/bvDrCC/hpvMVJxFIm+PyHgNWEpraGycSR3DDHO4r538vmKhA8yW5SQt95Fp2PB4GYlVpbLg7LvaQelizUJjWphkUUa4fB6RHUmNIe8uEIjq2zDkdv6D+lcAn8PK05glbu6TIJJqg6s9ScqhL+Srf7GMu5+B9XaqwE1Av0eUCBSWgCxQvME/FVKwjxiKY518JPUerWcY6KsRWFy9Rujyy192UBxa9mOwHNPpKCKxTsrQuIKapt3EdolvOQCufDgOouMJpnuhSt0rIz4EXVsIPCwfvAJu917eGS1S7NfSkwKzobdWls/CrFpHjBuc2Nl94tGn/I3X/7FTSYPlnF9kuSGHj1XMl4Ci9LUe2r+sPQKBVJgeUh68tAjyDjuVNV/AaD1+4IzmQVi8yGjbZCNLXQ==",
            "tags": {},
            "tags_all": {}
          },
          "sensitive_attributes": [],
          "identity_schema_version": 0,
          "private": "eyJzY2hlbWFfdmVyc2lvbiI6IjEifQ==",
          "dependencies": [
            "tls_private_key.bastion_key"
          ]
        }
      ]
    },
    {
      "mode": "managed",
      "type": "aws_launch_template",
      "name": "eks_node_lt",
      "provider": "provider[\"registry.terraform.io/hashicorp/aws\"]",
      "instances": [
        {
          "schema_version": 0,
          "attributes": {
            "arn": "arn:aws:ec2:ap-south-1:010438478476:launch-template/lt-0cd6dca01d9a4b675",
            "block_device_mappings": [],
            "capacity_reservation_specification": [],
            "cpu_options": [],
            "credit_specification": [],
            "default_version": 1,
            "description": "Launch template for EKS nodes with Hop Limit 2",
            "disable_api_stop": false,
            "disable_api_termination": false,
            "ebs_optimized": "",
            "elastic_gpu_specifications": [],
            "elastic_inference_accelerator": [],
            "enclave_options": [],
            "hibernation_options": [],
            "iam_instance_profile": [],
            "id": "lt-0cd6dca01d9a4b675",
            "image_id": "",
            "instance_initiated_shutdown_behavior": "",
            "instance_market_options": [],
            "instance_requirements": [],
            "instance_type": "",
            "kernel_id": "",
            "key_name": "",
            "latest_version": 1,
            "license_specification": [],
            "maintenance_options": [],
            "metadata_options": [
              {
                "http_endpoint": "enabled",
                "http_protocol_ipv6": "",
                "http_put_response_hop_limit": 2,
                "http_tokens": "required",
                "instance_metadata_tags": "enabled"
              }
            ],
            "monitoring": [],
            "name": "eks-node-lt-20251211140617451500000001",
            "name_prefix": "eks-node-lt-",
            "network_interfaces": [],
            "placement": [],
            "private_dns_name_options": [],
            "ram_disk_id": "",
            "security_group_names": [],
            "tag_specifications": [],
            "tags": {},
            "tags_all": {},
            "update_default_version": null,
            "user_data": "",
            "vpc_security_group_ids": []
          },
          "sensitive_attributes": [],
          "identity_schema_version": 0,
          "private": "bnVsbA=="
        }
      ]
    },
    {
      "mode": "managed",
      "type": "aws_lb",
      "name": "main",
      "provider": "provider[\"registry.terraform.io/hashicorp/aws\"]",
      "instances": [
        {
          "schema_version": 0,
          "attributes": {
            "access_logs": [
              {
                "bucket": "",
                "enabled": false,
                "prefix": ""
              }
            ],
            "arn": "arn:aws:elasticloadbalancing:ap-south-1:010438478476:loadbalancer/app/Fvrk-dev-alb/67ed6ab2ef1a162a",
            "arn_suffix": "app/Fvrk-dev-alb/67ed6ab2ef1a162a",
            "client_keep_alive": 3600,
            "connection_logs": [
              {
                "bucket": "",
                "enabled": false,
                "prefix": ""
              }
            ],
            "customer_owned_ipv4_pool": "",
            "desync_mitigation_mode": "defensive",
            "dns_name": "Fvrk-dev-alb-1180618260.ap-south-1.elb.amazonaws.com",
            "dns_record_client_routing_policy": null,
            "drop_invalid_header_fields": false,
            "enable_cross_zone_load_balancing": true,
            "enable_deletion_protection": false,
            "enable_http2": true,
            "enable_tls_version_and_cipher_suite_headers": false,
            "enable_waf_fail_open": false,
            "enable_xff_client_port": false,
            "enable_zonal_shift": false,
            "enforce_security_group_inbound_rules_on_private_link_traffic": "",
            "id": "arn:aws:elasticloadbalancing:ap-south-1:010438478476:loadbalancer/app/Fvrk-dev-alb/67ed6ab2ef1a162a",
            "idle_timeout": 300,
            "internal": false,
            "ip_address_type": "ipv4",
            "ipam_pools": [],
            "load_balancer_type": "application",
            "minimum_load_balancer_capacity": [],
            "name": "Fvrk-dev-alb",
            "name_prefix": "",
            "preserve_host_header": false,
            "security_groups": [
              "sg-0b8a6bcbc4302994e"
            ],
            "subnet_mapping": [
              {
                "allocation_id": "",
                "ipv6_address": "",
                "outpost_id": "",
                "private_ipv4_address": "",
                "subnet_id": "subnet-0676b17d05babe69f"
              },
              {
                "allocation_id": "",
                "ipv6_address": "",
                "outpost_id": "",
                "private_ipv4_address": "",
                "subnet_id": "subnet-076ca5925fd436c79"
              },
              {
                "allocation_id": "",
                "ipv6_address": "",
                "outpost_id": "",
                "private_ipv4_address": "",
                "subnet_id": "subnet-0d4bb787f2a8e82d7"
              }
            ],
            "subnets": [
              "subnet-0676b17d05babe69f",
              "subnet-076ca5925fd436c79",
              "subnet-0d4bb787f2a8e82d7"
            ],
            "tags": {
              "Name": "Fvrk-dev-alb"
            },
            "tags_all": {
              "Name": "Fvrk-dev-alb"
            },
            "timeouts": null,
            "vpc_id": "vpc-01559cc551ee9ce1f",
            "xff_header_processing_mode": "append",
            "zone_id": "ZP97RAFLXTNZK"
          },
          "sensitive_attributes": [],
          "identity_schema_version": 0,
          "private": "eyJlMmJmYjczMC1lY2FhLTExZTYtOGY4OC0zNDM2M2JjN2M0YzAiOnsiY3JlYXRlIjo2MDAwMDAwMDAwMDAsImRlbGV0ZSI6NjAwMDAwMDAwMDAwLCJ1cGRhdGUiOjYwMDAwMDAwMDAwMH19",
          "dependencies": [
            "aws_security_group.alb_sg",
            "aws_subnet.public",
            "aws_vpc.main",
            "data.aws_availability_zones.available"
          ]
        }
      ]
    },
    {
      "mode": "managed",
      "type": "aws_lb_listener",
      "name": "http",
      "provider": "provider[\"registry.terraform.io/hashicorp/aws\"]",
      "instances": [
        {
          "schema_version": 0,
          "attributes": {
            "alpn_policy": null,
            "arn": "arn:aws:elasticloadbalancing:ap-south-1:010438478476:listener/app/Fvrk-dev-alb/67ed6ab2ef1a162a/085f778884fb313f",
            "certificate_arn": null,
            "default_action": [
              {
                "authenticate_cognito": [],
                "authenticate_oidc": [],
                "fixed_response": [],
                "forward": [],
                "order": 1,
                "redirect": [
                  {
                    "host": "#{host}",
                    "path": "/#{path}",
                    "port": "443",
                    "protocol": "HTTPS",
                    "query": "#{query}",
                    "status_code": "HTTP_301"
                  }
                ],
                "target_group_arn": "",
                "type": "redirect"
              }
            ],
            "id": "arn:aws:elasticloadbalancing:ap-south-1:010438478476:listener/app/Fvrk-dev-alb/67ed6ab2ef1a162a/085f778884fb313f",
            "load_balancer_arn": "arn:aws:elasticloadbalancing:ap-south-1:010438478476:loadbalancer/app/Fvrk-dev-alb/67ed6ab2ef1a162a",
            "mutual_authentication": [],
            "port": 80,
            "protocol": "HTTP",
            "routing_http_request_x_amzn_mtls_clientcert_header_name": null,
            "routing_http_request_x_amzn_mtls_clientcert_issuer_header_name": null,
            "routing_http_request_x_amzn_mtls_clientcert_leaf_header_name": null,
            "routing_http_request_x_amzn_mtls_clientcert_serial_number_header_name": null,
            "routing_http_request_x_amzn_mtls_clientcert_subject_header_name": null,
            "routing_http_request_x_amzn_mtls_clientcert_validity_header_name": null,
            "routing_http_request_x_amzn_tls_cipher_suite_header_name": null,
            "routing_http_request_x_amzn_tls_version_header_name": null,
            "routing_http_response_access_control_allow_credentials_header_value": "",
            "routing_http_response_access_control_allow_headers_header_value": "",
            "routing_http_response_access_control_allow_methods_header_value": "",
            "routing_http_response_access_control_allow_origin_header_value": "",
            "routing_http_response_access_control_expose_headers_header_value": "",
            "routing_http_response_access_control_max_age_header_value": "",
            "routing_http_response_content_security_policy_header_value": "",
            "routing_http_response_server_enabled": true,
            "routing_http_response_strict_transport_security_header_value": "",
            "routing_http_response_x_content_type_options_header_value": "",
            "routing_http_response_x_frame_options_header_value": "",
            "ssl_policy": "",
            "tags": {},
            "tags_all": {},
            "tcp_idle_timeout_seconds": null,
            "timeouts": null
          },
          "sensitive_attributes": [],
          "identity_schema_version": 0,
          "private": "eyJlMmJmYjczMC1lY2FhLTExZTYtOGY4OC0zNDM2M2JjN2M0YzAiOnsiY3JlYXRlIjozMDAwMDAwMDAwMDAsInVwZGF0ZSI6MzAwMDAwMDAwMDAwfX0=",
          "dependencies": [
            "aws_lb.main",
            "aws_security_group.alb_sg",
            "aws_subnet.public",
            "aws_vpc.main",
            "data.aws_availability_zones.available"
          ]
        }
      ]
    },
    {
      "mode": "managed",
      "type": "aws_lb_listener",
      "name": "https",
      "provider": "provider[\"registry.terraform.io/hashicorp/aws\"]",
      "instances": [
        {
          "schema_version": 0,
          "attributes": {
            "alpn_policy": null,
            "arn": "arn:aws:elasticloadbalancing:ap-south-1:010438478476:listener/app/Fvrk-dev-alb/67ed6ab2ef1a162a/eeb313d174bdb2d6",
            "certificate_arn": "arn:aws:acm:ap-south-1:010438478476:certificate/027daaa8-4c47-41d3-ad8c-b7828d332752",
            "default_action": [
              {
                "authenticate_cognito": [],
                "authenticate_oidc": [],
                "fixed_response": [],
                "forward": [],
                "order": 1,
                "redirect": [],
                "target_group_arn": "arn:aws:elasticloadbalancing:ap-south-1:010438478476:targetgroup/k8s-fvrk-dev-tg/79c8648dc0f8cc7f",
                "type": "forward"
              }
            ],
            "id": "arn:aws:elasticloadbalancing:ap-south-1:010438478476:listener/app/Fvrk-dev-alb/67ed6ab2ef1a162a/eeb313d174bdb2d6",
            "load_balancer_arn": "arn:aws:elasticloadbalancing:ap-south-1:010438478476:loadbalancer/app/Fvrk-dev-alb/67ed6ab2ef1a162a",
            "mutual_authentication": [
              {
                "advertise_trust_store_ca_names": "",
                "ignore_client_certificate_expiry": false,
                "mode": "off",
                "trust_store_arn": ""
              }
            ],
            "port": 443,
            "protocol": "HTTPS",
            "routing_http_request_x_amzn_mtls_clientcert_header_name": "",
            "routing_http_request_x_amzn_mtls_clientcert_issuer_header_name": "",
            "routing_http_request_x_amzn_mtls_clientcert_leaf_header_name": "",
            "routing_http_request_x_amzn_mtls_clientcert_serial_number_header_name": "",
            "routing_http_request_x_amzn_mtls_clientcert_subject_header_name": "",
            "routing_http_request_x_amzn_mtls_clientcert_validity_header_name": "",
            "routing_http_request_x_amzn_tls_cipher_suite_header_name": "",
            "routing_http_request_x_amzn_tls_version_header_name": "",
            "routing_http_response_access_control_allow_credentials_header_value": "",
            "routing_http_response_access_control_allow_headers_header_value": "",
            "routing_http_response_access_control_allow_methods_header_value": "",
            "routing_http_response_access_control_allow_origin_header_value": "",
            "routing_http_response_access_control_expose_headers_header_value": "",
            "routing_http_response_access_control_max_age_header_value": "",
            "routing_http_response_content_security_policy_header_value": "",
            "routing_http_response_server_enabled": true,
            "routing_http_response_strict_transport_security_header_value": "",
            "routing_http_response_x_content_type_options_header_value": "",
            "routing_http_response_x_frame_options_header_value": "",
            "ssl_policy": "ELBSecurityPolicy-2016-08",
            "tags": {},
            "tags_all": {},
            "tcp_idle_timeout_seconds": null,
            "timeouts": null
          },
          "sensitive_attributes": [],
          "identity_schema_version": 0,
          "private": "eyJlMmJmYjczMC1lY2FhLTExZTYtOGY4OC0zNDM2M2JjN2M0YzAiOnsiY3JlYXRlIjozMDAwMDAwMDAwMDAsInVwZGF0ZSI6MzAwMDAwMDAwMDAwfX0=",
          "dependencies": [
            "aws_lb.main",
            "aws_lb_target_group.main",
            "aws_security_group.alb_sg",
            "aws_subnet.public",
            "aws_vpc.main",
            "data.aws_availability_zones.available",
            "data.aws_eks_cluster.cluster"
          ]
        }
      ]
    },
    {
      "mode": "managed",
      "type": "aws_lb_listener_rule",
      "name": "rule_1",
      "provider": "provider[\"registry.terraform.io/hashicorp/aws\"]",
      "instances": [
        {
          "schema_version": 0,
          "attributes": {
            "action": [
              {
                "authenticate_cognito": [],
                "authenticate_oidc": [],
                "fixed_response": [],
                "forward": [],
                "order": 1,
                "redirect": [],
                "target_group_arn": "arn:aws:elasticloadbalancing:ap-south-1:010438478476:targetgroup/k8s-document-classification/f03160f1b7231384",
                "type": "forward"
              }
            ],
            "arn": "arn:aws:elasticloadbalancing:ap-south-1:010438478476:listener-rule/app/Fvrk-dev-alb/67ed6ab2ef1a162a/eeb313d174bdb2d6/03492a8af61aad9f",
            "condition": [
              {
                "host_header": [],
                "http_header": [],
                "http_request_method": [],
                "path_pattern": [
                  {
                    "values": [
                      "/api/document-embedding-classification/*"
                    ]
                  }
                ],
                "query_string": [],
                "source_ip": []
              }
            ],
            "id": "arn:aws:elasticloadbalancing:ap-south-1:010438478476:listener-rule/app/Fvrk-dev-alb/67ed6ab2ef1a162a/eeb313d174bdb2d6/03492a8af61aad9f",
            "listener_arn": "arn:aws:elasticloadbalancing:ap-south-1:010438478476:listener/app/Fvrk-dev-alb/67ed6ab2ef1a162a/eeb313d174bdb2d6",
            "priority": 1,
            "tags": {},
            "tags_all": {}
          },
          "sensitive_attributes": [],
          "identity_schema_version": 0,
          "private": "bnVsbA==",
          "dependencies": [
            "aws_lb.main",
            "aws_lb_listener.https",
            "aws_lb_target_group.main",
            "aws_security_group.alb_sg",
            "aws_subnet.public",
            "aws_vpc.main",
            "data.aws_availability_zones.available",
            "data.aws_eks_cluster.cluster"
          ]
        }
      ]
    },
    {
      "mode": "managed",
      "type": "aws_lb_listener_rule",
      "name": "rule_10",
      "provider": "provider[\"registry.terraform.io/hashicorp/aws\"]",
      "instances": [
        {
          "schema_version": 0,
          "attributes": {
            "action": [
              {
                "authenticate_cognito": [],
                "authenticate_oidc": [],
                "fixed_response": [],
                "forward": [],
                "order": 1,
                "redirect": [],
                "target_group_arn": "arn:aws:elasticloadbalancing:ap-south-1:010438478476:targetgroup/k8s-text-extraction/9ed3adc30cb1c445",
                "type": "forward"
              }
            ],
            "arn": "arn:aws:elasticloadbalancing:ap-south-1:010438478476:listener-rule/app/Fvrk-dev-alb/67ed6ab2ef1a162a/eeb313d174bdb2d6/8a3e574a6f5b5de3",
            "condition": [
              {
                "host_header": [],
                "http_header": [],
                "http_request_method": [],
                "path_pattern": [
                  {
                    "values": [
                      "/api/document-text-extraction/*"
                    ]
                  }
                ],
                "query_string": [],
                "source_ip": []
              }
            ],
            "id": "arn:aws:elasticloadbalancing:ap-south-1:010438478476:listener-rule/app/Fvrk-dev-alb/67ed6ab2ef1a162a/eeb313d174bdb2d6/8a3e574a6f5b5de3",
            "listener_arn": "arn:aws:elasticloadbalancing:ap-south-1:010438478476:listener/app/Fvrk-dev-alb/67ed6ab2ef1a162a/eeb313d174bdb2d6",
            "priority": 10,
            "tags": {},
            "tags_all": {}
          },
          "sensitive_attributes": [],
          "identity_schema_version": 0,
          "private": "bnVsbA==",
          "dependencies": [
            "aws_lb.main",
            "aws_lb_listener.https",
            "aws_lb_target_group.main",
            "aws_security_group.alb_sg",
            "aws_subnet.public",
            "aws_vpc.main",
            "data.aws_availability_zones.available",
            "data.aws_eks_cluster.cluster"
          ]
        }
      ]
    },
    {
      "mode": "managed",
      "type": "aws_lb_listener_rule",
      "name": "rule_12",
      "provider": "provider[\"registry.terraform.io/hashicorp/aws\"]",
      "instances": [
        {
          "schema_version": 0,
          "attributes": {
            "action": [
              {
                "authenticate_cognito": [],
                "authenticate_oidc": [],
                "fixed_response": [],
                "forward": [],
                "order": 1,
                "redirect": [],
                "target_group_arn": "arn:aws:elasticloadbalancing:ap-south-1:010438478476:targetgroup/k8s-frame/59a1b5e9c5a5f396",
                "type": "forward"
              }
            ],
            "arn": "arn:aws:elasticloadbalancing:ap-south-1:010438478476:listener-rule/app/Fvrk-dev-alb/67ed6ab2ef1a162a/eeb313d174bdb2d6/ce5e5d81a4b0643f",
            "condition": [
              {
                "host_header": [
                  {
                    "values": [
                      "frame.aithondev.com"
                    ]
                  }
                ],
                "http_header": [],
                "http_request_method": [],
                "path_pattern": [],
                "query_string": [],
                "source_ip": []
              }
            ],
            "id": "arn:aws:elasticloadbalancing:ap-south-1:010438478476:listener-rule/app/Fvrk-dev-alb/67ed6ab2ef1a162a/eeb313d174bdb2d6/ce5e5d81a4b0643f",
            "listener_arn": "arn:aws:elasticloadbalancing:ap-south-1:010438478476:listener/app/Fvrk-dev-alb/67ed6ab2ef1a162a/eeb313d174bdb2d6",
            "priority": 12,
            "tags": {},
            "tags_all": {}
          },
          "sensitive_attributes": [],
          "identity_schema_version": 0,
          "private": "bnVsbA==",
          "dependencies": [
            "aws_lb.main",
            "aws_lb_listener.https",
            "aws_lb_target_group.main",
            "aws_security_group.alb_sg",
            "aws_subnet.public",
            "aws_vpc.main",
            "data.aws_availability_zones.available",
            "data.aws_eks_cluster.cluster"
          ]
        }
      ]
    },
    {
      "mode": "managed",
      "type": "aws_lb_listener_rule",
      "name": "rule_2",
      "provider": "provider[\"registry.terraform.io/hashicorp/aws\"]",
      "instances": [
        {
          "schema_version": 0,
          "attributes": {
            "action": [
              {
                "authenticate_cognito": [],
                "authenticate_oidc": [],
                "fixed_response": [],
                "forward": [],
                "order": 1,
                "redirect": [],
                "target_group_arn": "arn:aws:elasticloadbalancing:ap-south-1:010438478476:targetgroup/k8s-validus/53bd94ecbd102d09",
                "type": "forward"
              }
            ],
            "arn": "arn:aws:elasticloadbalancing:ap-south-1:010438478476:listener-rule/app/Fvrk-dev-alb/67ed6ab2ef1a162a/eeb313d174bdb2d6/ec922d3c6542c801",
            "condition": [
              {
                "host_header": [
                  {
                    "values": [
                      "validus.aithondev.com"
                    ]
                  }
                ],
                "http_header": [],
                "http_request_method": [],
                "path_pattern": [],
                "query_string": [],
                "source_ip": []
              }
            ],
            "id": "arn:aws:elasticloadbalancing:ap-south-1:010438478476:listener-rule/app/Fvrk-dev-alb/67ed6ab2ef1a162a/eeb313d174bdb2d6/ec922d3c6542c801",
            "listener_arn": "arn:aws:elasticloadbalancing:ap-south-1:010438478476:listener/app/Fvrk-dev-alb/67ed6ab2ef1a162a/eeb313d174bdb2d6",
            "priority": 2,
            "tags": {},
            "tags_all": {}
          },
          "sensitive_attributes": [],
          "identity_schema_version": 0,
          "private": "bnVsbA==",
          "dependencies": [
            "aws_lb.main",
            "aws_lb_listener.https",
            "aws_lb_target_group.main",
            "aws_security_group.alb_sg",
            "aws_subnet.public",
            "aws_vpc.main",
            "data.aws_availability_zones.available",
            "data.aws_eks_cluster.cluster"
          ]
        }
      ]
    },
    {
      "mode": "managed",
      "type": "aws_lb_listener_rule",
      "name": "rule_3",
      "provider": "provider[\"registry.terraform.io/hashicorp/aws\"]",
      "instances": [
        {
          "schema_version": 0,
          "attributes": {
            "action": [
              {
                "authenticate_cognito": [],
                "authenticate_oidc": [],
                "fixed_response": [],
                "forward": [],
                "order": 1,
                "redirect": [],
                "target_group_arn": "arn:aws:elasticloadbalancing:ap-south-1:010438478476:targetgroup/k8s-jenkins-tg/c51fe36e4d59b8cf",
                "type": "forward"
              }
            ],
            "arn": "arn:aws:elasticloadbalancing:ap-south-1:010438478476:listener-rule/app/Fvrk-dev-alb/67ed6ab2ef1a162a/eeb313d174bdb2d6/c175ec3a703b26a4",
            "condition": [
              {
                "host_header": [
                  {
                    "values": [
                      "jenkins.aithondev.com"
                    ]
                  }
                ],
                "http_header": [],
                "http_request_method": [],
                "path_pattern": [],
                "query_string": [],
                "source_ip": []
              }
            ],
            "id": "arn:aws:elasticloadbalancing:ap-south-1:010438478476:listener-rule/app/Fvrk-dev-alb/67ed6ab2ef1a162a/eeb313d174bdb2d6/c175ec3a703b26a4",
            "listener_arn": "arn:aws:elasticloadbalancing:ap-south-1:010438478476:listener/app/Fvrk-dev-alb/67ed6ab2ef1a162a/eeb313d174bdb2d6",
            "priority": 3,
            "tags": null,
            "tags_all": {}
          },
          "sensitive_attributes": [],
          "identity_schema_version": 0,
          "private": "bnVsbA==",
          "dependencies": [
            "aws_lb.main",
            "aws_lb_listener.https",
            "aws_lb_target_group.main",
            "aws_security_group.alb_sg",
            "aws_subnet.public",
            "aws_vpc.main",
            "data.aws_availability_zones.available",
            "data.aws_eks_cluster.cluster"
          ]
        }
      ]
    },
    {
      "mode": "managed",
      "type": "aws_lb_listener_rule",
      "name": "rule_4",
      "provider": "provider[\"registry.terraform.io/hashicorp/aws\"]",
      "instances": [
        {
          "schema_version": 0,
          "attributes": {
            "action": [
              {
                "authenticate_cognito": [],
                "authenticate_oidc": [],
                "fixed_response": [],
                "forward": [],
                "order": 1,
                "redirect": [],
                "target_group_arn": "arn:aws:elasticloadbalancing:ap-south-1:010438478476:targetgroup/k8s-argocd/2e2a2b6bb81ee865",
                "type": "forward"
              }
            ],
            "arn": "arn:aws:elasticloadbalancing:ap-south-1:010438478476:listener-rule/app/Fvrk-dev-alb/67ed6ab2ef1a162a/eeb313d174bdb2d6/cd0649014672364d",
            "condition": [
              {
                "host_header": [
                  {
                    "values": [
                      "argocd.aithondev.com"
                    ]
                  }
                ],
                "http_header": [],
                "http_request_method": [],
                "path_pattern": [],
                "query_string": [],
                "source_ip": []
              }
            ],
            "id": "arn:aws:elasticloadbalancing:ap-south-1:010438478476:listener-rule/app/Fvrk-dev-alb/67ed6ab2ef1a162a/eeb313d174bdb2d6/cd0649014672364d",
            "listener_arn": "arn:aws:elasticloadbalancing:ap-south-1:010438478476:listener/app/Fvrk-dev-alb/67ed6ab2ef1a162a/eeb313d174bdb2d6",
            "priority": 4,
            "tags": {},
            "tags_all": {}
          },
          "sensitive_attributes": [],
          "identity_schema_version": 0,
          "private": "bnVsbA==",
          "dependencies": [
            "aws_lb.main",
            "aws_lb_listener.https",
            "aws_lb_target_group.main",
            "aws_security_group.alb_sg",
            "aws_subnet.public",
            "aws_vpc.main",
            "data.aws_availability_zones.available",
            "data.aws_eks_cluster.cluster"
          ]
        }
      ]
    },
    {
      "mode": "managed",
      "type": "aws_lb_listener_rule",
      "name": "rule_5",
      "provider": "provider[\"registry.terraform.io/hashicorp/aws\"]",
      "instances": [
        {
          "schema_version": 0,
          "attributes": {
            "action": [
              {
                "authenticate_cognito": [],
                "authenticate_oidc": [],
                "fixed_response": [],
                "forward": [],
                "order": 1,
                "redirect": [],
                "target_group_arn": "arn:aws:elasticloadbalancing:ap-south-1:010438478476:targetgroup/k8s-document-page-classification/18d590720dcf5c42",
                "type": "forward"
              }
            ],
            "arn": "arn:aws:elasticloadbalancing:ap-south-1:010438478476:listener-rule/app/Fvrk-dev-alb/67ed6ab2ef1a162a/eeb313d174bdb2d6/ee47dc865bcd4d17",
            "condition": [
              {
                "host_header": [],
                "http_header": [],
                "http_request_method": [],
                "path_pattern": [
                  {
                    "values": [
                      "/api/page-classification/*"
                    ]
                  }
                ],
                "query_string": [],
                "source_ip": []
              }
            ],
            "id": "arn:aws:elasticloadbalancing:ap-south-1:010438478476:listener-rule/app/Fvrk-dev-alb/67ed6ab2ef1a162a/eeb313d174bdb2d6/ee47dc865bcd4d17",
            "listener_arn": "arn:aws:elasticloadbalancing:ap-south-1:010438478476:listener/app/Fvrk-dev-alb/67ed6ab2ef1a162a/eeb313d174bdb2d6",
            "priority": 5,
            "tags": {},
            "tags_all": {}
          },
          "sensitive_attributes": [],
          "identity_schema_version": 0,
          "private": "bnVsbA==",
          "dependencies": [
            "aws_lb.main",
            "aws_lb_listener.https",
            "aws_lb_target_group.main",
            "aws_security_group.alb_sg",
            "aws_subnet.public",
            "aws_vpc.main",
            "data.aws_availability_zones.available",
            "data.aws_eks_cluster.cluster"
          ]
        }
      ]
    },
    {
      "mode": "managed",
      "type": "aws_lb_listener_rule",
      "name": "rule_6",
      "provider": "provider[\"registry.terraform.io/hashicorp/aws\"]",
      "instances": [
        {
          "schema_version": 0,
          "attributes": {
            "action": [
              {
                "authenticate_cognito": [],
                "authenticate_oidc": [],
                "fixed_response": [],
                "forward": [],
                "order": 1,
                "redirect": [],
                "target_group_arn": "arn:aws:elasticloadbalancing:ap-south-1:010438478476:targetgroup/k8s-document-field-extraction/ec53c2fb028a692c",
                "type": "forward"
              }
            ],
            "arn": "arn:aws:elasticloadbalancing:ap-south-1:010438478476:listener-rule/app/Fvrk-dev-alb/67ed6ab2ef1a162a/eeb313d174bdb2d6/572e1bc9618cbc57",
            "condition": [
              {
                "host_header": [],
                "http_header": [],
                "http_request_method": [],
                "path_pattern": [
                  {
                    "values": [
                      "/api/field-extraction/*"
                    ]
                  }
                ],
                "query_string": [],
                "source_ip": []
              }
            ],
            "id": "arn:aws:elasticloadbalancing:ap-south-1:010438478476:listener-rule/app/Fvrk-dev-alb/67ed6ab2ef1a162a/eeb313d174bdb2d6/572e1bc9618cbc57",
            "listener_arn": "arn:aws:elasticloadbalancing:ap-south-1:010438478476:listener/app/Fvrk-dev-alb/67ed6ab2ef1a162a/eeb313d174bdb2d6",
            "priority": 6,
            "tags": {},
            "tags_all": {}
          },
          "sensitive_attributes": [],
          "identity_schema_version": 0,
          "private": "bnVsbA==",
          "dependencies": [
            "aws_lb.main",
            "aws_lb_listener.https",
            "aws_lb_target_group.main",
            "aws_security_group.alb_sg",
            "aws_subnet.public",
            "aws_vpc.main",
            "data.aws_availability_zones.available",
            "data.aws_eks_cluster.cluster"
          ]
        }
      ]
    },
    {
      "mode": "managed",
      "type": "aws_lb_listener_rule",
      "name": "rule_7",
      "provider": "provider[\"registry.terraform.io/hashicorp/aws\"]",
      "instances": [
        {
          "schema_version": 0,
          "attributes": {
            "action": [
              {
                "authenticate_cognito": [],
                "authenticate_oidc": [],
                "fixed_response": [],
                "forward": [],
                "order": 1,
                "redirect": [],
                "target_group_arn": "arn:aws:elasticloadbalancing:ap-south-1:010438478476:targetgroup/k8s-konga-service/728f3601434a94d1",
                "type": "forward"
              }
            ],
            "arn": "arn:aws:elasticloadbalancing:ap-south-1:010438478476:listener-rule/app/Fvrk-dev-alb/67ed6ab2ef1a162a/eeb313d174bdb2d6/46b75a73645eff5f",
            "condition": [
              {
                "host_header": [
                  {
                    "values": [
                      "konga.aithondev.com"
                    ]
                  }
                ],
                "http_header": [],
                "http_request_method": [],
                "path_pattern": [],
                "query_string": [],
                "source_ip": []
              }
            ],
            "id": "arn:aws:elasticloadbalancing:ap-south-1:010438478476:listener-rule/app/Fvrk-dev-alb/67ed6ab2ef1a162a/eeb313d174bdb2d6/46b75a73645eff5f",
            "listener_arn": "arn:aws:elasticloadbalancing:ap-south-1:010438478476:listener/app/Fvrk-dev-alb/67ed6ab2ef1a162a/eeb313d174bdb2d6",
            "priority": 7,
            "tags": {},
            "tags_all": {}
          },
          "sensitive_attributes": [],
          "identity_schema_version": 0,
          "private": "bnVsbA==",
          "dependencies": [
            "aws_lb.main",
            "aws_lb_listener.https",
            "aws_lb_target_group.main",
            "aws_security_group.alb_sg",
            "aws_subnet.public",
            "aws_vpc.main",
            "data.aws_availability_zones.available",
            "data.aws_eks_cluster.cluster"
          ]
        }
      ]
    },
    {
      "mode": "managed",
      "type": "aws_lb_listener_rule",
      "name": "rule_8",
      "provider": "provider[\"registry.terraform.io/hashicorp/aws\"]",
      "instances": [
        {
          "schema_version": 0,
          "attributes": {
            "action": [
              {
                "authenticate_cognito": [],
                "authenticate_oidc": [],
                "fixed_response": [],
                "forward": [],
                "order": 1,
                "redirect": [],
                "target_group_arn": "arn:aws:elasticloadbalancing:ap-south-1:010438478476:targetgroup/k8s-keycloak/ef8882db4db4467a",
                "type": "forward"
              }
            ],
            "arn": "arn:aws:elasticloadbalancing:ap-south-1:010438478476:listener-rule/app/Fvrk-dev-alb/67ed6ab2ef1a162a/eeb313d174bdb2d6/7d6d3dfe306de522",
            "condition": [
              {
                "host_header": [
                  {
                    "values": [
                      "keycloak.aithondev.com"
                    ]
                  }
                ],
                "http_header": [],
                "http_request_method": [],
                "path_pattern": [],
                "query_string": [],
                "source_ip": []
              }
            ],
            "id": "arn:aws:elasticloadbalancing:ap-south-1:010438478476:listener-rule/app/Fvrk-dev-alb/67ed6ab2ef1a162a/eeb313d174bdb2d6/7d6d3dfe306de522",
            "listener_arn": "arn:aws:elasticloadbalancing:ap-south-1:010438478476:listener/app/Fvrk-dev-alb/67ed6ab2ef1a162a/eeb313d174bdb2d6",
            "priority": 8,
            "tags": {},
            "tags_all": {}
          },
          "sensitive_attributes": [],
          "identity_schema_version": 0,
          "private": "bnVsbA==",
          "dependencies": [
            "aws_lb.main",
            "aws_lb_listener.https",
            "aws_lb_target_group.main",
            "aws_security_group.alb_sg",
            "aws_subnet.public",
            "aws_vpc.main",
            "data.aws_availability_zones.available",
            "data.aws_eks_cluster.cluster"
          ]
        }
      ]
    },
    {
      "mode": "managed",
      "type": "aws_lb_listener_rule",
      "name": "rule_9",
      "provider": "provider[\"registry.terraform.io/hashicorp/aws\"]",
      "instances": [
        {
          "schema_version": 0,
          "attributes": {
            "action": [
              {
                "authenticate_cognito": [],
                "authenticate_oidc": [],
                "fixed_response": [],
                "forward": [],
                "order": 1,
                "redirect": [],
                "target_group_arn": "arn:aws:elasticloadbalancing:ap-south-1:010438478476:targetgroup/k8s-rabbit-mq/598731525206f7b4",
                "type": "forward"
              }
            ],
            "arn": "arn:aws:elasticloadbalancing:ap-south-1:010438478476:listener-rule/app/Fvrk-dev-alb/67ed6ab2ef1a162a/eeb313d174bdb2d6/d4a40714823811c3",
            "condition": [
              {
                "host_header": [
                  {
                    "values": [
                      "rabbitmq.aithondev.com"
                    ]
                  }
                ],
                "http_header": [],
                "http_request_method": [],
                "path_pattern": [],
                "query_string": [],
                "source_ip": []
              }
            ],
            "id": "arn:aws:elasticloadbalancing:ap-south-1:010438478476:listener-rule/app/Fvrk-dev-alb/67ed6ab2ef1a162a/eeb313d174bdb2d6/d4a40714823811c3",
            "listener_arn": "arn:aws:elasticloadbalancing:ap-south-1:010438478476:listener/app/Fvrk-dev-alb/67ed6ab2ef1a162a/eeb313d174bdb2d6",
            "priority": 9,
            "tags": {},
            "tags_all": {}
          },
          "sensitive_attributes": [],
          "identity_schema_version": 0,
          "private": "bnVsbA==",
          "dependencies": [
            "aws_lb.main",
            "aws_lb_listener.https",
            "aws_lb_target_group.main",
            "aws_security_group.alb_sg",
            "aws_subnet.public",
            "aws_vpc.main",
            "data.aws_availability_zones.available",
            "data.aws_eks_cluster.cluster"
          ]
        }
      ]
    },
    {
      "mode": "managed",
      "type": "aws_lb_target_group",
      "name": "main",
      "provider": "provider[\"registry.terraform.io/hashicorp/aws\"]",
      "instances": [
        {
          "index_key": "argocd",
          "schema_version": 0,
          "attributes": {
            "arn": "arn:aws:elasticloadbalancing:ap-south-1:010438478476:targetgroup/k8s-argocd/2e2a2b6bb81ee865",
            "arn_suffix": "targetgroup/k8s-argocd/2e2a2b6bb81ee865",
            "connection_termination": null,
            "deregistration_delay": "300",
            "health_check": [
              {
                "enabled": true,
                "healthy_threshold": 3,
                "interval": 30,
                "matcher": "200-499",
                "path": "/healthz",
                "port": "traffic-port",
                "protocol": "HTTP",
                "timeout": 5,
                "unhealthy_threshold": 3
              }
            ],
            "id": "arn:aws:elasticloadbalancing:ap-south-1:010438478476:targetgroup/k8s-argocd/2e2a2b6bb81ee865",
            "ip_address_type": "ipv4",
            "lambda_multi_value_headers_enabled": false,
            "load_balancer_arns": [
              "arn:aws:elasticloadbalancing:ap-south-1:010438478476:loadbalancer/app/Fvrk-dev-alb/67ed6ab2ef1a162a"
            ],
            "load_balancing_algorithm_type": "round_robin",
            "load_balancing_anomaly_mitigation": "off",
            "load_balancing_cross_zone_enabled": "use_load_balancer_configuration",
            "name": "k8s-argocd",
            "name_prefix": "",
            "port": 30100,
            "preserve_client_ip": null,
            "protocol": "HTTP",
            "protocol_version": "HTTP1",
            "proxy_protocol_v2": false,
            "slow_start": 0,
            "stickiness": [
              {
                "cookie_duration": 86400,
                "cookie_name": "",
                "enabled": false,
                "type": "lb_cookie"
              }
            ],
            "tags": {
              "ManagedBy": "Terraform"
            },
            "tags_all": {
              "ManagedBy": "Terraform"
            },
            "target_failover": [
              {
                "on_deregistration": null,
                "on_unhealthy": null
              }
            ],
            "target_group_health": [
              {
                "dns_failover": [
                  {
                    "minimum_healthy_targets_count": "1",
                    "minimum_healthy_targets_percentage": "off"
                  }
                ],
                "unhealthy_state_routing": [
                  {
                    "minimum_healthy_targets_count": 1,
                    "minimum_healthy_targets_percentage": "off"
                  }
                ]
              }
            ],
            "target_health_state": [
              {
                "enable_unhealthy_connection_termination": null,
                "unhealthy_draining_interval": null
              }
            ],
            "target_type": "instance",
            "vpc_id": "vpc-01559cc551ee9ce1f"
          },
          "sensitive_attributes": [],
          "identity_schema_version": 0,
          "private": "bnVsbA==",
          "dependencies": [
            "data.aws_eks_cluster.cluster"
          ]
        },
        {
          "index_key": "document-classification",
          "schema_version": 0,
          "attributes": {
            "arn": "arn:aws:elasticloadbalancing:ap-south-1:010438478476:targetgroup/k8s-document-classification/f03160f1b7231384",
            "arn_suffix": "targetgroup/k8s-document-classification/f03160f1b7231384",
            "connection_termination": null,
            "deregistration_delay": "300",
            "health_check": [
              {
                "enabled": true,
                "healthy_threshold": 3,
                "interval": 30,
                "matcher": "200-499",
                "path": "/api/document-embedding-classification/health",
                "port": "traffic-port",
                "protocol": "HTTP",
                "timeout": 5,
                "unhealthy_threshold": 3
              }
            ],
            "id": "arn:aws:elasticloadbalancing:ap-south-1:010438478476:targetgroup/k8s-document-classification/f03160f1b7231384",
            "ip_address_type": "ipv4",
            "lambda_multi_value_headers_enabled": false,
            "load_balancer_arns": [
              "arn:aws:elasticloadbalancing:ap-south-1:010438478476:loadbalancer/app/Fvrk-dev-alb/67ed6ab2ef1a162a"
            ],
            "load_balancing_algorithm_type": "round_robin",
            "load_balancing_anomaly_mitigation": "off",
            "load_balancing_cross_zone_enabled": "use_load_balancer_configuration",
            "name": "k8s-document-classification",
            "name_prefix": "",
            "port": 30006,
            "preserve_client_ip": null,
            "protocol": "HTTP",
            "protocol_version": "HTTP1",
            "proxy_protocol_v2": false,
            "slow_start": 0,
            "stickiness": [
              {
                "cookie_duration": 86400,
                "cookie_name": "",
                "enabled": false,
                "type": "lb_cookie"
              }
            ],
            "tags": {
              "ManagedBy": "Terraform"
            },
            "tags_all": {
              "ManagedBy": "Terraform"
            },
            "target_failover": [
              {
                "on_deregistration": null,
                "on_unhealthy": null
              }
            ],
            "target_group_health": [
              {
                "dns_failover": [
                  {
                    "minimum_healthy_targets_count": "1",
                    "minimum_healthy_targets_percentage": "off"
                  }
                ],
                "unhealthy_state_routing": [
                  {
                    "minimum_healthy_targets_count": 1,
                    "minimum_healthy_targets_percentage": "off"
                  }
                ]
              }
            ],
            "target_health_state": [
              {
                "enable_unhealthy_connection_termination": null,
                "unhealthy_draining_interval": null
              }
            ],
            "target_type": "instance",
            "vpc_id": "vpc-01559cc551ee9ce1f"
          },
          "sensitive_attributes": [],
          "identity_schema_version": 0,
          "private": "bnVsbA==",
          "dependencies": [
            "data.aws_eks_cluster.cluster"
          ]
        },
        {
          "index_key": "document-field-extraction",
          "schema_version": 0,
          "attributes": {
            "arn": "arn:aws:elasticloadbalancing:ap-south-1:010438478476:targetgroup/k8s-document-field-extraction/ec53c2fb028a692c",
            "arn_suffix": "targetgroup/k8s-document-field-extraction/ec53c2fb028a692c",
            "connection_termination": null,
            "deregistration_delay": "300",
            "health_check": [
              {
                "enabled": true,
                "healthy_threshold": 3,
                "interval": 30,
                "matcher": "200-499",
                "path": "/api/field-extraction/health",
                "port": "traffic-port",
                "protocol": "HTTP",
                "timeout": 5,
                "unhealthy_threshold": 3
              }
            ],
            "id": "arn:aws:elasticloadbalancing:ap-south-1:010438478476:targetgroup/k8s-document-field-extraction/ec53c2fb028a692c",
            "ip_address_type": "ipv4",
            "lambda_multi_value_headers_enabled": false,
            "load_balancer_arns": [
              "arn:aws:elasticloadbalancing:ap-south-1:010438478476:loadbalancer/app/Fvrk-dev-alb/67ed6ab2ef1a162a"
            ],
            "load_balancing_algorithm_type": "round_robin",
            "load_balancing_anomaly_mitigation": "off",
            "load_balancing_cross_zone_enabled": "use_load_balancer_configuration",
            "name": "k8s-document-field-extraction",
            "name_prefix": "",
            "port": 30004,
            "preserve_client_ip": null,
            "protocol": "HTTP",
            "protocol_version": "HTTP1",
            "proxy_protocol_v2": false,
            "slow_start": 0,
            "stickiness": [
              {
                "cookie_duration": 86400,
                "cookie_name": "",
                "enabled": false,
                "type": "lb_cookie"
              }
            ],
            "tags": {
              "ManagedBy": "Terraform"
            },
            "tags_all": {
              "ManagedBy": "Terraform"
            },
            "target_failover": [
              {
                "on_deregistration": null,
                "on_unhealthy": null
              }
            ],
            "target_group_health": [
              {
                "dns_failover": [
                  {
                    "minimum_healthy_targets_count": "1",
                    "minimum_healthy_targets_percentage": "off"
                  }
                ],
                "unhealthy_state_routing": [
                  {
                    "minimum_healthy_targets_count": 1,
                    "minimum_healthy_targets_percentage": "off"
                  }
                ]
              }
            ],
            "target_health_state": [
              {
                "enable_unhealthy_connection_termination": null,
                "unhealthy_draining_interval": null
              }
            ],
            "target_type": "instance",
            "vpc_id": "vpc-01559cc551ee9ce1f"
          },
          "sensitive_attributes": [],
          "identity_schema_version": 0,
          "private": "bnVsbA==",
          "dependencies": [
            "data.aws_eks_cluster.cluster"
          ]
        },
        {
          "index_key": "document-page-classification",
          "schema_version": 0,
          "attributes": {
            "arn": "arn:aws:elasticloadbalancing:ap-south-1:010438478476:targetgroup/k8s-document-page-classification/18d590720dcf5c42",
            "arn_suffix": "targetgroup/k8s-document-page-classification/18d590720dcf5c42",
            "connection_termination": null,
            "deregistration_delay": "300",
            "health_check": [
              {
                "enabled": true,
                "healthy_threshold": 3,
                "interval": 30,
                "matcher": "200-499",
                "path": "/health",
                "port": "traffic-port",
                "protocol": "HTTP",
                "timeout": 5,
                "unhealthy_threshold": 3
              }
            ],
            "id": "arn:aws:elasticloadbalancing:ap-south-1:010438478476:targetgroup/k8s-document-page-classification/18d590720dcf5c42",
            "ip_address_type": "ipv4",
            "lambda_multi_value_headers_enabled": false,
            "load_balancer_arns": [
              "arn:aws:elasticloadbalancing:ap-south-1:010438478476:loadbalancer/app/Fvrk-dev-alb/67ed6ab2ef1a162a"
            ],
            "load_balancing_algorithm_type": "round_robin",
            "load_balancing_anomaly_mitigation": "off",
            "load_balancing_cross_zone_enabled": "use_load_balancer_configuration",
            "name": "k8s-document-page-classification",
            "name_prefix": "",
            "port": 30003,
            "preserve_client_ip": null,
            "protocol": "HTTP",
            "protocol_version": "HTTP1",
            "proxy_protocol_v2": false,
            "slow_start": 0,
            "stickiness": [
              {
                "cookie_duration": 86400,
                "cookie_name": "",
                "enabled": false,
                "type": "lb_cookie"
              }
            ],
            "tags": {
              "ManagedBy": "Terraform"
            },
            "tags_all": {
              "ManagedBy": "Terraform"
            },
            "target_failover": [
              {
                "on_deregistration": null,
                "on_unhealthy": null
              }
            ],
            "target_group_health": [
              {
                "dns_failover": [
                  {
                    "minimum_healthy_targets_count": "1",
                    "minimum_healthy_targets_percentage": "off"
                  }
                ],
                "unhealthy_state_routing": [
                  {
                    "minimum_healthy_targets_count": 1,
                    "minimum_healthy_targets_percentage": "off"
                  }
                ]
              }
            ],
            "target_health_state": [
              {
                "enable_unhealthy_connection_termination": null,
                "unhealthy_draining_interval": null
              }
            ],
            "target_type": "instance",
            "vpc_id": "vpc-01559cc551ee9ce1f"
          },
          "sensitive_attributes": [],
          "identity_schema_version": 0,
          "private": "bnVsbA==",
          "dependencies": [
            "data.aws_eks_cluster.cluster"
          ]
        },
        {
          "index_key": "frame",
          "schema_version": 0,
          "attributes": {
            "arn": "arn:aws:elasticloadbalancing:ap-south-1:010438478476:targetgroup/k8s-frame/59a1b5e9c5a5f396",
            "arn_suffix": "targetgroup/k8s-frame/59a1b5e9c5a5f396",
            "connection_termination": null,
            "deregistration_delay": "300",
            "health_check": [
              {
                "enabled": true,
                "healthy_threshold": 3,
                "interval": 30,
                "matcher": "200-499",
                "path": "/health",
                "port": "traffic-port",
                "protocol": "HTTP",
                "timeout": 5,
                "unhealthy_threshold": 3
              }
            ],
            "id": "arn:aws:elasticloadbalancing:ap-south-1:010438478476:targetgroup/k8s-frame/59a1b5e9c5a5f396",
            "ip_address_type": "ipv4",
            "lambda_multi_value_headers_enabled": false,
            "load_balancer_arns": [
              "arn:aws:elasticloadbalancing:ap-south-1:010438478476:loadbalancer/app/Fvrk-dev-alb/67ed6ab2ef1a162a"
            ],
            "load_balancing_algorithm_type": "round_robin",
            "load_balancing_anomaly_mitigation": "off",
            "load_balancing_cross_zone_enabled": "use_load_balancer_configuration",
            "name": "k8s-frame",
            "name_prefix": "",
            "port": 30040,
            "preserve_client_ip": null,
            "protocol": "HTTP",
            "protocol_version": "HTTP1",
            "proxy_protocol_v2": false,
            "slow_start": 0,
            "stickiness": [
              {
                "cookie_duration": 86400,
                "cookie_name": "",
                "enabled": false,
                "type": "lb_cookie"
              }
            ],
            "tags": {
              "ManagedBy": "Terraform"
            },
            "tags_all": {
              "ManagedBy": "Terraform"
            },
            "target_failover": [
              {
                "on_deregistration": null,
                "on_unhealthy": null
              }
            ],
            "target_group_health": [
              {
                "dns_failover": [
                  {
                    "minimum_healthy_targets_count": "1",
                    "minimum_healthy_targets_percentage": "off"
                  }
                ],
                "unhealthy_state_routing": [
                  {
                    "minimum_healthy_targets_count": 1,
                    "minimum_healthy_targets_percentage": "off"
                  }
                ]
              }
            ],
            "target_health_state": [
              {
                "enable_unhealthy_connection_termination": null,
                "unhealthy_draining_interval": null
              }
            ],
            "target_type": "instance",
            "vpc_id": "vpc-01559cc551ee9ce1f"
          },
          "sensitive_attributes": [],
          "identity_schema_version": 0,
          "private": "bnVsbA==",
          "dependencies": [
            "data.aws_eks_cluster.cluster"
          ]
        },
        {
          "index_key": "fvrk-dev-tg",
          "schema_version": 0,
          "attributes": {
            "arn": "arn:aws:elasticloadbalancing:ap-south-1:010438478476:targetgroup/k8s-fvrk-dev-tg/79c8648dc0f8cc7f",
            "arn_suffix": "targetgroup/k8s-fvrk-dev-tg/79c8648dc0f8cc7f",
            "connection_termination": null,
            "deregistration_delay": "300",
            "health_check": [
              {
                "enabled": true,
                "healthy_threshold": 3,
                "interval": 30,
                "matcher": "200-499",
                "path": "/",
                "port": "traffic-port",
                "protocol": "HTTP",
                "timeout": 5,
                "unhealthy_threshold": 3
              }
            ],
            "id": "arn:aws:elasticloadbalancing:ap-south-1:010438478476:targetgroup/k8s-fvrk-dev-tg/79c8648dc0f8cc7f",
            "ip_address_type": "ipv4",
            "lambda_multi_value_headers_enabled": false,
            "load_balancer_arns": [
              "arn:aws:elasticloadbalancing:ap-south-1:010438478476:loadbalancer/app/Fvrk-dev-alb/67ed6ab2ef1a162a"
            ],
            "load_balancing_algorithm_type": "round_robin",
            "load_balancing_anomaly_mitigation": "off",
            "load_balancing_cross_zone_enabled": "use_load_balancer_configuration",
            "name": "k8s-fvrk-dev-tg",
            "name_prefix": "",
            "port": 30080,
            "preserve_client_ip": null,
            "protocol": "HTTP",
            "protocol_version": "HTTP1",
            "proxy_protocol_v2": false,
            "slow_start": 0,
            "stickiness": [
              {
                "cookie_duration": 86400,
                "cookie_name": "",
                "enabled": false,
                "type": "lb_cookie"
              }
            ],
            "tags": {
              "ManagedBy": "Terraform"
            },
            "tags_all": {
              "ManagedBy": "Terraform"
            },
            "target_failover": [
              {
                "on_deregistration": null,
                "on_unhealthy": null
              }
            ],
            "target_group_health": [
              {
                "dns_failover": [
                  {
                    "minimum_healthy_targets_count": "1",
                    "minimum_healthy_targets_percentage": "off"
                  }
                ],
                "unhealthy_state_routing": [
                  {
                    "minimum_healthy_targets_count": 1,
                    "minimum_healthy_targets_percentage": "off"
                  }
                ]
              }
            ],
            "target_health_state": [
              {
                "enable_unhealthy_connection_termination": null,
                "unhealthy_draining_interval": null
              }
            ],
            "target_type": "instance",
            "vpc_id": "vpc-01559cc551ee9ce1f"
          },
          "sensitive_attributes": [],
          "identity_schema_version": 0,
          "private": "bnVsbA==",
          "dependencies": [
            "data.aws_eks_cluster.cluster"
          ]
        },
        {
          "index_key": "jenkins-tg",
          "schema_version": 0,
          "attributes": {
            "arn": "arn:aws:elasticloadbalancing:ap-south-1:010438478476:targetgroup/k8s-jenkins-tg/c51fe36e4d59b8cf",
            "arn_suffix": "targetgroup/k8s-jenkins-tg/c51fe36e4d59b8cf",
            "connection_termination": null,
            "deregistration_delay": "300",
            "health_check": [
              {
                "enabled": true,
                "healthy_threshold": 3,
                "interval": 30,
                "matcher": "200-499",
                "path": "/login",
                "port": "traffic-port",
                "protocol": "HTTP",
                "timeout": 5,
                "unhealthy_threshold": 3
              }
            ],
            "id": "arn:aws:elasticloadbalancing:ap-south-1:010438478476:targetgroup/k8s-jenkins-tg/c51fe36e4d59b8cf",
            "ip_address_type": "ipv4",
            "lambda_multi_value_headers_enabled": false,
            "load_balancer_arns": [],
            "load_balancing_algorithm_type": "round_robin",
            "load_balancing_anomaly_mitigation": "off",
            "load_balancing_cross_zone_enabled": "use_load_balancer_configuration",
            "name": "k8s-jenkins-tg",
            "name_prefix": "",
            "port": 30088,
            "preserve_client_ip": null,
            "protocol": "HTTP",
            "protocol_version": "HTTP1",
            "proxy_protocol_v2": false,
            "slow_start": 0,
            "stickiness": [
              {
                "cookie_duration": 86400,
                "cookie_name": "",
                "enabled": false,
                "type": "lb_cookie"
              }
            ],
            "tags": {
              "ManagedBy": "Terraform"
            },
            "tags_all": {
              "ManagedBy": "Terraform"
            },
            "target_failover": [
              {
                "on_deregistration": null,
                "on_unhealthy": null
              }
            ],
            "target_group_health": [
              {
                "dns_failover": [
                  {
                    "minimum_healthy_targets_count": "1",
                    "minimum_healthy_targets_percentage": "off"
                  }
                ],
                "unhealthy_state_routing": [
                  {
                    "minimum_healthy_targets_count": 1,
                    "minimum_healthy_targets_percentage": "off"
                  }
                ]
              }
            ],
            "target_health_state": [
              {
                "enable_unhealthy_connection_termination": null,
                "unhealthy_draining_interval": null
              }
            ],
            "target_type": "instance",
            "vpc_id": "vpc-01559cc551ee9ce1f"
          },
          "sensitive_attributes": [],
          "identity_schema_version": 0,
          "private": "bnVsbA==",
          "dependencies": [
            "data.aws_eks_cluster.cluster"
          ]
        },
        {
          "index_key": "keycloak",
          "schema_version": 0,
          "attributes": {
            "arn": "arn:aws:elasticloadbalancing:ap-south-1:010438478476:targetgroup/k8s-keycloak/ef8882db4db4467a",
            "arn_suffix": "targetgroup/k8s-keycloak/ef8882db4db4467a",
            "connection_termination": null,
            "deregistration_delay": "300",
            "health_check": [
              {
                "enabled": true,
                "healthy_threshold": 3,
                "interval": 30,
                "matcher": "200-499",
                "path": "/health/live",
                "port": "traffic-port",
                "protocol": "HTTP",
                "timeout": 5,
                "unhealthy_threshold": 3
              }
            ],
            "id": "arn:aws:elasticloadbalancing:ap-south-1:010438478476:targetgroup/k8s-keycloak/ef8882db4db4467a",
            "ip_address_type": "ipv4",
            "lambda_multi_value_headers_enabled": false,
            "load_balancer_arns": [
              "arn:aws:elasticloadbalancing:ap-south-1:010438478476:loadbalancer/app/Fvrk-dev-alb/67ed6ab2ef1a162a"
            ],
            "load_balancing_algorithm_type": "round_robin",
            "load_balancing_anomaly_mitigation": "off",
            "load_balancing_cross_zone_enabled": "use_load_balancer_configuration",
            "name": "k8s-keycloak",
            "name_prefix": "",
            "port": 30102,
            "preserve_client_ip": null,
            "protocol": "HTTP",
            "protocol_version": "HTTP1",
            "proxy_protocol_v2": false,
            "slow_start": 0,
            "stickiness": [
              {
                "cookie_duration": 86400,
                "cookie_name": "",
                "enabled": false,
                "type": "lb_cookie"
              }
            ],
            "tags": {
              "ManagedBy": "Terraform"
            },
            "tags_all": {
              "ManagedBy": "Terraform"
            },
            "target_failover": [
              {
                "on_deregistration": null,
                "on_unhealthy": null
              }
            ],
            "target_group_health": [
              {
                "dns_failover": [
                  {
                    "minimum_healthy_targets_count": "1",
                    "minimum_healthy_targets_percentage": "off"
                  }
                ],
                "unhealthy_state_routing": [
                  {
                    "minimum_healthy_targets_count": 1,
                    "minimum_healthy_targets_percentage": "off"
                  }
                ]
              }
            ],
            "target_health_state": [
              {
                "enable_unhealthy_connection_termination": null,
                "unhealthy_draining_interval": null
              }
            ],
            "target_type": "instance",
            "vpc_id": "vpc-01559cc551ee9ce1f"
          },
          "sensitive_attributes": [],
          "identity_schema_version": 0,
          "private": "bnVsbA==",
          "dependencies": [
            "data.aws_eks_cluster.cluster"
          ]
        },
        {
          "index_key": "konga-service",
          "schema_version": 0,
          "attributes": {
            "arn": "arn:aws:elasticloadbalancing:ap-south-1:010438478476:targetgroup/k8s-konga-service/728f3601434a94d1",
            "arn_suffix": "targetgroup/k8s-konga-service/728f3601434a94d1",
            "connection_termination": null,
            "deregistration_delay": "300",
            "health_check": [
              {
                "enabled": true,
                "healthy_threshold": 3,
                "interval": 30,
                "matcher": "200-499",
                "path": "/status",
                "port": "traffic-port",
                "protocol": "HTTP",
                "timeout": 5,
                "unhealthy_threshold": 3
              }
            ],
            "id": "arn:aws:elasticloadbalancing:ap-south-1:010438478476:targetgroup/k8s-konga-service/728f3601434a94d1",
            "ip_address_type": "ipv4",
            "lambda_multi_value_headers_enabled": false,
            "load_balancer_arns": [
              "arn:aws:elasticloadbalancing:ap-south-1:010438478476:loadbalancer/app/Fvrk-dev-alb/67ed6ab2ef1a162a"
            ],
            "load_balancing_algorithm_type": "round_robin",
            "load_balancing_anomaly_mitigation": "off",
            "load_balancing_cross_zone_enabled": "use_load_balancer_configuration",
            "name": "k8s-konga-service",
            "name_prefix": "",
            "port": 30108,
            "preserve_client_ip": null,
            "protocol": "HTTP",
            "protocol_version": "HTTP1",
            "proxy_protocol_v2": false,
            "slow_start": 0,
            "stickiness": [
              {
                "cookie_duration": 86400,
                "cookie_name": "",
                "enabled": false,
                "type": "lb_cookie"
              }
            ],
            "tags": {
              "ManagedBy": "Terraform"
            },
            "tags_all": {
              "ManagedBy": "Terraform"
            },
            "target_failover": [
              {
                "on_deregistration": null,
                "on_unhealthy": null
              }
            ],
            "target_group_health": [
              {
                "dns_failover": [
                  {
                    "minimum_healthy_targets_count": "1",
                    "minimum_healthy_targets_percentage": "off"
                  }
                ],
                "unhealthy_state_routing": [
                  {
                    "minimum_healthy_targets_count": 1,
                    "minimum_healthy_targets_percentage": "off"
                  }
                ]
              }
            ],
            "target_health_state": [
              {
                "enable_unhealthy_connection_termination": null,
                "unhealthy_draining_interval": null
              }
            ],
            "target_type": "instance",
            "vpc_id": "vpc-01559cc551ee9ce1f"
          },
          "sensitive_attributes": [],
          "identity_schema_version": 0,
          "private": "bnVsbA==",
          "dependencies": [
            "data.aws_eks_cluster.cluster"
          ]
        },
        {
          "index_key": "rabbit-mq",
          "schema_version": 0,
          "attributes": {
            "arn": "arn:aws:elasticloadbalancing:ap-south-1:010438478476:targetgroup/k8s-rabbit-mq/598731525206f7b4",
            "arn_suffix": "targetgroup/k8s-rabbit-mq/598731525206f7b4",
            "connection_termination": null,
            "deregistration_delay": "300",
            "health_check": [
              {
                "enabled": true,
                "healthy_threshold": 3,
                "interval": 30,
                "matcher": "200-499",
                "path": "/api/health/checks/virtual-hosts",
                "port": "traffic-port",
                "protocol": "HTTP",
                "timeout": 5,
                "unhealthy_threshold": 3
              }
            ],
            "id": "arn:aws:elasticloadbalancing:ap-south-1:010438478476:targetgroup/k8s-rabbit-mq/598731525206f7b4",
            "ip_address_type": "ipv4",
            "lambda_multi_value_headers_enabled": false,
            "load_balancer_arns": [
              "arn:aws:elasticloadbalancing:ap-south-1:010438478476:loadbalancer/app/Fvrk-dev-alb/67ed6ab2ef1a162a"
            ],
            "load_balancing_algorithm_type": "round_robin",
            "load_balancing_anomaly_mitigation": "off",
            "load_balancing_cross_zone_enabled": "use_load_balancer_configuration",
            "name": "k8s-rabbit-mq",
            "name_prefix": "",
            "port": 30044,
            "preserve_client_ip": null,
            "protocol": "HTTP",
            "protocol_version": "HTTP1",
            "proxy_protocol_v2": false,
            "slow_start": 0,
            "stickiness": [
              {
                "cookie_duration": 86400,
                "cookie_name": "",
                "enabled": false,
                "type": "lb_cookie"
              }
            ],
            "tags": {
              "ManagedBy": "Terraform"
            },
            "tags_all": {
              "ManagedBy": "Terraform"
            },
            "target_failover": [
              {
                "on_deregistration": null,
                "on_unhealthy": null
              }
            ],
            "target_group_health": [
              {
                "dns_failover": [
                  {
                    "minimum_healthy_targets_count": "1",
                    "minimum_healthy_targets_percentage": "off"
                  }
                ],
                "unhealthy_state_routing": [
                  {
                    "minimum_healthy_targets_count": 1,
                    "minimum_healthy_targets_percentage": "off"
                  }
                ]
              }
            ],
            "target_health_state": [
              {
                "enable_unhealthy_connection_termination": null,
                "unhealthy_draining_interval": null
              }
            ],
            "target_type": "instance",
            "vpc_id": "vpc-01559cc551ee9ce1f"
          },
          "sensitive_attributes": [],
          "identity_schema_version": 0,
          "private": "bnVsbA==",
          "dependencies": [
            "data.aws_eks_cluster.cluster"
          ]
        },
        {
          "index_key": "text-extraction",
          "schema_version": 0,
          "attributes": {
            "arn": "arn:aws:elasticloadbalancing:ap-south-1:010438478476:targetgroup/k8s-text-extraction/9ed3adc30cb1c445",
            "arn_suffix": "targetgroup/k8s-text-extraction/9ed3adc30cb1c445",
            "connection_termination": null,
            "deregistration_delay": "300",
            "health_check": [
              {
                "enabled": true,
                "healthy_threshold": 3,
                "interval": 30,
                "matcher": "200-499",
                "path": "/api/document-text-extraction/health",
                "port": "traffic-port",
                "protocol": "HTTP",
                "timeout": 5,
                "unhealthy_threshold": 3
              }
            ],
            "id": "arn:aws:elasticloadbalancing:ap-south-1:010438478476:targetgroup/k8s-text-extraction/9ed3adc30cb1c445",
            "ip_address_type": "ipv4",
            "lambda_multi_value_headers_enabled": false,
            "load_balancer_arns": [
              "arn:aws:elasticloadbalancing:ap-south-1:010438478476:loadbalancer/app/Fvrk-dev-alb/67ed6ab2ef1a162a"
            ],
            "load_balancing_algorithm_type": "round_robin",
            "load_balancing_anomaly_mitigation": "off",
            "load_balancing_cross_zone_enabled": "use_load_balancer_configuration",
            "name": "k8s-text-extraction",
            "name_prefix": "",
            "port": 30015,
            "preserve_client_ip": null,
            "protocol": "HTTP",
            "protocol_version": "HTTP1",
            "proxy_protocol_v2": false,
            "slow_start": 0,
            "stickiness": [
              {
                "cookie_duration": 86400,
                "cookie_name": "",
                "enabled": false,
                "type": "lb_cookie"
              }
            ],
            "tags": {
              "ManagedBy": "Terraform"
            },
            "tags_all": {
              "ManagedBy": "Terraform"
            },
            "target_failover": [
              {
                "on_deregistration": null,
                "on_unhealthy": null
              }
            ],
            "target_group_health": [
              {
                "dns_failover": [
                  {
                    "minimum_healthy_targets_count": "1",
                    "minimum_healthy_targets_percentage": "off"
                  }
                ],
                "unhealthy_state_routing": [
                  {
                    "minimum_healthy_targets_count": 1,
                    "minimum_healthy_targets_percentage": "off"
                  }
                ]
              }
            ],
            "target_health_state": [
              {
                "enable_unhealthy_connection_termination": null,
                "unhealthy_draining_interval": null
              }
            ],
            "target_type": "instance",
            "vpc_id": "vpc-01559cc551ee9ce1f"
          },
          "sensitive_attributes": [],
          "identity_schema_version": 0,
          "private": "bnVsbA==",
          "dependencies": [
            "data.aws_eks_cluster.cluster"
          ]
        },
        {
          "index_key": "validus",
          "schema_version": 0,
          "attributes": {
            "arn": "arn:aws:elasticloadbalancing:ap-south-1:010438478476:targetgroup/k8s-validus/53bd94ecbd102d09",
            "arn_suffix": "targetgroup/k8s-validus/53bd94ecbd102d09",
            "connection_termination": null,
            "deregistration_delay": "300",
            "health_check": [
              {
                "enabled": true,
                "healthy_threshold": 3,
                "interval": 30,
                "matcher": "200-499",
                "path": "/health",
                "port": "traffic-port",
                "protocol": "HTTP",
                "timeout": 5,
                "unhealthy_threshold": 3
              }
            ],
            "id": "arn:aws:elasticloadbalancing:ap-south-1:010438478476:targetgroup/k8s-validus/53bd94ecbd102d09",
            "ip_address_type": "ipv4",
            "lambda_multi_value_headers_enabled": false,
            "load_balancer_arns": [
              "arn:aws:elasticloadbalancing:ap-south-1:010438478476:loadbalancer/app/Fvrk-dev-alb/67ed6ab2ef1a162a"
            ],
            "load_balancing_algorithm_type": "round_robin",
            "load_balancing_anomaly_mitigation": "off",
            "load_balancing_cross_zone_enabled": "use_load_balancer_configuration",
            "name": "k8s-validus",
            "name_prefix": "",
            "port": 30020,
            "preserve_client_ip": null,
            "protocol": "HTTP",
            "protocol_version": "HTTP1",
            "proxy_protocol_v2": false,
            "slow_start": 0,
            "stickiness": [
              {
                "cookie_duration": 86400,
                "cookie_name": "",
                "enabled": false,
                "type": "lb_cookie"
              }
            ],
            "tags": {
              "ManagedBy": "Terraform"
            },
            "tags_all": {
              "ManagedBy": "Terraform"
            },
            "target_failover": [
              {
                "on_deregistration": null,
                "on_unhealthy": null
              }
            ],
            "target_group_health": [
              {
                "dns_failover": [
                  {
                    "minimum_healthy_targets_count": "1",
                    "minimum_healthy_targets_percentage": "off"
                  }
                ],
                "unhealthy_state_routing": [
                  {
                    "minimum_healthy_targets_count": 1,
                    "minimum_healthy_targets_percentage": "off"
                  }
                ]
              }
            ],
            "target_health_state": [
              {
                "enable_unhealthy_connection_termination": null,
                "unhealthy_draining_interval": null
              }
            ],
            "target_type": "instance",
            "vpc_id": "vpc-01559cc551ee9ce1f"
          },
          "sensitive_attributes": [],
          "identity_schema_version": 0,
          "private": "bnVsbA==",
          "dependencies": [
            "data.aws_eks_cluster.cluster"
          ]
        }
      ]
    },
    {
      "mode": "managed",
      "type": "aws_route_table",
      "name": "private",
      "provider": "provider[\"registry.terraform.io/hashicorp/aws\"].mumbai",
      "instances": [
        {
          "schema_version": 0,
          "attributes": {
            "arn": "arn:aws:ec2:ap-south-1:010438478476:route-table/rtb-020ef3ad3dd61e100",
            "id": "rtb-020ef3ad3dd61e100",
            "owner_id": "010438478476",
            "propagating_vgws": [],
            "route": [],
            "tags": {
              "Name": "FVRK-DEV-private-route-table"
            },
            "tags_all": {
              "Name": "FVRK-DEV-private-route-table"
            },
            "timeouts": null,
            "vpc_id": "vpc-01559cc551ee9ce1f"
          },
          "sensitive_attributes": [],
          "identity_schema_version": 0,
          "private": "eyJlMmJmYjczMC1lY2FhLTExZTYtOGY4OC0zNDM2M2JjN2M0YzAiOnsiY3JlYXRlIjozMDAwMDAwMDAwMDAsImRlbGV0ZSI6MzAwMDAwMDAwMDAwLCJ1cGRhdGUiOjEyMDAwMDAwMDAwMH19",
          "dependencies": [
            "aws_vpc.main"
          ]
        }
      ]
    },
    {
      "mode": "managed",
      "type": "aws_route_table",
      "name": "public",
      "provider": "provider[\"registry.terraform.io/hashicorp/aws\"].mumbai",
      "instances": [
        {
          "schema_version": 0,
          "attributes": {
            "arn": "arn:aws:ec2:ap-south-1:010438478476:route-table/rtb-09a94c1924f915fb6",
            "id": "rtb-09a94c1924f915fb6",
            "owner_id": "010438478476",
            "propagating_vgws": [],
            "route": [
              {
                "carrier_gateway_id": "",
                "cidr_block": "0.0.0.0/0",
                "core_network_arn": "",
                "destination_prefix_list_id": "",
                "egress_only_gateway_id": "",
                "gateway_id": "igw-0b3b9f7a77adf26c6",
                "ipv6_cidr_block": "",
                "local_gateway_id": "",
                "nat_gateway_id": "",
                "network_interface_id": "",
                "transit_gateway_id": "",
                "vpc_endpoint_id": "",
                "vpc_peering_connection_id": ""
              }
            ],
            "tags": {
              "Name": "FVRK-DEV-public-route-table"
            },
            "tags_all": {
              "Name": "FVRK-DEV-public-route-table"
            },
            "timeouts": null,
            "vpc_id": "vpc-01559cc551ee9ce1f"
          },
          "sensitive_attributes": [],
          "identity_schema_version": 0,
          "private": "eyJlMmJmYjczMC1lY2FhLTExZTYtOGY4OC0zNDM2M2JjN2M0YzAiOnsiY3JlYXRlIjozMDAwMDAwMDAwMDAsImRlbGV0ZSI6MzAwMDAwMDAwMDAwLCJ1cGRhdGUiOjEyMDAwMDAwMDAwMH19",
          "dependencies": [
            "aws_internet_gateway.igw",
            "aws_vpc.main"
          ]
        }
      ]
    },
    {
      "mode": "managed",
      "type": "aws_route_table_association",
      "name": "private",
      "provider": "provider[\"registry.terraform.io/hashicorp/aws\"].mumbai",
      "instances": [
        {
          "index_key": 0,
          "schema_version": 0,
          "attributes": {
            "gateway_id": "",
            "id": "rtbassoc-0679e61fd260db452",
            "route_table_id": "rtb-020ef3ad3dd61e100",
            "subnet_id": "subnet-0eaa3b1eb0fd9b5c5",
            "timeouts": null
          },
          "sensitive_attributes": [],
          "identity_schema_version": 0,
          "private": "eyJlMmJmYjczMC1lY2FhLTExZTYtOGY4OC0zNDM2M2JjN2M0YzAiOnsiY3JlYXRlIjozMDAwMDAwMDAwMDAsImRlbGV0ZSI6MzAwMDAwMDAwMDAwLCJ1cGRhdGUiOjEyMDAwMDAwMDAwMH19",
          "dependencies": [
            "aws_route_table.private",
            "aws_subnet.private",
            "aws_vpc.main",
            "data.aws_availability_zones.available"
          ]
        },
        {
          "index_key": 1,
          "schema_version": 0,
          "attributes": {
            "gateway_id": "",
            "id": "rtbassoc-041c91e4e8ec8eea7",
            "route_table_id": "rtb-020ef3ad3dd61e100",
            "subnet_id": "subnet-0fe84ca2cd6516780",
            "timeouts": null
          },
          "sensitive_attributes": [],
          "identity_schema_version": 0,
          "private": "eyJlMmJmYjczMC1lY2FhLTExZTYtOGY4OC0zNDM2M2JjN2M0YzAiOnsiY3JlYXRlIjozMDAwMDAwMDAwMDAsImRlbGV0ZSI6MzAwMDAwMDAwMDAwLCJ1cGRhdGUiOjEyMDAwMDAwMDAwMH19",
          "dependencies": [
            "aws_route_table.private",
            "aws_subnet.private",
            "aws_vpc.main",
            "data.aws_availability_zones.available"
          ]
        },
        {
          "index_key": 2,
          "schema_version": 0,
          "attributes": {
            "gateway_id": "",
            "id": "rtbassoc-07ae5538eda8250d6",
            "route_table_id": "rtb-020ef3ad3dd61e100",
            "subnet_id": "subnet-0197f48fef1fcf6bd",
            "timeouts": null
          },
          "sensitive_attributes": [],
          "identity_schema_version": 0,
          "private": "eyJlMmJmYjczMC1lY2FhLTExZTYtOGY4OC0zNDM2M2JjN2M0YzAiOnsiY3JlYXRlIjozMDAwMDAwMDAwMDAsImRlbGV0ZSI6MzAwMDAwMDAwMDAwLCJ1cGRhdGUiOjEyMDAwMDAwMDAwMH19",
          "dependencies": [
            "aws_route_table.private",
            "aws_subnet.private",
            "aws_vpc.main",
            "data.aws_availability_zones.available"
          ]
        },
        {
          "index_key": 3,
          "schema_version": 0,
          "attributes": {
            "gateway_id": "",
            "id": "rtbassoc-03c420f0b289825ec",
            "route_table_id": "rtb-020ef3ad3dd61e100",
            "subnet_id": "subnet-0740b38de02c34649",
            "timeouts": null
          },
          "sensitive_attributes": [],
          "identity_schema_version": 0,
          "private": "eyJlMmJmYjczMC1lY2FhLTExZTYtOGY4OC0zNDM2M2JjN2M0YzAiOnsiY3JlYXRlIjozMDAwMDAwMDAwMDAsImRlbGV0ZSI6MzAwMDAwMDAwMDAwLCJ1cGRhdGUiOjEyMDAwMDAwMDAwMH19",
          "dependencies": [
            "aws_route_table.private",
            "aws_subnet.private",
            "aws_vpc.main",
            "data.aws_availability_zones.available"
          ]
        }
      ]
    },
    {
      "mode": "managed",
      "type": "aws_route_table_association",
      "name": "public",
      "provider": "provider[\"registry.terraform.io/hashicorp/aws\"].mumbai",
      "instances": [
        {
          "index_key": 0,
          "schema_version": 0,
          "attributes": {
            "gateway_id": "",
            "id": "rtbassoc-0b431b9dedb581e5a",
            "route_table_id": "rtb-09a94c1924f915fb6",
            "subnet_id": "subnet-0676b17d05babe69f",
            "timeouts": null
          },
          "sensitive_attributes": [],
          "identity_schema_version": 0,
          "private": "eyJlMmJmYjczMC1lY2FhLTExZTYtOGY4OC0zNDM2M2JjN2M0YzAiOnsiY3JlYXRlIjozMDAwMDAwMDAwMDAsImRlbGV0ZSI6MzAwMDAwMDAwMDAwLCJ1cGRhdGUiOjEyMDAwMDAwMDAwMH19",
          "dependencies": [
            "aws_internet_gateway.igw",
            "aws_route_table.public",
            "aws_subnet.public",
            "aws_vpc.main",
            "data.aws_availability_zones.available"
          ]
        },
        {
          "index_key": 1,
          "schema_version": 0,
          "attributes": {
            "gateway_id": "",
            "id": "rtbassoc-01375dac03b2942b1",
            "route_table_id": "rtb-09a94c1924f915fb6",
            "subnet_id": "subnet-076ca5925fd436c79",
            "timeouts": null
          },
          "sensitive_attributes": [],
          "identity_schema_version": 0,
          "private": "eyJlMmJmYjczMC1lY2FhLTExZTYtOGY4OC0zNDM2M2JjN2M0YzAiOnsiY3JlYXRlIjozMDAwMDAwMDAwMDAsImRlbGV0ZSI6MzAwMDAwMDAwMDAwLCJ1cGRhdGUiOjEyMDAwMDAwMDAwMH19",
          "dependencies": [
            "aws_internet_gateway.igw",
            "aws_route_table.public",
            "aws_subnet.public",
            "aws_vpc.main",
            "data.aws_availability_zones.available"
          ]
        },
        {
          "index_key": 2,
          "schema_version": 0,
          "attributes": {
            "gateway_id": "",
            "id": "rtbassoc-0111c9edfb54c3b78",
            "route_table_id": "rtb-09a94c1924f915fb6",
            "subnet_id": "subnet-0d4bb787f2a8e82d7",
            "timeouts": null
          },
          "sensitive_attributes": [],
          "identity_schema_version": 0,
          "private": "eyJlMmJmYjczMC1lY2FhLTExZTYtOGY4OC0zNDM2M2JjN2M0YzAiOnsiY3JlYXRlIjozMDAwMDAwMDAwMDAsImRlbGV0ZSI6MzAwMDAwMDAwMDAwLCJ1cGRhdGUiOjEyMDAwMDAwMDAwMH19",
          "dependencies": [
            "aws_internet_gateway.igw",
            "aws_route_table.public",
            "aws_subnet.public",
            "aws_vpc.main",
            "data.aws_availability_zones.available"
          ]
        },
        {
          "index_key": 3,
          "schema_version": 0,
          "attributes": {
            "gateway_id": "",
            "id": "rtbassoc-0930c68ac0c763512",
            "route_table_id": "rtb-09a94c1924f915fb6",
            "subnet_id": "subnet-0fc395105f822381b",
            "timeouts": null
          },
          "sensitive_attributes": [],
          "identity_schema_version": 0,
          "private": "eyJlMmJmYjczMC1lY2FhLTExZTYtOGY4OC0zNDM2M2JjN2M0YzAiOnsiY3JlYXRlIjozMDAwMDAwMDAwMDAsImRlbGV0ZSI6MzAwMDAwMDAwMDAwLCJ1cGRhdGUiOjEyMDAwMDAwMDAwMH19",
          "dependencies": [
            "aws_internet_gateway.igw",
            "aws_route_table.public",
            "aws_subnet.public",
            "aws_vpc.main",
            "data.aws_availability_zones.available"
          ]
        }
      ]
    },
    {
      "mode": "managed",
      "type": "aws_security_group",
      "name": "aithon_efs_sg",
      "provider": "provider[\"registry.terraform.io/hashicorp/aws\"]",
      "instances": [
        {
          "schema_version": 1,
          "attributes": {
            "arn": "arn:aws:ec2:ap-south-1:010438478476:security-group/sg-03e956c616a8d8121",
            "description": "Allow NFS traffic for Aithon Data EFS",
            "egress": [
              {
                "cidr_blocks": [
                  "0.0.0.0/0"
                ],
                "description": "",
                "from_port": 0,
                "ipv6_cidr_blocks": [],
                "prefix_list_ids": [],
                "protocol": "-1",
                "security_groups": [],
                "self": false,
                "to_port": 0
              }
            ],
            "id": "sg-03e956c616a8d8121",
            "ingress": [
              {
                "cidr_blocks": [
                  "10.11.0.0/16"
                ],
                "description": "NFS from VPC",
                "from_port": 2049,
                "ipv6_cidr_blocks": [],
                "prefix_list_ids": [],
                "protocol": "tcp",
                "security_groups": [],
                "self": false,
                "to_port": 2049
              }
            ],
            "name": "aithon-data-efs-sg",
            "name_prefix": "",
            "owner_id": "010438478476",
            "revoke_rules_on_delete": false,
            "tags": {},
            "tags_all": {},
            "timeouts": null,
            "vpc_id": "vpc-01559cc551ee9ce1f"
          },
          "sensitive_attributes": [],
          "identity_schema_version": 0,
          "private": "eyJlMmJmYjczMC1lY2FhLTExZTYtOGY4OC0zNDM2M2JjN2M0YzAiOnsiY3JlYXRlIjo2MDAwMDAwMDAwMDAsImRlbGV0ZSI6OTAwMDAwMDAwMDAwfSwic2NoZW1hX3ZlcnNpb24iOiIxIn0=",
          "dependencies": [
            "aws_vpc.main"
          ]
        }
      ]
    },
    {
      "mode": "managed",
      "type": "aws_security_group",
      "name": "alb_sg",
      "provider": "provider[\"registry.terraform.io/hashicorp/aws\"]",
      "instances": [
        {
          "schema_version": 1,
          "attributes": {
            "arn": "arn:aws:ec2:ap-south-1:010438478476:security-group/sg-0b8a6bcbc4302994e",
            "description": "Allow HTTP and HTTPS from anywhere",
            "egress": [
              {
                "cidr_blocks": [
                  "0.0.0.0/0"
                ],
                "description": "",
                "from_port": 0,
                "ipv6_cidr_blocks": [],
                "prefix_list_ids": [],
                "protocol": "-1",
                "security_groups": [],
                "self": false,
                "to_port": 0
              }
            ],
            "id": "sg-0b8a6bcbc4302994e",
            "ingress": [
              {
                "cidr_blocks": [
                  "0.0.0.0/0"
                ],
                "description": "Allow HTTP",
                "from_port": 80,
                "ipv6_cidr_blocks": [],
                "prefix_list_ids": [],
                "protocol": "tcp",
                "security_groups": [],
                "self": false,
                "to_port": 80
              },
              {
                "cidr_blocks": [
                  "0.0.0.0/0"
                ],
                "description": "Allow HTTPS",
                "from_port": 443,
                "ipv6_cidr_blocks": [],
                "prefix_list_ids": [],
                "protocol": "tcp",
                "security_groups": [],
                "self": false,
                "to_port": 443
              }
            ],
            "name": "Fvrk-dev-alb-sg",
            "name_prefix": "",
            "owner_id": "010438478476",
            "revoke_rules_on_delete": false,
            "tags": {
              "Name": "Fvrk-dev-alb-sg"
            },
            "tags_all": {
              "Name": "Fvrk-dev-alb-sg"
            },
            "timeouts": null,
            "vpc_id": "vpc-01559cc551ee9ce1f"
          },
          "sensitive_attributes": [],
          "identity_schema_version": 0,
          "private": "eyJlMmJmYjczMC1lY2FhLTExZTYtOGY4OC0zNDM2M2JjN2M0YzAiOnsiY3JlYXRlIjo2MDAwMDAwMDAwMDAsImRlbGV0ZSI6OTAwMDAwMDAwMDAwfSwic2NoZW1hX3ZlcnNpb24iOiIxIn0=",
          "dependencies": [
            "aws_vpc.main"
          ]
        }
      ]
    },
    {
      "mode": "managed",
      "type": "aws_security_group",
      "name": "bastion_sg",
      "provider": "provider[\"registry.terraform.io/hashicorp/aws\"].mumbai",
      "instances": [
        {
          "schema_version": 1,
          "attributes": {
            "arn": "arn:aws:ec2:ap-south-1:010438478476:security-group/sg-0806eac4ea98b156a",
            "description": "Allow SSH inbound traffic",
            "egress": [
              {
                "cidr_blocks": [
                  "0.0.0.0/0"
                ],
                "description": "",
                "from_port": 0,
                "ipv6_cidr_blocks": [],
                "prefix_list_ids": [],
                "protocol": "-1",
                "security_groups": [],
                "self": false,
                "to_port": 0
              }
            ],
            "id": "sg-0806eac4ea98b156a",
            "ingress": [
              {
                "cidr_blocks": [
                  "0.0.0.0/0"
                ],
                "description": "All traffic from anywhere (DANGEROUS)",
                "from_port": 0,
                "ipv6_cidr_blocks": [],
                "prefix_list_ids": [],
                "protocol": "-1",
                "security_groups": [],
                "self": false,
                "to_port": 0
              },
              {
                "cidr_blocks": [
                  "0.0.0.0/0"
                ],
                "description": "PostgreSQL from anywhere",
                "from_port": 5432,
                "ipv6_cidr_blocks": [],
                "prefix_list_ids": [],
                "protocol": "tcp",
                "security_groups": [],
                "self": false,
                "to_port": 5432
              },
              {
                "cidr_blocks": [
                  "0.0.0.0/0"
                ],
                "description": "SSH from anywhere",
                "from_port": 22,
                "ipv6_cidr_blocks": [],
                "prefix_list_ids": [],
                "protocol": "tcp",
                "security_groups": [],
                "self": false,
                "to_port": 22
              }
            ],
            "name": "Fvrk-dev-bastion-sg",
            "name_prefix": "",
            "owner_id": "010438478476",
            "revoke_rules_on_delete": false,
            "tags": {
              "Name": "Fvrk-dev-bastion-sg"
            },
            "tags_all": {
              "Name": "Fvrk-dev-bastion-sg"
            },
            "timeouts": null,
            "vpc_id": "vpc-01559cc551ee9ce1f"
          },
          "sensitive_attributes": [],
          "identity_schema_version": 0,
          "private": "eyJlMmJmYjczMC1lY2FhLTExZTYtOGY4OC0zNDM2M2JjN2M0YzAiOnsiY3JlYXRlIjo2MDAwMDAwMDAwMDAsImRlbGV0ZSI6OTAwMDAwMDAwMDAwfSwic2NoZW1hX3ZlcnNpb24iOiIxIn0=",
          "dependencies": [
            "aws_vpc.main"
          ]
        }
      ]
    },
    {
      "mode": "managed",
      "type": "aws_security_group",
      "name": "efs_sg",
      "provider": "provider[\"registry.terraform.io/hashicorp/aws\"]",
      "instances": [
        {
          "schema_version": 1,
          "attributes": {
            "arn": "arn:aws:ec2:ap-south-1:010438478476:security-group/sg-00f52ba2aaca6a61f",
            "description": "Allow NFS traffic for Text Extraction EFS",
            "egress": [
              {
                "cidr_blocks": [
                  "0.0.0.0/0"
                ],
                "description": "",
                "from_port": 0,
                "ipv6_cidr_blocks": [],
                "prefix_list_ids": [],
                "protocol": "-1",
                "security_groups": [],
                "self": false,
                "to_port": 0
              }
            ],
            "id": "sg-00f52ba2aaca6a61f",
            "ingress": [
              {
                "cidr_blocks": [
                  "10.11.0.0/16"
                ],
                "description": "NFS from VPC",
                "from_port": 2049,
                "ipv6_cidr_blocks": [],
                "prefix_list_ids": [],
                "protocol": "tcp",
                "security_groups": [],
                "self": false,
                "to_port": 2049
              }
            ],
            "name": "text-extraction-efs-sg",
            "name_prefix": "",
            "owner_id": "010438478476",
            "revoke_rules_on_delete": false,
            "tags": {},
            "tags_all": {},
            "timeouts": null,
            "vpc_id": "vpc-01559cc551ee9ce1f"
          },
          "sensitive_attributes": [],
          "identity_schema_version": 0,
          "private": "eyJlMmJmYjczMC1lY2FhLTExZTYtOGY4OC0zNDM2M2JjN2M0YzAiOnsiY3JlYXRlIjo2MDAwMDAwMDAwMDAsImRlbGV0ZSI6OTAwMDAwMDAwMDAwfSwic2NoZW1hX3ZlcnNpb24iOiIxIn0=",
          "dependencies": [
            "aws_vpc.main"
          ]
        }
      ]
    },
    {
      "mode": "managed",
      "type": "aws_subnet",
      "name": "private",
      "provider": "provider[\"registry.terraform.io/hashicorp/aws\"].mumbai",
      "instances": [
        {
          "index_key": 0,
          "schema_version": 1,
          "attributes": {
            "arn": "arn:aws:ec2:ap-south-1:010438478476:subnet/subnet-0eaa3b1eb0fd9b5c5",
            "assign_ipv6_address_on_creation": false,
            "availability_zone": "ap-south-1a",
            "availability_zone_id": "aps1-az1",
            "cidr_block": "10.11.64.0/20",
            "customer_owned_ipv4_pool": "",
            "enable_dns64": false,
            "enable_lni_at_device_index": 0,
            "enable_resource_name_dns_a_record_on_launch": false,
            "enable_resource_name_dns_aaaa_record_on_launch": false,
            "id": "subnet-0eaa3b1eb0fd9b5c5",
            "ipv6_cidr_block": "",
            "ipv6_cidr_block_association_id": "",
            "ipv6_native": false,
            "map_customer_owned_ip_on_launch": false,
            "map_public_ip_on_launch": false,
            "outpost_arn": "",
            "owner_id": "010438478476",
            "private_dns_hostname_type_on_launch": "ip-name",
            "tags": {
              "Name": "FVRK-DEV-private-subnet-1"
            },
            "tags_all": {
              "Name": "FVRK-DEV-private-subnet-1"
            },
            "timeouts": null,
            "vpc_id": "vpc-01559cc551ee9ce1f"
          },
          "sensitive_attributes": [],
          "identity_schema_version": 0,
          "private": "eyJlMmJmYjczMC1lY2FhLTExZTYtOGY4OC0zNDM2M2JjN2M0YzAiOnsiY3JlYXRlIjo2MDAwMDAwMDAwMDAsImRlbGV0ZSI6MTIwMDAwMDAwMDAwMH0sInNjaGVtYV92ZXJzaW9uIjoiMSJ9",
          "dependencies": [
            "aws_vpc.main",
            "data.aws_availability_zones.available"
          ]
        },
        {
          "index_key": 1,
          "schema_version": 1,
          "attributes": {
            "arn": "arn:aws:ec2:ap-south-1:010438478476:subnet/subnet-0fe84ca2cd6516780",
            "assign_ipv6_address_on_creation": false,
            "availability_zone": "ap-south-1b",
            "availability_zone_id": "aps1-az3",
            "cidr_block": "10.11.80.0/20",
            "customer_owned_ipv4_pool": "",
            "enable_dns64": false,
            "enable_lni_at_device_index": 0,
            "enable_resource_name_dns_a_record_on_launch": false,
            "enable_resource_name_dns_aaaa_record_on_launch": false,
            "id": "subnet-0fe84ca2cd6516780",
            "ipv6_cidr_block": "",
            "ipv6_cidr_block_association_id": "",
            "ipv6_native": false,
            "map_customer_owned_ip_on_launch": false,
            "map_public_ip_on_launch": false,
            "outpost_arn": "",
            "owner_id": "010438478476",
            "private_dns_hostname_type_on_launch": "ip-name",
            "tags": {
              "Name": "FVRK-DEV-private-subnet-2"
            },
            "tags_all": {
              "Name": "FVRK-DEV-private-subnet-2"
            },
            "timeouts": null,
            "vpc_id": "vpc-01559cc551ee9ce1f"
          },
          "sensitive_attributes": [],
          "identity_schema_version": 0,
          "private": "eyJlMmJmYjczMC1lY2FhLTExZTYtOGY4OC0zNDM2M2JjN2M0YzAiOnsiY3JlYXRlIjo2MDAwMDAwMDAwMDAsImRlbGV0ZSI6MTIwMDAwMDAwMDAwMH0sInNjaGVtYV92ZXJzaW9uIjoiMSJ9",
          "dependencies": [
            "aws_vpc.main",
            "data.aws_availability_zones.available"
          ]
        },
        {
          "index_key": 2,
          "schema_version": 1,
          "attributes": {
            "arn": "arn:aws:ec2:ap-south-1:010438478476:subnet/subnet-0197f48fef1fcf6bd",
            "assign_ipv6_address_on_creation": false,
            "availability_zone": "ap-south-1c",
            "availability_zone_id": "aps1-az2",
            "cidr_block": "10.11.96.0/20",
            "customer_owned_ipv4_pool": "",
            "enable_dns64": false,
            "enable_lni_at_device_index": 0,
            "enable_resource_name_dns_a_record_on_launch": false,
            "enable_resource_name_dns_aaaa_record_on_launch": false,
            "id": "subnet-0197f48fef1fcf6bd",
            "ipv6_cidr_block": "",
            "ipv6_cidr_block_association_id": "",
            "ipv6_native": false,
            "map_customer_owned_ip_on_launch": false,
            "map_public_ip_on_launch": false,
            "outpost_arn": "",
            "owner_id": "010438478476",
            "private_dns_hostname_type_on_launch": "ip-name",
            "tags": {
              "Name": "FVRK-DEV-private-subnet-3"
            },
            "tags_all": {
              "Name": "FVRK-DEV-private-subnet-3"
            },
            "timeouts": null,
            "vpc_id": "vpc-01559cc551ee9ce1f"
          },
          "sensitive_attributes": [],
          "identity_schema_version": 0,
          "private": "eyJlMmJmYjczMC1lY2FhLTExZTYtOGY4OC0zNDM2M2JjN2M0YzAiOnsiY3JlYXRlIjo2MDAwMDAwMDAwMDAsImRlbGV0ZSI6MTIwMDAwMDAwMDAwMH0sInNjaGVtYV92ZXJzaW9uIjoiMSJ9",
          "dependencies": [
            "aws_vpc.main",
            "data.aws_availability_zones.available"
          ]
        },
        {
          "index_key": 3,
          "schema_version": 1,
          "attributes": {
            "arn": "arn:aws:ec2:ap-south-1:010438478476:subnet/subnet-0740b38de02c34649",
            "assign_ipv6_address_on_creation": false,
            "availability_zone": "ap-south-1a",
            "availability_zone_id": "aps1-az1",
            "cidr_block": "10.11.112.0/20",
            "customer_owned_ipv4_pool": "",
            "enable_dns64": false,
            "enable_lni_at_device_index": 0,
            "enable_resource_name_dns_a_record_on_launch": false,
            "enable_resource_name_dns_aaaa_record_on_launch": false,
            "id": "subnet-0740b38de02c34649",
            "ipv6_cidr_block": "",
            "ipv6_cidr_block_association_id": "",
            "ipv6_native": false,
            "map_customer_owned_ip_on_launch": false,
            "map_public_ip_on_launch": false,
            "outpost_arn": "",
            "owner_id": "010438478476",
            "private_dns_hostname_type_on_launch": "ip-name",
            "tags": {
              "Name": "FVRK-DEV-private-subnet-4"
            },
            "tags_all": {
              "Name": "FVRK-DEV-private-subnet-4"
            },
            "timeouts": null,
            "vpc_id": "vpc-01559cc551ee9ce1f"
          },
          "sensitive_attributes": [],
          "identity_schema_version": 0,
          "private": "eyJlMmJmYjczMC1lY2FhLTExZTYtOGY4OC0zNDM2M2JjN2M0YzAiOnsiY3JlYXRlIjo2MDAwMDAwMDAwMDAsImRlbGV0ZSI6MTIwMDAwMDAwMDAwMH0sInNjaGVtYV92ZXJzaW9uIjoiMSJ9",
          "dependencies": [
            "aws_vpc.main",
            "data.aws_availability_zones.available"
          ]
        }
      ]
    },
    {
      "mode": "managed",
      "type": "aws_subnet",
      "name": "public",
      "provider": "provider[\"registry.terraform.io/hashicorp/aws\"].mumbai",
      "instances": [
        {
          "index_key": 0,
          "schema_version": 1,
          "attributes": {
            "arn": "arn:aws:ec2:ap-south-1:010438478476:subnet/subnet-0676b17d05babe69f",
            "assign_ipv6_address_on_creation": false,
            "availability_zone": "ap-south-1a",
            "availability_zone_id": "aps1-az1",
            "cidr_block": "10.11.0.0/20",
            "customer_owned_ipv4_pool": "",
            "enable_dns64": false,
            "enable_lni_at_device_index": 0,
            "enable_resource_name_dns_a_record_on_launch": false,
            "enable_resource_name_dns_aaaa_record_on_launch": false,
            "id": "subnet-0676b17d05babe69f",
            "ipv6_cidr_block": "",
            "ipv6_cidr_block_association_id": "",
            "ipv6_native": false,
            "map_customer_owned_ip_on_launch": false,
            "map_public_ip_on_launch": true,
            "outpost_arn": "",
            "owner_id": "010438478476",
            "private_dns_hostname_type_on_launch": "ip-name",
            "tags": {
              "Name": "FVRK-DEV-public-subnet-1"
            },
            "tags_all": {
              "Name": "FVRK-DEV-public-subnet-1"
            },
            "timeouts": null,
            "vpc_id": "vpc-01559cc551ee9ce1f"
          },
          "sensitive_attributes": [],
          "identity_schema_version": 0,
          "private": "eyJlMmJmYjczMC1lY2FhLTExZTYtOGY4OC0zNDM2M2JjN2M0YzAiOnsiY3JlYXRlIjo2MDAwMDAwMDAwMDAsImRlbGV0ZSI6MTIwMDAwMDAwMDAwMH0sInNjaGVtYV92ZXJzaW9uIjoiMSJ9",
          "dependencies": [
            "aws_vpc.main",
            "data.aws_availability_zones.available"
          ]
        },
        {
          "index_key": 1,
          "schema_version": 1,
          "attributes": {
            "arn": "arn:aws:ec2:ap-south-1:010438478476:subnet/subnet-076ca5925fd436c79",
            "assign_ipv6_address_on_creation": false,
            "availability_zone": "ap-south-1b",
            "availability_zone_id": "aps1-az3",
            "cidr_block": "10.11.16.0/20",
            "customer_owned_ipv4_pool": "",
            "enable_dns64": false,
            "enable_lni_at_device_index": 0,
            "enable_resource_name_dns_a_record_on_launch": false,
            "enable_resource_name_dns_aaaa_record_on_launch": false,
            "id": "subnet-076ca5925fd436c79",
            "ipv6_cidr_block": "",
            "ipv6_cidr_block_association_id": "",
            "ipv6_native": false,
            "map_customer_owned_ip_on_launch": false,
            "map_public_ip_on_launch": true,
            "outpost_arn": "",
            "owner_id": "010438478476",
            "private_dns_hostname_type_on_launch": "ip-name",
            "tags": {
              "Name": "FVRK-DEV-public-subnet-2"
            },
            "tags_all": {
              "Name": "FVRK-DEV-public-subnet-2"
            },
            "timeouts": null,
            "vpc_id": "vpc-01559cc551ee9ce1f"
          },
          "sensitive_attributes": [],
          "identity_schema_version": 0,
          "private": "eyJlMmJmYjczMC1lY2FhLTExZTYtOGY4OC0zNDM2M2JjN2M0YzAiOnsiY3JlYXRlIjo2MDAwMDAwMDAwMDAsImRlbGV0ZSI6MTIwMDAwMDAwMDAwMH0sInNjaGVtYV92ZXJzaW9uIjoiMSJ9",
          "dependencies": [
            "aws_vpc.main",
            "data.aws_availability_zones.available"
          ]
        },
        {
          "index_key": 2,
          "schema_version": 1,
          "attributes": {
            "arn": "arn:aws:ec2:ap-south-1:010438478476:subnet/subnet-0d4bb787f2a8e82d7",
            "assign_ipv6_address_on_creation": false,
            "availability_zone": "ap-south-1c",
            "availability_zone_id": "aps1-az2",
            "cidr_block": "10.11.32.0/20",
            "customer_owned_ipv4_pool": "",
            "enable_dns64": false,
            "enable_lni_at_device_index": 0,
            "enable_resource_name_dns_a_record_on_launch": false,
            "enable_resource_name_dns_aaaa_record_on_launch": false,
            "id": "subnet-0d4bb787f2a8e82d7",
            "ipv6_cidr_block": "",
            "ipv6_cidr_block_association_id": "",
            "ipv6_native": false,
            "map_customer_owned_ip_on_launch": false,
            "map_public_ip_on_launch": true,
            "outpost_arn": "",
            "owner_id": "010438478476",
            "private_dns_hostname_type_on_launch": "ip-name",
            "tags": {
              "Name": "FVRK-DEV-public-subnet-3"
            },
            "tags_all": {
              "Name": "FVRK-DEV-public-subnet-3"
            },
            "timeouts": null,
            "vpc_id": "vpc-01559cc551ee9ce1f"
          },
          "sensitive_attributes": [],
          "identity_schema_version": 0,
          "private": "eyJlMmJmYjczMC1lY2FhLTExZTYtOGY4OC0zNDM2M2JjN2M0YzAiOnsiY3JlYXRlIjo2MDAwMDAwMDAwMDAsImRlbGV0ZSI6MTIwMDAwMDAwMDAwMH0sInNjaGVtYV92ZXJzaW9uIjoiMSJ9",
          "dependencies": [
            "aws_vpc.main",
            "data.aws_availability_zones.available"
          ]
        },
        {
          "index_key": 3,
          "schema_version": 1,
          "attributes": {
            "arn": "arn:aws:ec2:ap-south-1:010438478476:subnet/subnet-0fc395105f822381b",
            "assign_ipv6_address_on_creation": false,
            "availability_zone": "ap-south-1a",
            "availability_zone_id": "aps1-az1",
            "cidr_block": "10.11.48.0/20",
            "customer_owned_ipv4_pool": "",
            "enable_dns64": false,
            "enable_lni_at_device_index": 0,
            "enable_resource_name_dns_a_record_on_launch": false,
            "enable_resource_name_dns_aaaa_record_on_launch": false,
            "id": "subnet-0fc395105f822381b",
            "ipv6_cidr_block": "",
            "ipv6_cidr_block_association_id": "",
            "ipv6_native": false,
            "map_customer_owned_ip_on_launch": false,
            "map_public_ip_on_launch": true,
            "outpost_arn": "",
            "owner_id": "010438478476",
            "private_dns_hostname_type_on_launch": "ip-name",
            "tags": {
              "Name": "FVRK-DEV-public-subnet-4"
            },
            "tags_all": {
              "Name": "FVRK-DEV-public-subnet-4"
            },
            "timeouts": null,
            "vpc_id": "vpc-01559cc551ee9ce1f"
          },
          "sensitive_attributes": [],
          "identity_schema_version": 0,
          "private": "eyJlMmJmYjczMC1lY2FhLTExZTYtOGY4OC0zNDM2M2JjN2M0YzAiOnsiY3JlYXRlIjo2MDAwMDAwMDAwMDAsImRlbGV0ZSI6MTIwMDAwMDAwMDAwMH0sInNjaGVtYV92ZXJzaW9uIjoiMSJ9",
          "dependencies": [
            "aws_vpc.main",
            "data.aws_availability_zones.available"
          ]
        }
      ]
    },
    {
      "mode": "managed",
      "type": "aws_vpc",
      "name": "main",
      "provider": "provider[\"registry.terraform.io/hashicorp/aws\"].mumbai",
      "instances": [
        {
          "schema_version": 1,
          "attributes": {
            "arn": "arn:aws:ec2:ap-south-1:010438478476:vpc/vpc-01559cc551ee9ce1f",
            "assign_generated_ipv6_cidr_block": false,
            "cidr_block": "10.11.0.0/16",
            "default_network_acl_id": "acl-04ef1e45e6eebd67e",
            "default_route_table_id": "rtb-035d79c5852e79a8b",
            "default_security_group_id": "sg-0108b4237c43fe8ea",
            "dhcp_options_id": "dopt-0f728058c43979b29",
            "enable_dns_hostnames": true,
            "enable_dns_support": true,
            "enable_network_address_usage_metrics": false,
            "id": "vpc-01559cc551ee9ce1f",
            "instance_tenancy": "default",
            "ipv4_ipam_pool_id": null,
            "ipv4_netmask_length": null,
            "ipv6_association_id": "",
            "ipv6_cidr_block": "",
            "ipv6_cidr_block_network_border_group": "",
            "ipv6_ipam_pool_id": "",
            "ipv6_netmask_length": 0,
            "main_route_table_id": "rtb-035d79c5852e79a8b",
            "owner_id": "010438478476",
            "tags": {
              "Name": "FVRK-DEV-VPC"
            },
            "tags_all": {
              "Name": "FVRK-DEV-VPC"
            }
          },
          "sensitive_attributes": [],
          "identity_schema_version": 0,
          "private": "eyJzY2hlbWFfdmVyc2lvbiI6IjEifQ=="
        }
      ]
    },
    {
      "mode": "managed",
      "type": "helm_release",
      "name": "aws_load_balancer_controller",
      "provider": "provider[\"registry.terraform.io/hashicorp/helm\"]",
      "instances": [
        {
          "schema_version": 1,
          "attributes": {
            "atomic": false,
            "chart": "aws-load-balancer-controller",
            "cleanup_on_fail": false,
            "create_namespace": false,
            "dependency_update": false,
            "description": null,
            "devel": null,
            "disable_crd_hooks": false,
            "disable_openapi_validation": false,
            "disable_webhooks": false,
            "force_update": false,
            "id": "aws-load-balancer-controller",
            "keyring": null,
            "lint": false,
            "manifest": null,
            "max_history": 0,
            "metadata": [
              {
                "app_version": "v2.17.0",
                "chart": "aws-load-balancer-controller",
                "first_deployed": 1766316486,
                "last_deployed": 1766316486,
                "name": "aws-load-balancer-controller",
                "namespace": "kube-system",
                "notes": "AWS Load Balancer controller installed!\n",
                "revision": 1,
                "values": "{\"clusterName\":\"FVKR-DEV\",\"region\":\"ap-south-1\",\"serviceAccount\":{\"create\":true,\"name\":\"aws-load-balancer-controller\"},\"vpcId\":\"vpc-01559cc551ee9ce1f\"}",
                "version": "1.17.0"
              }
            ],
            "name": "aws-load-balancer-controller",
            "namespace": "kube-system",
            "pass_credentials": false,
            "postrender": [],
            "recreate_pods": false,
            "render_subchart_notes": true,
            "replace": false,
            "repository": "https://aws.github.io/eks-charts",
            "repository_ca_file": null,
            "repository_cert_file": null,
            "repository_key_file": null,
            "repository_password": null,
            "repository_username": null,
            "reset_values": false,
            "reuse_values": false,
            "set": [
              {
                "name": "clusterName",
                "type": "",
                "value": "FVKR-DEV"
              },
              {
                "name": "region",
                "type": "",
                "value": "ap-south-1"
              },
              {
                "name": "serviceAccount.create",
                "type": "",
                "value": "true"
              },
              {
                "name": "serviceAccount.name",
                "type": "",
                "value": "aws-load-balancer-controller"
              },
              {
                "name": "vpcId",
                "type": "",
                "value": "vpc-01559cc551ee9ce1f"
              }
            ],
            "set_list": [],
            "set_sensitive": [],
            "skip_crds": false,
            "status": "deployed",
            "timeout": 600,
            "upgrade_install": null,
            "values": null,
            "verify": false,
            "version": "1.17.0",
            "wait": false,
            "wait_for_jobs": false
          },
          "sensitive_attributes": [
            [
              {
                "type": "get_attr",
                "value": "repository_password"
              }
            ]
          ],
          "identity_schema_version": 0,
          "private": "eyJzY2hlbWFfdmVyc2lvbiI6IjEifQ==",
          "dependencies": [
            "aws_eks_cluster.main",
            "aws_iam_role.eks_cluster_role",
            "aws_iam_role_policy_attachment.eks_cluster_policy",
            "aws_subnet.public",
            "aws_vpc.main",
            "data.aws_availability_zones.available"
          ]
        }
      ]
    },
    {
      "mode": "managed",
      "type": "kubernetes_manifest",
      "name": "tg_bindings",
      "provider": "provider[\"registry.terraform.io/hashicorp/kubernetes\"]",
      "instances": [
        {
          "index_key": "argocd",
          "schema_version": 1,
          "attributes": {
            "computed_fields": null,
            "field_manager": [],
            "manifest": {
              "value": {
                "apiVersion": "elbv2.k8s.aws/v1beta1",
                "kind": "TargetGroupBinding",
                "metadata": {
                  "name": "argocd-binding",
                  "namespace": "argocd"
                },
                "spec": {
                  "serviceRef": {
                    "name": "argocd-server-nodeport",
                    "port": 80
                  },
                  "targetGroupARN": "arn:aws:elasticloadbalancing:ap-south-1:010438478476:targetgroup/k8s-argocd/2e2a2b6bb81ee865",
                  "targetType": "instance"
                }
              },
              "type": [
                "object",
                {
                  "apiVersion": "string",
                  "kind": "string",
                  "metadata": [
                    "object",
                    {
                      "name": "string",
                      "namespace": "string"
                    }
                  ],
                  "spec": [
                    "object",
                    {
                      "serviceRef": [
                        "object",
                        {
                          "name": "string",
                          "port": "number"
                        }
                      ],
                      "targetGroupARN": "string",
                      "targetType": "string"
                    }
                  ]
                }
              ]
            },
            "object": {
              "value": {
                "apiVersion": "elbv2.k8s.aws/v1beta1",
                "kind": "TargetGroupBinding",
                "metadata": {
                  "annotations": {
                    "elbv2.k8s.aws/checkpoint": "DL7MN9VSZPGWvgFQ2Je_5Rvcn5M1BlhTpoqeZSOgBcA/pNi1qLxP-dMnYTEa07Ye5bvl0s4Saem_h-Iuj5h3ulc",
                    "elbv2.k8s.aws/checkpoint-timestamp": "1766734443"
                  },
                  "creationTimestamp": null,
                  "deletionGracePeriodSeconds": null,
                  "deletionTimestamp": null,
                  "finalizers": [
                    "elbv2.k8s.aws/resources"
                  ],
                  "generateName": null,
                  "generation": null,
                  "labels": null,
                  "managedFields": null,
                  "name": "argocd-binding",
                  "namespace": "argocd",
                  "ownerReferences": null,
                  "resourceVersion": null,
                  "selfLink": null,
                  "uid": null
                },
                "spec": {
                  "assumeRoleExternalId": null,
                  "iamRoleArnToAssume": null,
                  "ipAddressType": "ipv4",
                  "multiClusterTargetGroup": null,
                  "networking": {
                    "ingress": null
                  },
                  "nodeSelector": {
                    "matchExpressions": null,
                    "matchLabels": null
                  },
                  "serviceRef": {
                    "name": "argocd-server-nodeport",
                    "port": "80"
                  },
                  "targetGroupARN": "arn:aws:elasticloadbalancing:ap-south-1:010438478476:targetgroup/k8s-argocd/2e2a2b6bb81ee865",
                  "targetGroupName": null,
                  "targetGroupProtocol": "HTTP",
                  "targetType": "instance",
                  "vpcID": "vpc-01559cc551ee9ce1f"
                }
              },
              "type": [
                "object",
                {
                  "apiVersion": "string",
                  "kind": "string",
                  "metadata": [
                    "object",
                    {
                      "annotations": [
                        "map",
                        "string"
                      ],
                      "creationTimestamp": "string",
                      "deletionGracePeriodSeconds": "number",
                      "deletionTimestamp": "string",
                      "finalizers": [
                        "list",
                        "string"
                      ],
                      "generateName": "string",
                      "generation": "number",
                      "labels": [
                        "map",
                        "string"
                      ],
                      "managedFields": [
                        "tuple",
                        [
                          [
                            "object",
                            {
                              "apiVersion": "string",
                              "fieldsType": "string",
                              "fieldsV1": "dynamic",
                              "manager": "string",
                              "operation": "string",
                              "subresource": "string",
                              "time": "string"
                            }
                          ]
                        ]
                      ],
                      "name": "string",
                      "namespace": "string",
                      "ownerReferences": [
                        "list",
                        [
                          "object",
                          {
                            "apiVersion": "string",
                            "blockOwnerDeletion": "bool",
                            "controller": "bool",
                            "kind": "string",
                            "name": "string",
                            "uid": "string"
                          }
                        ]
                      ],
                      "resourceVersion": "string",
                      "selfLink": "string",
                      "uid": "string"
                    }
                  ],
                  "spec": [
                    "object",
                    {
                      "assumeRoleExternalId": "string",
                      "iamRoleArnToAssume": "string",
                      "ipAddressType": "string",
                      "multiClusterTargetGroup": "bool",
                      "networking": [
                        "object",
                        {
                          "ingress": [
                            "list",
                            [
                              "object",
                              {
                                "from": [
                                  "list",
                                  [
                                    "object",
                                    {
                                      "ipBlock": [
                                        "object",
                                        {
                                          "cidr": "string"
                                        }
                                      ],
                                      "securityGroup": [
                                        "object",
                                        {
                                          "groupID": "string"
                                        }
                                      ]
                                    }
                                  ]
                                ],
                                "ports": [
                                  "list",
                                  [
                                    "object",
                                    {
                                      "port": "string",
                                      "protocol": "string"
                                    }
                                  ]
                                ]
                              }
                            ]
                          ]
                        }
                      ],
                      "nodeSelector": [
                        "object",
                        {
                          "matchExpressions": [
                            "list",
                            [
                              "object",
                              {
                                "key": "string",
                                "operator": "string",
                                "values": [
                                  "list",
                                  "string"
                                ]
                              }
                            ]
                          ],
                          "matchLabels": [
                            "map",
                            "string"
                          ]
                        }
                      ],
                      "serviceRef": [
                        "object",
                        {
                          "name": "string",
                          "port": "string"
                        }
                      ],
                      "targetGroupARN": "string",
                      "targetGroupName": "string",
                      "targetGroupProtocol": "string",
                      "targetType": "string",
                      "vpcID": "string"
                    }
                  ]
                }
              ]
            },
            "timeouts": [],
            "wait": [],
            "wait_for": null
          },
          "sensitive_attributes": [],
          "identity_schema_version": 1,
          "identity": {
            "api_version": "elbv2.k8s.aws/v1beta1",
            "kind": "TargetGroupBinding",
            "name": "argocd-binding",
            "namespace": "argocd"
          },
          "dependencies": [
            "aws_lb_target_group.main",
            "data.aws_eks_cluster.cluster"
          ]
        },
        {
          "index_key": "document-classification",
          "schema_version": 1,
          "attributes": {
            "computed_fields": null,
            "field_manager": [],
            "manifest": {
              "value": {
                "apiVersion": "elbv2.k8s.aws/v1beta1",
                "kind": "TargetGroupBinding",
                "metadata": {
                  "name": "document-classification-binding",
                  "namespace": "dev"
                },
                "spec": {
                  "serviceRef": {
                    "name": "doc-classification-service",
                    "port": 8006
                  },
                  "targetGroupARN": "arn:aws:elasticloadbalancing:ap-south-1:010438478476:targetgroup/k8s-document-classification/f03160f1b7231384",
                  "targetType": "instance"
                }
              },
              "type": [
                "object",
                {
                  "apiVersion": "string",
                  "kind": "string",
                  "metadata": [
                    "object",
                    {
                      "name": "string",
                      "namespace": "string"
                    }
                  ],
                  "spec": [
                    "object",
                    {
                      "serviceRef": [
                        "object",
                        {
                          "name": "string",
                          "port": "number"
                        }
                      ],
                      "targetGroupARN": "string",
                      "targetType": "string"
                    }
                  ]
                }
              ]
            },
            "object": {
              "value": {
                "apiVersion": "elbv2.k8s.aws/v1beta1",
                "kind": "TargetGroupBinding",
                "metadata": {
                  "annotations": {
                    "elbv2.k8s.aws/checkpoint": "6Qqg8nhv5jMI6Da54fXvjG1AhsYpXwqdezhJbCoK0gw/h95Pcfe0CtYjXh4XY8LU88r6H9lD3MZQeDPu4cq0auw",
                    "elbv2.k8s.aws/checkpoint-timestamp": "1766734443"
                  },
                  "creationTimestamp": null,
                  "deletionGracePeriodSeconds": null,
                  "deletionTimestamp": null,
                  "finalizers": [
                    "elbv2.k8s.aws/resources"
                  ],
                  "generateName": null,
                  "generation": null,
                  "labels": null,
                  "managedFields": null,
                  "name": "document-classification-binding",
                  "namespace": "dev",
                  "ownerReferences": null,
                  "resourceVersion": null,
                  "selfLink": null,
                  "uid": null
                },
                "spec": {
                  "assumeRoleExternalId": null,
                  "iamRoleArnToAssume": null,
                  "ipAddressType": "ipv4",
                  "multiClusterTargetGroup": null,
                  "networking": {
                    "ingress": null
                  },
                  "nodeSelector": {
                    "matchExpressions": null,
                    "matchLabels": null
                  },
                  "serviceRef": {
                    "name": "doc-classification-service",
                    "port": "8006"
                  },
                  "targetGroupARN": "arn:aws:elasticloadbalancing:ap-south-1:010438478476:targetgroup/k8s-document-classification/f03160f1b7231384",
                  "targetGroupName": null,
                  "targetGroupProtocol": "HTTP",
                  "targetType": "instance",
                  "vpcID": "vpc-01559cc551ee9ce1f"
                }
              },
              "type": [
                "object",
                {
                  "apiVersion": "string",
                  "kind": "string",
                  "metadata": [
                    "object",
                    {
                      "annotations": [
                        "map",
                        "string"
                      ],
                      "creationTimestamp": "string",
                      "deletionGracePeriodSeconds": "number",
                      "deletionTimestamp": "string",
                      "finalizers": [
                        "list",
                        "string"
                      ],
                      "generateName": "string",
                      "generation": "number",
                      "labels": [
                        "map",
                        "string"
                      ],
                      "managedFields": [
                        "tuple",
                        [
                          [
                            "object",
                            {
                              "apiVersion": "string",
                              "fieldsType": "string",
                              "fieldsV1": "dynamic",
                              "manager": "string",
                              "operation": "string",
                              "subresource": "string",
                              "time": "string"
                            }
                          ]
                        ]
                      ],
                      "name": "string",
                      "namespace": "string",
                      "ownerReferences": [
                        "list",
                        [
                          "object",
                          {
                            "apiVersion": "string",
                            "blockOwnerDeletion": "bool",
                            "controller": "bool",
                            "kind": "string",
                            "name": "string",
                            "uid": "string"
                          }
                        ]
                      ],
                      "resourceVersion": "string",
                      "selfLink": "string",
                      "uid": "string"
                    }
                  ],
                  "spec": [
                    "object",
                    {
                      "assumeRoleExternalId": "string",
                      "iamRoleArnToAssume": "string",
                      "ipAddressType": "string",
                      "multiClusterTargetGroup": "bool",
                      "networking": [
                        "object",
                        {
                          "ingress": [
                            "list",
                            [
                              "object",
                              {
                                "from": [
                                  "list",
                                  [
                                    "object",
                                    {
                                      "ipBlock": [
                                        "object",
                                        {
                                          "cidr": "string"
                                        }
                                      ],
                                      "securityGroup": [
                                        "object",
                                        {
                                          "groupID": "string"
                                        }
                                      ]
                                    }
                                  ]
                                ],
                                "ports": [
                                  "list",
                                  [
                                    "object",
                                    {
                                      "port": "string",
                                      "protocol": "string"
                                    }
                                  ]
                                ]
                              }
                            ]
                          ]
                        }
                      ],
                      "nodeSelector": [
                        "object",
                        {
                          "matchExpressions": [
                            "list",
                            [
                              "object",
                              {
                                "key": "string",
                                "operator": "string",
                                "values": [
                                  "list",
                                  "string"
                                ]
                              }
                            ]
                          ],
                          "matchLabels": [
                            "map",
                            "string"
                          ]
                        }
                      ],
                      "serviceRef": [
                        "object",
                        {
                          "name": "string",
                          "port": "string"
                        }
                      ],
                      "targetGroupARN": "string",
                      "targetGroupName": "string",
                      "targetGroupProtocol": "string",
                      "targetType": "string",
                      "vpcID": "string"
                    }
                  ]
                }
              ]
            },
            "timeouts": [],
            "wait": [],
            "wait_for": null
          },
          "sensitive_attributes": [],
          "identity_schema_version": 1,
          "identity": {
            "api_version": "elbv2.k8s.aws/v1beta1",
            "kind": "TargetGroupBinding",
            "name": "document-classification-binding",
            "namespace": "dev"
          },
          "dependencies": [
            "aws_lb_target_group.main",
            "data.aws_eks_cluster.cluster"
          ]
        },
        {
          "index_key": "document-field-extraction",
          "schema_version": 1,
          "attributes": {
            "computed_fields": null,
            "field_manager": [],
            "manifest": {
              "value": {
                "apiVersion": "elbv2.k8s.aws/v1beta1",
                "kind": "TargetGroupBinding",
                "metadata": {
                  "name": "document-field-extraction-binding",
                  "namespace": "dev"
                },
                "spec": {
                  "serviceRef": {
                    "name": "doc-field-extraction-service",
                    "port": 8004
                  },
                  "targetGroupARN": "arn:aws:elasticloadbalancing:ap-south-1:010438478476:targetgroup/k8s-document-field-extraction/ec53c2fb028a692c",
                  "targetType": "instance"
                }
              },
              "type": [
                "object",
                {
                  "apiVersion": "string",
                  "kind": "string",
                  "metadata": [
                    "object",
                    {
                      "name": "string",
                      "namespace": "string"
                    }
                  ],
                  "spec": [
                    "object",
                    {
                      "serviceRef": [
                        "object",
                        {
                          "name": "string",
                          "port": "number"
                        }
                      ],
                      "targetGroupARN": "string",
                      "targetType": "string"
                    }
                  ]
                }
              ]
            },
            "object": {
              "value": {
                "apiVersion": "elbv2.k8s.aws/v1beta1",
                "kind": "TargetGroupBinding",
                "metadata": {
                  "annotations": {
                    "elbv2.k8s.aws/checkpoint": "CvoX0kxBfbCAgUlYQPRP59W_xp_66nKyRHlUjmuK18s/z6iX4zNrf60XS9zx3ylWMmjRgyG6vfeQbLrp6XOGuGE",
                    "elbv2.k8s.aws/checkpoint-timestamp": "1766734442"
                  },
                  "creationTimestamp": null,
                  "deletionGracePeriodSeconds": null,
                  "deletionTimestamp": null,
                  "finalizers": [
                    "elbv2.k8s.aws/resources"
                  ],
                  "generateName": null,
                  "generation": null,
                  "labels": null,
                  "managedFields": null,
                  "name": "document-field-extraction-binding",
                  "namespace": "dev",
                  "ownerReferences": null,
                  "resourceVersion": null,
                  "selfLink": null,
                  "uid": null
                },
                "spec": {
                  "assumeRoleExternalId": null,
                  "iamRoleArnToAssume": null,
                  "ipAddressType": "ipv4",
                  "multiClusterTargetGroup": null,
                  "networking": {
                    "ingress": null
                  },
                  "nodeSelector": {
                    "matchExpressions": null,
                    "matchLabels": null
                  },
                  "serviceRef": {
                    "name": "doc-field-extraction-service",
                    "port": "8004"
                  },
                  "targetGroupARN": "arn:aws:elasticloadbalancing:ap-south-1:010438478476:targetgroup/k8s-document-field-extraction/ec53c2fb028a692c",
                  "targetGroupName": null,
                  "targetGroupProtocol": "HTTP",
                  "targetType": "instance",
                  "vpcID": "vpc-01559cc551ee9ce1f"
                }
              },
              "type": [
                "object",
                {
                  "apiVersion": "string",
                  "kind": "string",
                  "metadata": [
                    "object",
                    {
                      "annotations": [
                        "map",
                        "string"
                      ],
                      "creationTimestamp": "string",
                      "deletionGracePeriodSeconds": "number",
                      "deletionTimestamp": "string",
                      "finalizers": [
                        "list",
                        "string"
                      ],
                      "generateName": "string",
                      "generation": "number",
                      "labels": [
                        "map",
                        "string"
                      ],
                      "managedFields": [
                        "tuple",
                        [
                          [
                            "object",
                            {
                              "apiVersion": "string",
                              "fieldsType": "string",
                              "fieldsV1": "dynamic",
                              "manager": "string",
                              "operation": "string",
                              "subresource": "string",
                              "time": "string"
                            }
                          ]
                        ]
                      ],
                      "name": "string",
                      "namespace": "string",
                      "ownerReferences": [
                        "list",
                        [
                          "object",
                          {
                            "apiVersion": "string",
                            "blockOwnerDeletion": "bool",
                            "controller": "bool",
                            "kind": "string",
                            "name": "string",
                            "uid": "string"
                          }
                        ]
                      ],
                      "resourceVersion": "string",
                      "selfLink": "string",
                      "uid": "string"
                    }
                  ],
                  "spec": [
                    "object",
                    {
                      "assumeRoleExternalId": "string",
                      "iamRoleArnToAssume": "string",
                      "ipAddressType": "string",
                      "multiClusterTargetGroup": "bool",
                      "networking": [
                        "object",
                        {
                          "ingress": [
                            "list",
                            [
                              "object",
                              {
                                "from": [
                                  "list",
                                  [
                                    "object",
                                    {
                                      "ipBlock": [
                                        "object",
                                        {
                                          "cidr": "string"
                                        }
                                      ],
                                      "securityGroup": [
                                        "object",
                                        {
                                          "groupID": "string"
                                        }
                                      ]
                                    }
                                  ]
                                ],
                                "ports": [
                                  "list",
                                  [
                                    "object",
                                    {
                                      "port": "string",
                                      "protocol": "string"
                                    }
                                  ]
                                ]
                              }
                            ]
                          ]
                        }
                      ],
                      "nodeSelector": [
                        "object",
                        {
                          "matchExpressions": [
                            "list",
                            [
                              "object",
                              {
                                "key": "string",
                                "operator": "string",
                                "values": [
                                  "list",
                                  "string"
                                ]
                              }
                            ]
                          ],
                          "matchLabels": [
                            "map",
                            "string"
                          ]
                        }
                      ],
                      "serviceRef": [
                        "object",
                        {
                          "name": "string",
                          "port": "string"
                        }
                      ],
                      "targetGroupARN": "string",
                      "targetGroupName": "string",
                      "targetGroupProtocol": "string",
                      "targetType": "string",
                      "vpcID": "string"
                    }
                  ]
                }
              ]
            },
            "timeouts": [],
            "wait": [],
            "wait_for": null
          },
          "sensitive_attributes": [],
          "identity_schema_version": 1,
          "identity": {
            "api_version": "elbv2.k8s.aws/v1beta1",
            "kind": "TargetGroupBinding",
            "name": "document-field-extraction-binding",
            "namespace": "dev"
          },
          "dependencies": [
            "aws_lb_target_group.main",
            "data.aws_eks_cluster.cluster"
          ]
        },
        {
          "index_key": "document-page-classification",
          "schema_version": 1,
          "attributes": {
            "computed_fields": null,
            "field_manager": [],
            "manifest": {
              "value": {
                "apiVersion": "elbv2.k8s.aws/v1beta1",
                "kind": "TargetGroupBinding",
                "metadata": {
                  "name": "document-page-classification-binding",
                  "namespace": "dev"
                },
                "spec": {
                  "serviceRef": {
                    "name": "doc-page-classification-service",
                    "port": 8003
                  },
                  "targetGroupARN": "arn:aws:elasticloadbalancing:ap-south-1:010438478476:targetgroup/k8s-document-page-classification/18d590720dcf5c42",
                  "targetType": "instance"
                }
              },
              "type": [
                "object",
                {
                  "apiVersion": "string",
                  "kind": "string",
                  "metadata": [
                    "object",
                    {
                      "name": "string",
                      "namespace": "string"
                    }
                  ],
                  "spec": [
                    "object",
                    {
                      "serviceRef": [
                        "object",
                        {
                          "name": "string",
                          "port": "number"
                        }
                      ],
                      "targetGroupARN": "string",
                      "targetType": "string"
                    }
                  ]
                }
              ]
            },
            "object": {
              "value": {
                "apiVersion": "elbv2.k8s.aws/v1beta1",
                "kind": "TargetGroupBinding",
                "metadata": {
                  "annotations": {
                    "elbv2.k8s.aws/checkpoint": "sdqz3qqZzrM7Zisc3HuKFTecB_FMoAfW4EEF0V_yn0o/sZXIGRM0G6c9Ey-ZQT6B9RNHnrvFjay6hd88gEinZMg",
                    "elbv2.k8s.aws/checkpoint-timestamp": "1766734442"
                  },
                  "creationTimestamp": null,
                  "deletionGracePeriodSeconds": null,
                  "deletionTimestamp": null,
                  "finalizers": [
                    "elbv2.k8s.aws/resources"
                  ],
                  "generateName": null,
                  "generation": null,
                  "labels": null,
                  "managedFields": null,
                  "name": "document-page-classification-binding",
                  "namespace": "dev",
                  "ownerReferences": null,
                  "resourceVersion": null,
                  "selfLink": null,
                  "uid": null
                },
                "spec": {
                  "assumeRoleExternalId": null,
                  "iamRoleArnToAssume": null,
                  "ipAddressType": "ipv4",
                  "multiClusterTargetGroup": null,
                  "networking": {
                    "ingress": null
                  },
                  "nodeSelector": {
                    "matchExpressions": null,
                    "matchLabels": null
                  },
                  "serviceRef": {
                    "name": "doc-page-classification-service",
                    "port": "8003"
                  },
                  "targetGroupARN": "arn:aws:elasticloadbalancing:ap-south-1:010438478476:targetgroup/k8s-document-page-classification/18d590720dcf5c42",
                  "targetGroupName": null,
                  "targetGroupProtocol": "HTTP",
                  "targetType": "instance",
                  "vpcID": "vpc-01559cc551ee9ce1f"
                }
              },
              "type": [
                "object",
                {
                  "apiVersion": "string",
                  "kind": "string",
                  "metadata": [
                    "object",
                    {
                      "annotations": [
                        "map",
                        "string"
                      ],
                      "creationTimestamp": "string",
                      "deletionGracePeriodSeconds": "number",
                      "deletionTimestamp": "string",
                      "finalizers": [
                        "list",
                        "string"
                      ],
                      "generateName": "string",
                      "generation": "number",
                      "labels": [
                        "map",
                        "string"
                      ],
                      "managedFields": [
                        "tuple",
                        [
                          [
                            "object",
                            {
                              "apiVersion": "string",
                              "fieldsType": "string",
                              "fieldsV1": "dynamic",
                              "manager": "string",
                              "operation": "string",
                              "subresource": "string",
                              "time": "string"
                            }
                          ]
                        ]
                      ],
                      "name": "string",
                      "namespace": "string",
                      "ownerReferences": [
                        "list",
                        [
                          "object",
                          {
                            "apiVersion": "string",
                            "blockOwnerDeletion": "bool",
                            "controller": "bool",
                            "kind": "string",
                            "name": "string",
                            "uid": "string"
                          }
                        ]
                      ],
                      "resourceVersion": "string",
                      "selfLink": "string",
                      "uid": "string"
                    }
                  ],
                  "spec": [
                    "object",
                    {
                      "assumeRoleExternalId": "string",
                      "iamRoleArnToAssume": "string",
                      "ipAddressType": "string",
                      "multiClusterTargetGroup": "bool",
                      "networking": [
                        "object",
                        {
                          "ingress": [
                            "list",
                            [
                              "object",
                              {
                                "from": [
                                  "list",
                                  [
                                    "object",
                                    {
                                      "ipBlock": [
                                        "object",
                                        {
                                          "cidr": "string"
                                        }
                                      ],
                                      "securityGroup": [
                                        "object",
                                        {
                                          "groupID": "string"
                                        }
                                      ]
                                    }
                                  ]
                                ],
                                "ports": [
                                  "list",
                                  [
                                    "object",
                                    {
                                      "port": "string",
                                      "protocol": "string"
                                    }
                                  ]
                                ]
                              }
                            ]
                          ]
                        }
                      ],
                      "nodeSelector": [
                        "object",
                        {
                          "matchExpressions": [
                            "list",
                            [
                              "object",
                              {
                                "key": "string",
                                "operator": "string",
                                "values": [
                                  "list",
                                  "string"
                                ]
                              }
                            ]
                          ],
                          "matchLabels": [
                            "map",
                            "string"
                          ]
                        }
                      ],
                      "serviceRef": [
                        "object",
                        {
                          "name": "string",
                          "port": "string"
                        }
                      ],
                      "targetGroupARN": "string",
                      "targetGroupName": "string",
                      "targetGroupProtocol": "string",
                      "targetType": "string",
                      "vpcID": "string"
                    }
                  ]
                }
              ]
            },
            "timeouts": [],
            "wait": [],
            "wait_for": null
          },
          "sensitive_attributes": [],
          "identity_schema_version": 1,
          "identity": {
            "api_version": "elbv2.k8s.aws/v1beta1",
            "kind": "TargetGroupBinding",
            "name": "document-page-classification-binding",
            "namespace": "dev"
          },
          "dependencies": [
            "aws_lb_target_group.main",
            "data.aws_eks_cluster.cluster"
          ]
        },
        {
          "index_key": "frame",
          "schema_version": 1,
          "attributes": {
            "computed_fields": null,
            "field_manager": [],
            "manifest": {
              "value": {
                "apiVersion": "elbv2.k8s.aws/v1beta1",
                "kind": "TargetGroupBinding",
                "metadata": {
                  "name": "frame-binding",
                  "namespace": "dev"
                },
                "spec": {
                  "serviceRef": {
                    "name": "frame-service",
                    "port": 8040
                  },
                  "targetGroupARN": "arn:aws:elasticloadbalancing:ap-south-1:010438478476:targetgroup/k8s-frame/59a1b5e9c5a5f396",
                  "targetType": "instance"
                }
              },
              "type": [
                "object",
                {
                  "apiVersion": "string",
                  "kind": "string",
                  "metadata": [
                    "object",
                    {
                      "name": "string",
                      "namespace": "string"
                    }
                  ],
                  "spec": [
                    "object",
                    {
                      "serviceRef": [
                        "object",
                        {
                          "name": "string",
                          "port": "number"
                        }
                      ],
                      "targetGroupARN": "string",
                      "targetType": "string"
                    }
                  ]
                }
              ]
            },
            "object": {
              "value": {
                "apiVersion": "elbv2.k8s.aws/v1beta1",
                "kind": "TargetGroupBinding",
                "metadata": {
                  "annotations": {
                    "elbv2.k8s.aws/checkpoint": "GduoYN8-xrRr1KOUUWIH4X1p0rU1c5UJHG5rtCNqKRg/8qVrH7oDAxny-IlK972cocp-6ATNJmEABPjiaCgV9xM",
                    "elbv2.k8s.aws/checkpoint-timestamp": "1766734443"
                  },
                  "creationTimestamp": null,
                  "deletionGracePeriodSeconds": null,
                  "deletionTimestamp": null,
                  "finalizers": [
                    "elbv2.k8s.aws/resources"
                  ],
                  "generateName": null,
                  "generation": null,
                  "labels": null,
                  "managedFields": null,
                  "name": "frame-binding",
                  "namespace": "dev",
                  "ownerReferences": null,
                  "resourceVersion": null,
                  "selfLink": null,
                  "uid": null
                },
                "spec": {
                  "assumeRoleExternalId": null,
                  "iamRoleArnToAssume": null,
                  "ipAddressType": "ipv4",
                  "multiClusterTargetGroup": null,
                  "networking": {
                    "ingress": null
                  },
                  "nodeSelector": {
                    "matchExpressions": null,
                    "matchLabels": null
                  },
                  "serviceRef": {
                    "name": "frame-service",
                    "port": "8040"
                  },
                  "targetGroupARN": "arn:aws:elasticloadbalancing:ap-south-1:010438478476:targetgroup/k8s-frame/59a1b5e9c5a5f396",
                  "targetGroupName": null,
                  "targetGroupProtocol": "HTTP",
                  "targetType": "instance",
                  "vpcID": "vpc-01559cc551ee9ce1f"
                }
              },
              "type": [
                "object",
                {
                  "apiVersion": "string",
                  "kind": "string",
                  "metadata": [
                    "object",
                    {
                      "annotations": [
                        "map",
                        "string"
                      ],
                      "creationTimestamp": "string",
                      "deletionGracePeriodSeconds": "number",
                      "deletionTimestamp": "string",
                      "finalizers": [
                        "list",
                        "string"
                      ],
                      "generateName": "string",
                      "generation": "number",
                      "labels": [
                        "map",
                        "string"
                      ],
                      "managedFields": [
                        "tuple",
                        [
                          [
                            "object",
                            {
                              "apiVersion": "string",
                              "fieldsType": "string",
                              "fieldsV1": "dynamic",
                              "manager": "string",
                              "operation": "string",
                              "subresource": "string",
                              "time": "string"
                            }
                          ]
                        ]
                      ],
                      "name": "string",
                      "namespace": "string",
                      "ownerReferences": [
                        "list",
                        [
                          "object",
                          {
                            "apiVersion": "string",
                            "blockOwnerDeletion": "bool",
                            "controller": "bool",
                            "kind": "string",
                            "name": "string",
                            "uid": "string"
                          }
                        ]
                      ],
                      "resourceVersion": "string",
                      "selfLink": "string",
                      "uid": "string"
                    }
                  ],
                  "spec": [
                    "object",
                    {
                      "assumeRoleExternalId": "string",
                      "iamRoleArnToAssume": "string",
                      "ipAddressType": "string",
                      "multiClusterTargetGroup": "bool",
                      "networking": [
                        "object",
                        {
                          "ingress": [
                            "list",
                            [
                              "object",
                              {
                                "from": [
                                  "list",
                                  [
                                    "object",
                                    {
                                      "ipBlock": [
                                        "object",
                                        {
                                          "cidr": "string"
                                        }
                                      ],
                                      "securityGroup": [
                                        "object",
                                        {
                                          "groupID": "string"
                                        }
                                      ]
                                    }
                                  ]
                                ],
                                "ports": [
                                  "list",
                                  [
                                    "object",
                                    {
                                      "port": "string",
                                      "protocol": "string"
                                    }
                                  ]
                                ]
                              }
                            ]
                          ]
                        }
                      ],
                      "nodeSelector": [
                        "object",
                        {
                          "matchExpressions": [
                            "list",
                            [
                              "object",
                              {
                                "key": "string",
                                "operator": "string",
                                "values": [
                                  "list",
                                  "string"
                                ]
                              }
                            ]
                          ],
                          "matchLabels": [
                            "map",
                            "string"
                          ]
                        }
                      ],
                      "serviceRef": [
                        "object",
                        {
                          "name": "string",
                          "port": "string"
                        }
                      ],
                      "targetGroupARN": "string",
                      "targetGroupName": "string",
                      "targetGroupProtocol": "string",
                      "targetType": "string",
                      "vpcID": "string"
                    }
                  ]
                }
              ]
            },
            "timeouts": [],
            "wait": [],
            "wait_for": null
          },
          "sensitive_attributes": [],
          "identity_schema_version": 1,
          "identity": {
            "api_version": "elbv2.k8s.aws/v1beta1",
            "kind": "TargetGroupBinding",
            "name": "frame-binding",
            "namespace": "dev"
          },
          "dependencies": [
            "aws_lb_target_group.main",
            "data.aws_eks_cluster.cluster"
          ]
        },
        {
          "index_key": "fvrk-dev-tg",
          "schema_version": 1,
          "attributes": {
            "computed_fields": null,
            "field_manager": [],
            "manifest": {
              "value": {
                "apiVersion": "elbv2.k8s.aws/v1beta1",
                "kind": "TargetGroupBinding",
                "metadata": {
                  "name": "fvrk-dev-tg-binding",
                  "namespace": "dev"
                },
                "spec": {
                  "serviceRef": {
                    "name": "frame-validus-service",
                    "port": 80
                  },
                  "targetGroupARN": "arn:aws:elasticloadbalancing:ap-south-1:010438478476:targetgroup/k8s-fvrk-dev-tg/79c8648dc0f8cc7f",
                  "targetType": "instance"
                }
              },
              "type": [
                "object",
                {
                  "apiVersion": "string",
                  "kind": "string",
                  "metadata": [
                    "object",
                    {
                      "name": "string",
                      "namespace": "string"
                    }
                  ],
                  "spec": [
                    "object",
                    {
                      "serviceRef": [
                        "object",
                        {
                          "name": "string",
                          "port": "number"
                        }
                      ],
                      "targetGroupARN": "string",
                      "targetType": "string"
                    }
                  ]
                }
              ]
            },
            "object": {
              "value": {
                "apiVersion": "elbv2.k8s.aws/v1beta1",
                "kind": "TargetGroupBinding",
                "metadata": {
                  "annotations": {
                    "elbv2.k8s.aws/checkpoint": "kENUdeFsCWNvLR3lHka952XIzHPgtFBdIBIcqUOAWEs/0XNqcE-C5RN4f6pzRWu7SkAgPXqXHmYqRQcqdJYvrAw",
                    "elbv2.k8s.aws/checkpoint-timestamp": "1766734443"
                  },
                  "creationTimestamp": null,
                  "deletionGracePeriodSeconds": null,
                  "deletionTimestamp": null,
                  "finalizers": [
                    "elbv2.k8s.aws/resources"
                  ],
                  "generateName": null,
                  "generation": null,
                  "labels": null,
                  "managedFields": null,
                  "name": "fvrk-dev-tg-binding",
                  "namespace": "dev",
                  "ownerReferences": null,
                  "resourceVersion": null,
                  "selfLink": null,
                  "uid": null
                },
                "spec": {
                  "assumeRoleExternalId": null,
                  "iamRoleArnToAssume": null,
                  "ipAddressType": "ipv4",
                  "multiClusterTargetGroup": null,
                  "networking": {
                    "ingress": null
                  },
                  "nodeSelector": {
                    "matchExpressions": null,
                    "matchLabels": null
                  },
                  "serviceRef": {
                    "name": "frame-validus-service",
                    "port": "80"
                  },
                  "targetGroupARN": "arn:aws:elasticloadbalancing:ap-south-1:010438478476:targetgroup/k8s-fvrk-dev-tg/79c8648dc0f8cc7f",
                  "targetGroupName": null,
                  "targetGroupProtocol": "HTTP",
                  "targetType": "instance",
                  "vpcID": "vpc-01559cc551ee9ce1f"
                }
              },
              "type": [
                "object",
                {
                  "apiVersion": "string",
                  "kind": "string",
                  "metadata": [
                    "object",
                    {
                      "annotations": [
                        "map",
                        "string"
                      ],
                      "creationTimestamp": "string",
                      "deletionGracePeriodSeconds": "number",
                      "deletionTimestamp": "string",
                      "finalizers": [
                        "list",
                        "string"
                      ],
                      "generateName": "string",
                      "generation": "number",
                      "labels": [
                        "map",
                        "string"
                      ],
                      "managedFields": [
                        "tuple",
                        [
                          [
                            "object",
                            {
                              "apiVersion": "string",
                              "fieldsType": "string",
                              "fieldsV1": "dynamic",
                              "manager": "string",
                              "operation": "string",
                              "subresource": "string",
                              "time": "string"
                            }
                          ]
                        ]
                      ],
                      "name": "string",
                      "namespace": "string",
                      "ownerReferences": [
                        "list",
                        [
                          "object",
                          {
                            "apiVersion": "string",
                            "blockOwnerDeletion": "bool",
                            "controller": "bool",
                            "kind": "string",
                            "name": "string",
                            "uid": "string"
                          }
                        ]
                      ],
                      "resourceVersion": "string",
                      "selfLink": "string",
                      "uid": "string"
                    }
                  ],
                  "spec": [
                    "object",
                    {
                      "assumeRoleExternalId": "string",
                      "iamRoleArnToAssume": "string",
                      "ipAddressType": "string",
                      "multiClusterTargetGroup": "bool",
                      "networking": [
                        "object",
                        {
                          "ingress": [
                            "list",
                            [
                              "object",
                              {
                                "from": [
                                  "list",
                                  [
                                    "object",
                                    {
                                      "ipBlock": [
                                        "object",
                                        {
                                          "cidr": "string"
                                        }
                                      ],
                                      "securityGroup": [
                                        "object",
                                        {
                                          "groupID": "string"
                                        }
                                      ]
                                    }
                                  ]
                                ],
                                "ports": [
                                  "list",
                                  [
                                    "object",
                                    {
                                      "port": "string",
                                      "protocol": "string"
                                    }
                                  ]
                                ]
                              }
                            ]
                          ]
                        }
                      ],
                      "nodeSelector": [
                        "object",
                        {
                          "matchExpressions": [
                            "list",
                            [
                              "object",
                              {
                                "key": "string",
                                "operator": "string",
                                "values": [
                                  "list",
                                  "string"
                                ]
                              }
                            ]
                          ],
                          "matchLabels": [
                            "map",
                            "string"
                          ]
                        }
                      ],
                      "serviceRef": [
                        "object",
                        {
                          "name": "string",
                          "port": "string"
                        }
                      ],
                      "targetGroupARN": "string",
                      "targetGroupName": "string",
                      "targetGroupProtocol": "string",
                      "targetType": "string",
                      "vpcID": "string"
                    }
                  ]
                }
              ]
            },
            "timeouts": [],
            "wait": [],
            "wait_for": null
          },
          "sensitive_attributes": [],
          "identity_schema_version": 1,
          "identity": {
            "api_version": "elbv2.k8s.aws/v1beta1",
            "kind": "TargetGroupBinding",
            "name": "fvrk-dev-tg-binding",
            "namespace": "dev"
          },
          "dependencies": [
            "aws_lb_target_group.main",
            "data.aws_eks_cluster.cluster"
          ]
        },
        {
          "index_key": "jenkins-tg",
          "schema_version": 1,
          "attributes": {
            "computed_fields": null,
            "field_manager": [],
            "manifest": {
              "value": {
                "apiVersion": "elbv2.k8s.aws/v1beta1",
                "kind": "TargetGroupBinding",
                "metadata": {
                  "name": "jenkins-tg-binding",
                  "namespace": "dev"
                },
                "spec": {
                  "serviceRef": {
                    "name": "jenkins",
                    "port": 8080
                  },
                  "targetGroupARN": "arn:aws:elasticloadbalancing:ap-south-1:010438478476:targetgroup/k8s-jenkins-tg/dabe2f9c0346040a",
                  "targetType": "instance"
                }
              },
              "type": [
                "object",
                {
                  "apiVersion": "string",
                  "kind": "string",
                  "metadata": [
                    "object",
                    {
                      "name": "string",
                      "namespace": "string"
                    }
                  ],
                  "spec": [
                    "object",
                    {
                      "serviceRef": [
                        "object",
                        {
                          "name": "string",
                          "port": "number"
                        }
                      ],
                      "targetGroupARN": "string",
                      "targetType": "string"
                    }
                  ]
                }
              ]
            },
            "object": {
              "value": {
                "apiVersion": "elbv2.k8s.aws/v1beta1",
                "kind": "TargetGroupBinding",
                "metadata": {
                  "annotations": null,
                  "creationTimestamp": null,
                  "deletionGracePeriodSeconds": null,
                  "deletionTimestamp": null,
                  "finalizers": [
                    "elbv2.k8s.aws/resources"
                  ],
                  "generateName": null,
                  "generation": null,
                  "labels": null,
                  "managedFields": null,
                  "name": "jenkins-tg-binding",
                  "namespace": "dev",
                  "ownerReferences": null,
                  "resourceVersion": null,
                  "selfLink": null,
                  "uid": null
                },
                "spec": {
                  "assumeRoleExternalId": null,
                  "iamRoleArnToAssume": null,
                  "ipAddressType": "ipv4",
                  "multiClusterTargetGroup": null,
                  "networking": {
                    "ingress": null
                  },
                  "nodeSelector": {
                    "matchExpressions": null,
                    "matchLabels": null
                  },
                  "serviceRef": {
                    "name": "jenkins",
                    "port": "8080"
                  },
                  "targetGroupARN": "arn:aws:elasticloadbalancing:ap-south-1:010438478476:targetgroup/k8s-jenkins-tg/dabe2f9c0346040a",
                  "targetGroupName": null,
                  "targetGroupProtocol": "HTTP",
                  "targetType": "instance",
                  "vpcID": "vpc-01559cc551ee9ce1f"
                }
              },
              "type": [
                "object",
                {
                  "apiVersion": "string",
                  "kind": "string",
                  "metadata": [
                    "object",
                    {
                      "annotations": [
                        "map",
                        "string"
                      ],
                      "creationTimestamp": "string",
                      "deletionGracePeriodSeconds": "number",
                      "deletionTimestamp": "string",
                      "finalizers": [
                        "list",
                        "string"
                      ],
                      "generateName": "string",
                      "generation": "number",
                      "labels": [
                        "map",
                        "string"
                      ],
                      "managedFields": [
                        "tuple",
                        [
                          [
                            "object",
                            {
                              "apiVersion": "string",
                              "fieldsType": "string",
                              "fieldsV1": "dynamic",
                              "manager": "string",
                              "operation": "string",
                              "subresource": "string",
                              "time": "string"
                            }
                          ]
                        ]
                      ],
                      "name": "string",
                      "namespace": "string",
                      "ownerReferences": [
                        "list",
                        [
                          "object",
                          {
                            "apiVersion": "string",
                            "blockOwnerDeletion": "bool",
                            "controller": "bool",
                            "kind": "string",
                            "name": "string",
                            "uid": "string"
                          }
                        ]
                      ],
                      "resourceVersion": "string",
                      "selfLink": "string",
                      "uid": "string"
                    }
                  ],
                  "spec": [
                    "object",
                    {
                      "assumeRoleExternalId": "string",
                      "iamRoleArnToAssume": "string",
                      "ipAddressType": "string",
                      "multiClusterTargetGroup": "bool",
                      "networking": [
                        "object",
                        {
                          "ingress": [
                            "list",
                            [
                              "object",
                              {
                                "from": [
                                  "list",
                                  [
                                    "object",
                                    {
                                      "ipBlock": [
                                        "object",
                                        {
                                          "cidr": "string"
                                        }
                                      ],
                                      "securityGroup": [
                                        "object",
                                        {
                                          "groupID": "string"
                                        }
                                      ]
                                    }
                                  ]
                                ],
                                "ports": [
                                  "list",
                                  [
                                    "object",
                                    {
                                      "port": "string",
                                      "protocol": "string"
                                    }
                                  ]
                                ]
                              }
                            ]
                          ]
                        }
                      ],
                      "nodeSelector": [
                        "object",
                        {
                          "matchExpressions": [
                            "list",
                            [
                              "object",
                              {
                                "key": "string",
                                "operator": "string",
                                "values": [
                                  "list",
                                  "string"
                                ]
                              }
                            ]
                          ],
                          "matchLabels": [
                            "map",
                            "string"
                          ]
                        }
                      ],
                      "serviceRef": [
                        "object",
                        {
                          "name": "string",
                          "port": "string"
                        }
                      ],
                      "targetGroupARN": "string",
                      "targetGroupName": "string",
                      "targetGroupProtocol": "string",
                      "targetType": "string",
                      "vpcID": "string"
                    }
                  ]
                }
              ]
            },
            "timeouts": [],
            "wait": [],
            "wait_for": null
          },
          "sensitive_attributes": [],
          "identity_schema_version": 1,
          "identity": {
            "api_version": "elbv2.k8s.aws/v1beta1",
            "kind": "TargetGroupBinding",
            "name": "jenkins-tg-binding",
            "namespace": "dev"
          },
          "dependencies": [
            "aws_lb_target_group.main",
            "data.aws_eks_cluster.cluster"
          ]
        },
        {
          "index_key": "keycloak",
          "schema_version": 1,
          "attributes": {
            "computed_fields": null,
            "field_manager": [],
            "manifest": {
              "value": {
                "apiVersion": "elbv2.k8s.aws/v1beta1",
                "kind": "TargetGroupBinding",
                "metadata": {
                  "name": "keycloak-binding",
                  "namespace": "dev"
                },
                "spec": {
                  "serviceRef": {
                    "name": "keycloak-service",
                    "port": 8080
                  },
                  "targetGroupARN": "arn:aws:elasticloadbalancing:ap-south-1:010438478476:targetgroup/k8s-keycloak/ef8882db4db4467a",
                  "targetType": "instance"
                }
              },
              "type": [
                "object",
                {
                  "apiVersion": "string",
                  "kind": "string",
                  "metadata": [
                    "object",
                    {
                      "name": "string",
                      "namespace": "string"
                    }
                  ],
                  "spec": [
                    "object",
                    {
                      "serviceRef": [
                        "object",
                        {
                          "name": "string",
                          "port": "number"
                        }
                      ],
                      "targetGroupARN": "string",
                      "targetType": "string"
                    }
                  ]
                }
              ]
            },
            "object": {
              "value": {
                "apiVersion": "elbv2.k8s.aws/v1beta1",
                "kind": "TargetGroupBinding",
                "metadata": {
                  "annotations": {
                    "elbv2.k8s.aws/checkpoint": "hWH_PEp7_yWbtZPoGPcx6WWtsuz7agJQ3x-nIOeiXRw/1sUXLm1VrHiv3d5gY4hgILYI0RQgTUznERh0bP8GlBQ",
                    "elbv2.k8s.aws/checkpoint-timestamp": "1766734443"
                  },
                  "creationTimestamp": null,
                  "deletionGracePeriodSeconds": null,
                  "deletionTimestamp": null,
                  "finalizers": [
                    "elbv2.k8s.aws/resources"
                  ],
                  "generateName": null,
                  "generation": null,
                  "labels": null,
                  "managedFields": null,
                  "name": "keycloak-binding",
                  "namespace": "dev",
                  "ownerReferences": null,
                  "resourceVersion": null,
                  "selfLink": null,
                  "uid": null
                },
                "spec": {
                  "assumeRoleExternalId": null,
                  "iamRoleArnToAssume": null,
                  "ipAddressType": "ipv4",
                  "multiClusterTargetGroup": null,
                  "networking": {
                    "ingress": null
                  },
                  "nodeSelector": {
                    "matchExpressions": null,
                    "matchLabels": null
                  },
                  "serviceRef": {
                    "name": "keycloak-service",
                    "port": "8080"
                  },
                  "targetGroupARN": "arn:aws:elasticloadbalancing:ap-south-1:010438478476:targetgroup/k8s-keycloak/ef8882db4db4467a",
                  "targetGroupName": null,
                  "targetGroupProtocol": "HTTP",
                  "targetType": "instance",
                  "vpcID": "vpc-01559cc551ee9ce1f"
                }
              },
              "type": [
                "object",
                {
                  "apiVersion": "string",
                  "kind": "string",
                  "metadata": [
                    "object",
                    {
                      "annotations": [
                        "map",
                        "string"
                      ],
                      "creationTimestamp": "string",
                      "deletionGracePeriodSeconds": "number",
                      "deletionTimestamp": "string",
                      "finalizers": [
                        "list",
                        "string"
                      ],
                      "generateName": "string",
                      "generation": "number",
                      "labels": [
                        "map",
                        "string"
                      ],
                      "managedFields": [
                        "tuple",
                        [
                          [
                            "object",
                            {
                              "apiVersion": "string",
                              "fieldsType": "string",
                              "fieldsV1": "dynamic",
                              "manager": "string",
                              "operation": "string",
                              "subresource": "string",
                              "time": "string"
                            }
                          ]
                        ]
                      ],
                      "name": "string",
                      "namespace": "string",
                      "ownerReferences": [
                        "list",
                        [
                          "object",
                          {
                            "apiVersion": "string",
                            "blockOwnerDeletion": "bool",
                            "controller": "bool",
                            "kind": "string",
                            "name": "string",
                            "uid": "string"
                          }
                        ]
                      ],
                      "resourceVersion": "string",
                      "selfLink": "string",
                      "uid": "string"
                    }
                  ],
                  "spec": [
                    "object",
                    {
                      "assumeRoleExternalId": "string",
                      "iamRoleArnToAssume": "string",
                      "ipAddressType": "string",
                      "multiClusterTargetGroup": "bool",
                      "networking": [
                        "object",
                        {
                          "ingress": [
                            "list",
                            [
                              "object",
                              {
                                "from": [
                                  "list",
                                  [
                                    "object",
                                    {
                                      "ipBlock": [
                                        "object",
                                        {
                                          "cidr": "string"
                                        }
                                      ],
                                      "securityGroup": [
                                        "object",
                                        {
                                          "groupID": "string"
                                        }
                                      ]
                                    }
                                  ]
                                ],
                                "ports": [
                                  "list",
                                  [
                                    "object",
                                    {
                                      "port": "string",
                                      "protocol": "string"
                                    }
                                  ]
                                ]
                              }
                            ]
                          ]
                        }
                      ],
                      "nodeSelector": [
                        "object",
                        {
                          "matchExpressions": [
                            "list",
                            [
                              "object",
                              {
                                "key": "string",
                                "operator": "string",
                                "values": [
                                  "list",
                                  "string"
                                ]
                              }
                            ]
                          ],
                          "matchLabels": [
                            "map",
                            "string"
                          ]
                        }
                      ],
                      "serviceRef": [
                        "object",
                        {
                          "name": "string",
                          "port": "string"
                        }
                      ],
                      "targetGroupARN": "string",
                      "targetGroupName": "string",
                      "targetGroupProtocol": "string",
                      "targetType": "string",
                      "vpcID": "string"
                    }
                  ]
                }
              ]
            },
            "timeouts": [],
            "wait": [],
            "wait_for": null
          },
          "sensitive_attributes": [],
          "identity_schema_version": 1,
          "identity": {
            "api_version": "elbv2.k8s.aws/v1beta1",
            "kind": "TargetGroupBinding",
            "name": "keycloak-binding",
            "namespace": "dev"
          },
          "dependencies": [
            "aws_lb_target_group.main",
            "data.aws_eks_cluster.cluster"
          ]
        },
        {
          "index_key": "konga-service",
          "schema_version": 1,
          "attributes": {
            "computed_fields": null,
            "field_manager": [],
            "manifest": {
              "value": {
                "apiVersion": "elbv2.k8s.aws/v1beta1",
                "kind": "TargetGroupBinding",
                "metadata": {
                  "name": "konga-service-binding",
                  "namespace": "dev"
                },
                "spec": {
                  "serviceRef": {
                    "name": "konga-service",
                    "port": 1337
                  },
                  "targetGroupARN": "arn:aws:elasticloadbalancing:ap-south-1:010438478476:targetgroup/k8s-konga-service/728f3601434a94d1",
                  "targetType": "instance"
                }
              },
              "type": [
                "object",
                {
                  "apiVersion": "string",
                  "kind": "string",
                  "metadata": [
                    "object",
                    {
                      "name": "string",
                      "namespace": "string"
                    }
                  ],
                  "spec": [
                    "object",
                    {
                      "serviceRef": [
                        "object",
                        {
                          "name": "string",
                          "port": "number"
                        }
                      ],
                      "targetGroupARN": "string",
                      "targetType": "string"
                    }
                  ]
                }
              ]
            },
            "object": {
              "value": {
                "apiVersion": "elbv2.k8s.aws/v1beta1",
                "kind": "TargetGroupBinding",
                "metadata": {
                  "annotations": {
                    "elbv2.k8s.aws/checkpoint": "JitlLrJMrxd90cRz6KjVQfPhp2tDfg_Bc2ztEjMwbpc/iD6zdLUCgBFBdja-a0YlhqLgkZpHPug4bDQrJuvx4k8",
                    "elbv2.k8s.aws/checkpoint-timestamp": "1766734443"
                  },
                  "creationTimestamp": null,
                  "deletionGracePeriodSeconds": null,
                  "deletionTimestamp": null,
                  "finalizers": [
                    "elbv2.k8s.aws/resources"
                  ],
                  "generateName": null,
                  "generation": null,
                  "labels": null,
                  "managedFields": null,
                  "name": "konga-service-binding",
                  "namespace": "dev",
                  "ownerReferences": null,
                  "resourceVersion": null,
                  "selfLink": null,
                  "uid": null
                },
                "spec": {
                  "assumeRoleExternalId": null,
                  "iamRoleArnToAssume": null,
                  "ipAddressType": "ipv4",
                  "multiClusterTargetGroup": null,
                  "networking": {
                    "ingress": null
                  },
                  "nodeSelector": {
                    "matchExpressions": null,
                    "matchLabels": null
                  },
                  "serviceRef": {
                    "name": "konga-service",
                    "port": "1337"
                  },
                  "targetGroupARN": "arn:aws:elasticloadbalancing:ap-south-1:010438478476:targetgroup/k8s-konga-service/728f3601434a94d1",
                  "targetGroupName": null,
                  "targetGroupProtocol": "HTTP",
                  "targetType": "instance",
                  "vpcID": "vpc-01559cc551ee9ce1f"
                }
              },
              "type": [
                "object",
                {
                  "apiVersion": "string",
                  "kind": "string",
                  "metadata": [
                    "object",
                    {
                      "annotations": [
                        "map",
                        "string"
                      ],
                      "creationTimestamp": "string",
                      "deletionGracePeriodSeconds": "number",
                      "deletionTimestamp": "string",
                      "finalizers": [
                        "list",
                        "string"
                      ],
                      "generateName": "string",
                      "generation": "number",
                      "labels": [
                        "map",
                        "string"
                      ],
                      "managedFields": [
                        "tuple",
                        [
                          [
                            "object",
                            {
                              "apiVersion": "string",
                              "fieldsType": "string",
                              "fieldsV1": "dynamic",
                              "manager": "string",
                              "operation": "string",
                              "subresource": "string",
                              "time": "string"
                            }
                          ]
                        ]
                      ],
                      "name": "string",
                      "namespace": "string",
                      "ownerReferences": [
                        "list",
                        [
                          "object",
                          {
                            "apiVersion": "string",
                            "blockOwnerDeletion": "bool",
                            "controller": "bool",
                            "kind": "string",
                            "name": "string",
                            "uid": "string"
                          }
                        ]
                      ],
                      "resourceVersion": "string",
                      "selfLink": "string",
                      "uid": "string"
                    }
                  ],
                  "spec": [
                    "object",
                    {
                      "assumeRoleExternalId": "string",
                      "iamRoleArnToAssume": "string",
                      "ipAddressType": "string",
                      "multiClusterTargetGroup": "bool",
                      "networking": [
                        "object",
                        {
                          "ingress": [
                            "list",
                            [
                              "object",
                              {
                                "from": [
                                  "list",
                                  [
                                    "object",
                                    {
                                      "ipBlock": [
                                        "object",
                                        {
                                          "cidr": "string"
                                        }
                                      ],
                                      "securityGroup": [
                                        "object",
                                        {
                                          "groupID": "string"
                                        }
                                      ]
                                    }
                                  ]
                                ],
                                "ports": [
                                  "list",
                                  [
                                    "object",
                                    {
                                      "port": "string",
                                      "protocol": "string"
                                    }
                                  ]
                                ]
                              }
                            ]
                          ]
                        }
                      ],
                      "nodeSelector": [
                        "object",
                        {
                          "matchExpressions": [
                            "list",
                            [
                              "object",
                              {
                                "key": "string",
                                "operator": "string",
                                "values": [
                                  "list",
                                  "string"
                                ]
                              }
                            ]
                          ],
                          "matchLabels": [
                            "map",
                            "string"
                          ]
                        }
                      ],
                      "serviceRef": [
                        "object",
                        {
                          "name": "string",
                          "port": "string"
                        }
                      ],
                      "targetGroupARN": "string",
                      "targetGroupName": "string",
                      "targetGroupProtocol": "string",
                      "targetType": "string",
                      "vpcID": "string"
                    }
                  ]
                }
              ]
            },
            "timeouts": [],
            "wait": [],
            "wait_for": null
          },
          "sensitive_attributes": [],
          "identity_schema_version": 1,
          "identity": {
            "api_version": "elbv2.k8s.aws/v1beta1",
            "kind": "TargetGroupBinding",
            "name": "konga-service-binding",
            "namespace": "dev"
          },
          "dependencies": [
            "aws_lb_target_group.main",
            "data.aws_eks_cluster.cluster"
          ]
        },
        {
          "index_key": "rabbit-mq",
          "schema_version": 1,
          "attributes": {
            "computed_fields": null,
            "field_manager": [],
            "manifest": {
              "value": {
                "apiVersion": "elbv2.k8s.aws/v1beta1",
                "kind": "TargetGroupBinding",
                "metadata": {
                  "name": "rabbit-mq-binding",
                  "namespace": "dev"
                },
                "spec": {
                  "serviceRef": {
                    "name": "rabbitmq-service",
                    "port": 15672
                  },
                  "targetGroupARN": "arn:aws:elasticloadbalancing:ap-south-1:010438478476:targetgroup/k8s-rabbit-mq/598731525206f7b4",
                  "targetType": "instance"
                }
              },
              "type": [
                "object",
                {
                  "apiVersion": "string",
                  "kind": "string",
                  "metadata": [
                    "object",
                    {
                      "name": "string",
                      "namespace": "string"
                    }
                  ],
                  "spec": [
                    "object",
                    {
                      "serviceRef": [
                        "object",
                        {
                          "name": "string",
                          "port": "number"
                        }
                      ],
                      "targetGroupARN": "string",
                      "targetType": "string"
                    }
                  ]
                }
              ]
            },
            "object": {
              "value": {
                "apiVersion": "elbv2.k8s.aws/v1beta1",
                "kind": "TargetGroupBinding",
                "metadata": {
                  "annotations": {
                    "elbv2.k8s.aws/checkpoint": "6QTZhiDY-Fi_EEuvT7P060IpNqmDykAK9p95AZZLZMw/NZI2iuSsXw-NTj5qdjMW7N3HUnERmbzst-Fh13V5Q-k",
                    "elbv2.k8s.aws/checkpoint-timestamp": "1766734443"
                  },
                  "creationTimestamp": null,
                  "deletionGracePeriodSeconds": null,
                  "deletionTimestamp": null,
                  "finalizers": [
                    "elbv2.k8s.aws/resources"
                  ],
                  "generateName": null,
                  "generation": null,
                  "labels": null,
                  "managedFields": null,
                  "name": "rabbit-mq-binding",
                  "namespace": "dev",
                  "ownerReferences": null,
                  "resourceVersion": null,
                  "selfLink": null,
                  "uid": null
                },
                "spec": {
                  "assumeRoleExternalId": null,
                  "iamRoleArnToAssume": null,
                  "ipAddressType": "ipv4",
                  "multiClusterTargetGroup": null,
                  "networking": {
                    "ingress": null
                  },
                  "nodeSelector": {
                    "matchExpressions": null,
                    "matchLabels": null
                  },
                  "serviceRef": {
                    "name": "rabbitmq-service",
                    "port": "15672"
                  },
                  "targetGroupARN": "arn:aws:elasticloadbalancing:ap-south-1:010438478476:targetgroup/k8s-rabbit-mq/598731525206f7b4",
                  "targetGroupName": null,
                  "targetGroupProtocol": "HTTP",
                  "targetType": "instance",
                  "vpcID": "vpc-01559cc551ee9ce1f"
                }
              },
              "type": [
                "object",
                {
                  "apiVersion": "string",
                  "kind": "string",
                  "metadata": [
                    "object",
                    {
                      "annotations": [
                        "map",
                        "string"
                      ],
                      "creationTimestamp": "string",
                      "deletionGracePeriodSeconds": "number",
                      "deletionTimestamp": "string",
                      "finalizers": [
                        "list",
                        "string"
                      ],
                      "generateName": "string",
                      "generation": "number",
                      "labels": [
                        "map",
                        "string"
                      ],
                      "managedFields": [
                        "tuple",
                        [
                          [
                            "object",
                            {
                              "apiVersion": "string",
                              "fieldsType": "string",
                              "fieldsV1": "dynamic",
                              "manager": "string",
                              "operation": "string",
                              "subresource": "string",
                              "time": "string"
                            }
                          ]
                        ]
                      ],
                      "name": "string",
                      "namespace": "string",
                      "ownerReferences": [
                        "list",
                        [
                          "object",
                          {
                            "apiVersion": "string",
                            "blockOwnerDeletion": "bool",
                            "controller": "bool",
                            "kind": "string",
                            "name": "string",
                            "uid": "string"
                          }
                        ]
                      ],
                      "resourceVersion": "string",
                      "selfLink": "string",
                      "uid": "string"
                    }
                  ],
                  "spec": [
                    "object",
                    {
                      "assumeRoleExternalId": "string",
                      "iamRoleArnToAssume": "string",
                      "ipAddressType": "string",
                      "multiClusterTargetGroup": "bool",
                      "networking": [
                        "object",
                        {
                          "ingress": [
                            "list",
                            [
                              "object",
                              {
                                "from": [
                                  "list",
                                  [
                                    "object",
                                    {
                                      "ipBlock": [
                                        "object",
                                        {
                                          "cidr": "string"
                                        }
                                      ],
                                      "securityGroup": [
                                        "object",
                                        {
                                          "groupID": "string"
                                        }
                                      ]
                                    }
                                  ]
                                ],
                                "ports": [
                                  "list",
                                  [
                                    "object",
                                    {
                                      "port": "string",
                                      "protocol": "string"
                                    }
                                  ]
                                ]
                              }
                            ]
                          ]
                        }
                      ],
                      "nodeSelector": [
                        "object",
                        {
                          "matchExpressions": [
                            "list",
                            [
                              "object",
                              {
                                "key": "string",
                                "operator": "string",
                                "values": [
                                  "list",
                                  "string"
                                ]
                              }
                            ]
                          ],
                          "matchLabels": [
                            "map",
                            "string"
                          ]
                        }
                      ],
                      "serviceRef": [
                        "object",
                        {
                          "name": "string",
                          "port": "string"
                        }
                      ],
                      "targetGroupARN": "string",
                      "targetGroupName": "string",
                      "targetGroupProtocol": "string",
                      "targetType": "string",
                      "vpcID": "string"
                    }
                  ]
                }
              ]
            },
            "timeouts": [],
            "wait": [],
            "wait_for": null
          },
          "sensitive_attributes": [],
          "identity_schema_version": 1,
          "identity": {
            "api_version": "elbv2.k8s.aws/v1beta1",
            "kind": "TargetGroupBinding",
            "name": "rabbit-mq-binding",
            "namespace": "dev"
          },
          "dependencies": [
            "aws_lb_target_group.main",
            "data.aws_eks_cluster.cluster"
          ]
        },
        {
          "index_key": "text-extraction",
          "schema_version": 1,
          "attributes": {
            "computed_fields": null,
            "field_manager": [],
            "manifest": {
              "value": {
                "apiVersion": "elbv2.k8s.aws/v1beta1",
                "kind": "TargetGroupBinding",
                "metadata": {
                  "name": "text-extraction-binding",
                  "namespace": "dev"
                },
                "spec": {
                  "serviceRef": {
                    "name": "text-extraction-service",
                    "port": 8015
                  },
                  "targetGroupARN": "arn:aws:elasticloadbalancing:ap-south-1:010438478476:targetgroup/k8s-text-extraction/9ed3adc30cb1c445",
                  "targetType": "instance"
                }
              },
              "type": [
                "object",
                {
                  "apiVersion": "string",
                  "kind": "string",
                  "metadata": [
                    "object",
                    {
                      "name": "string",
                      "namespace": "string"
                    }
                  ],
                  "spec": [
                    "object",
                    {
                      "serviceRef": [
                        "object",
                        {
                          "name": "string",
                          "port": "number"
                        }
                      ],
                      "targetGroupARN": "string",
                      "targetType": "string"
                    }
                  ]
                }
              ]
            },
            "object": {
              "value": {
                "apiVersion": "elbv2.k8s.aws/v1beta1",
                "kind": "TargetGroupBinding",
                "metadata": {
                  "annotations": {
                    "elbv2.k8s.aws/checkpoint": "yJJFDX3grOmktU7uld7b8xCY-yNHu8AjjryHztiX2PM/JC296KxRMiSQjAtLAbUN6iPwqWIoakBVU_zs_vRQ_zo",
                    "elbv2.k8s.aws/checkpoint-timestamp": "1766734443"
                  },
                  "creationTimestamp": null,
                  "deletionGracePeriodSeconds": null,
                  "deletionTimestamp": null,
                  "finalizers": [
                    "elbv2.k8s.aws/resources"
                  ],
                  "generateName": null,
                  "generation": null,
                  "labels": null,
                  "managedFields": null,
                  "name": "text-extraction-binding",
                  "namespace": "dev",
                  "ownerReferences": null,
                  "resourceVersion": null,
                  "selfLink": null,
                  "uid": null
                },
                "spec": {
                  "assumeRoleExternalId": null,
                  "iamRoleArnToAssume": null,
                  "ipAddressType": "ipv4",
                  "multiClusterTargetGroup": null,
                  "networking": {
                    "ingress": null
                  },
                  "nodeSelector": {
                    "matchExpressions": null,
                    "matchLabels": null
                  },
                  "serviceRef": {
                    "name": "text-extraction-service",
                    "port": "8015"
                  },
                  "targetGroupARN": "arn:aws:elasticloadbalancing:ap-south-1:010438478476:targetgroup/k8s-text-extraction/9ed3adc30cb1c445",
                  "targetGroupName": null,
                  "targetGroupProtocol": "HTTP",
                  "targetType": "instance",
                  "vpcID": "vpc-01559cc551ee9ce1f"
                }
              },
              "type": [
                "object",
                {
                  "apiVersion": "string",
                  "kind": "string",
                  "metadata": [
                    "object",
                    {
                      "annotations": [
                        "map",
                        "string"
                      ],
                      "creationTimestamp": "string",
                      "deletionGracePeriodSeconds": "number",
                      "deletionTimestamp": "string",
                      "finalizers": [
                        "list",
                        "string"
                      ],
                      "generateName": "string",
                      "generation": "number",
                      "labels": [
                        "map",
                        "string"
                      ],
                      "managedFields": [
                        "tuple",
                        [
                          [
                            "object",
                            {
                              "apiVersion": "string",
                              "fieldsType": "string",
                              "fieldsV1": "dynamic",
                              "manager": "string",
                              "operation": "string",
                              "subresource": "string",
                              "time": "string"
                            }
                          ]
                        ]
                      ],
                      "name": "string",
                      "namespace": "string",
                      "ownerReferences": [
                        "list",
                        [
                          "object",
                          {
                            "apiVersion": "string",
                            "blockOwnerDeletion": "bool",
                            "controller": "bool",
                            "kind": "string",
                            "name": "string",
                            "uid": "string"
                          }
                        ]
                      ],
                      "resourceVersion": "string",
                      "selfLink": "string",
                      "uid": "string"
                    }
                  ],
                  "spec": [
                    "object",
                    {
                      "assumeRoleExternalId": "string",
                      "iamRoleArnToAssume": "string",
                      "ipAddressType": "string",
                      "multiClusterTargetGroup": "bool",
                      "networking": [
                        "object",
                        {
                          "ingress": [
                            "list",
                            [
                              "object",
                              {
                                "from": [
                                  "list",
                                  [
                                    "object",
                                    {
                                      "ipBlock": [
                                        "object",
                                        {
                                          "cidr": "string"
                                        }
                                      ],
                                      "securityGroup": [
                                        "object",
                                        {
                                          "groupID": "string"
                                        }
                                      ]
                                    }
                                  ]
                                ],
                                "ports": [
                                  "list",
                                  [
                                    "object",
                                    {
                                      "port": "string",
                                      "protocol": "string"
                                    }
                                  ]
                                ]
                              }
                            ]
                          ]
                        }
                      ],
                      "nodeSelector": [
                        "object",
                        {
                          "matchExpressions": [
                            "list",
                            [
                              "object",
                              {
                                "key": "string",
                                "operator": "string",
                                "values": [
                                  "list",
                                  "string"
                                ]
                              }
                            ]
                          ],
                          "matchLabels": [
                            "map",
                            "string"
                          ]
                        }
                      ],
                      "serviceRef": [
                        "object",
                        {
                          "name": "string",
                          "port": "string"
                        }
                      ],
                      "targetGroupARN": "string",
                      "targetGroupName": "string",
                      "targetGroupProtocol": "string",
                      "targetType": "string",
                      "vpcID": "string"
                    }
                  ]
                }
              ]
            },
            "timeouts": [],
            "wait": [],
            "wait_for": null
          },
          "sensitive_attributes": [],
          "identity_schema_version": 1,
          "identity": {
            "api_version": "elbv2.k8s.aws/v1beta1",
            "kind": "TargetGroupBinding",
            "name": "text-extraction-binding",
            "namespace": "dev"
          },
          "dependencies": [
            "aws_lb_target_group.main",
            "data.aws_eks_cluster.cluster"
          ]
        },
        {
          "index_key": "validus",
          "schema_version": 1,
          "attributes": {
            "computed_fields": null,
            "field_manager": [],
            "manifest": {
              "value": {
                "apiVersion": "elbv2.k8s.aws/v1beta1",
                "kind": "TargetGroupBinding",
                "metadata": {
                  "name": "validus-binding",
                  "namespace": "dev"
                },
                "spec": {
                  "serviceRef": {
                    "name": "validus-service",
                    "port": 8020
                  },
                  "targetGroupARN": "arn:aws:elasticloadbalancing:ap-south-1:010438478476:targetgroup/k8s-validus/53bd94ecbd102d09",
                  "targetType": "instance"
                }
              },
              "type": [
                "object",
                {
                  "apiVersion": "string",
                  "kind": "string",
                  "metadata": [
                    "object",
                    {
                      "name": "string",
                      "namespace": "string"
                    }
                  ],
                  "spec": [
                    "object",
                    {
                      "serviceRef": [
                        "object",
                        {
                          "name": "string",
                          "port": "number"
                        }
                      ],
                      "targetGroupARN": "string",
                      "targetType": "string"
                    }
                  ]
                }
              ]
            },
            "object": {
              "value": {
                "apiVersion": "elbv2.k8s.aws/v1beta1",
                "kind": "TargetGroupBinding",
                "metadata": {
                  "annotations": {
                    "elbv2.k8s.aws/checkpoint": "pf3UInjkCeL11ghwXEzhsnXpmeNxWe3zq0krAZdPO3g/b26EaDL8IcK9G-KQTnb2fCVXZVCFM-nk0Fl2k4PWyw0",
                    "elbv2.k8s.aws/checkpoint-timestamp": "1766734442"
                  },
                  "creationTimestamp": null,
                  "deletionGracePeriodSeconds": null,
                  "deletionTimestamp": null,
                  "finalizers": [
                    "elbv2.k8s.aws/resources"
                  ],
                  "generateName": null,
                  "generation": null,
                  "labels": null,
                  "managedFields": null,
                  "name": "validus-binding",
                  "namespace": "dev",
                  "ownerReferences": null,
                  "resourceVersion": null,
                  "selfLink": null,
                  "uid": null
                },
                "spec": {
                  "assumeRoleExternalId": null,
                  "iamRoleArnToAssume": null,
                  "ipAddressType": "ipv4",
                  "multiClusterTargetGroup": null,
                  "networking": {
                    "ingress": null
                  },
                  "nodeSelector": {
                    "matchExpressions": null,
                    "matchLabels": null
                  },
                  "serviceRef": {
                    "name": "validus-service",
                    "port": "8020"
                  },
                  "targetGroupARN": "arn:aws:elasticloadbalancing:ap-south-1:010438478476:targetgroup/k8s-validus/53bd94ecbd102d09",
                  "targetGroupName": null,
                  "targetGroupProtocol": "HTTP",
                  "targetType": "instance",
                  "vpcID": "vpc-01559cc551ee9ce1f"
                }
              },
              "type": [
                "object",
                {
                  "apiVersion": "string",
                  "kind": "string",
                  "metadata": [
                    "object",
                    {
                      "annotations": [
                        "map",
                        "string"
                      ],
                      "creationTimestamp": "string",
                      "deletionGracePeriodSeconds": "number",
                      "deletionTimestamp": "string",
                      "finalizers": [
                        "list",
                        "string"
                      ],
                      "generateName": "string",
                      "generation": "number",
                      "labels": [
                        "map",
                        "string"
                      ],
                      "managedFields": [
                        "tuple",
                        [
                          [
                            "object",
                            {
                              "apiVersion": "string",
                              "fieldsType": "string",
                              "fieldsV1": "dynamic",
                              "manager": "string",
                              "operation": "string",
                              "subresource": "string",
                              "time": "string"
                            }
                          ]
                        ]
                      ],
                      "name": "string",
                      "namespace": "string",
                      "ownerReferences": [
                        "list",
                        [
                          "object",
                          {
                            "apiVersion": "string",
                            "blockOwnerDeletion": "bool",
                            "controller": "bool",
                            "kind": "string",
                            "name": "string",
                            "uid": "string"
                          }
                        ]
                      ],
                      "resourceVersion": "string",
                      "selfLink": "string",
                      "uid": "string"
                    }
                  ],
                  "spec": [
                    "object",
                    {
                      "assumeRoleExternalId": "string",
                      "iamRoleArnToAssume": "string",
                      "ipAddressType": "string",
                      "multiClusterTargetGroup": "bool",
                      "networking": [
                        "object",
                        {
                          "ingress": [
                            "list",
                            [
                              "object",
                              {
                                "from": [
                                  "list",
                                  [
                                    "object",
                                    {
                                      "ipBlock": [
                                        "object",
                                        {
                                          "cidr": "string"
                                        }
                                      ],
                                      "securityGroup": [
                                        "object",
                                        {
                                          "groupID": "string"
                                        }
                                      ]
                                    }
                                  ]
                                ],
                                "ports": [
                                  "list",
                                  [
                                    "object",
                                    {
                                      "port": "string",
                                      "protocol": "string"
                                    }
                                  ]
                                ]
                              }
                            ]
                          ]
                        }
                      ],
                      "nodeSelector": [
                        "object",
                        {
                          "matchExpressions": [
                            "list",
                            [
                              "object",
                              {
                                "key": "string",
                                "operator": "string",
                                "values": [
                                  "list",
                                  "string"
                                ]
                              }
                            ]
                          ],
                          "matchLabels": [
                            "map",
                            "string"
                          ]
                        }
                      ],
                      "serviceRef": [
                        "object",
                        {
                          "name": "string",
                          "port": "string"
                        }
                      ],
                      "targetGroupARN": "string",
                      "targetGroupName": "string",
                      "targetGroupProtocol": "string",
                      "targetType": "string",
                      "vpcID": "string"
                    }
                  ]
                }
              ]
            },
            "timeouts": [],
            "wait": [],
            "wait_for": null
          },
          "sensitive_attributes": [],
          "identity_schema_version": 1,
          "identity": {
            "api_version": "elbv2.k8s.aws/v1beta1",
            "kind": "TargetGroupBinding",
            "name": "validus-binding",
            "namespace": "dev"
          },
          "dependencies": [
            "aws_lb_target_group.main",
            "data.aws_eks_cluster.cluster"
          ]
        }
      ]
    },
    {
      "mode": "managed",
      "type": "local_file",
      "name": "private_key",
      "provider": "provider[\"registry.terraform.io/hashicorp/local\"]",
      "instances": [
        {
          "schema_version": 0,
          "attributes": {
            "content": "-----BEGIN RSA PRIVATE KEY-----\nMIIJKAIBAAKCAgEAvPRArclqqcumHWZvurHAxSd6Frd8XkTgDsNJrlThHtsve0EU\n8VjzzeZKwMedia+R5pi3O+pok2K/UxFj+/ubR7h6GGm4dhRlnN9wbimKn9PR+RlA\nlyHyAUwPZfJNqfDlHotVEhhy+ejpI7c0eVZDWVC7Y0MB5ZnZC4Nym8qWGLDMXn7U\nkzu4I/3pTjrP9QrN3fiWGwVpeov5GgmtBpZfLCfF8uouTU4khvlHKRzCvdo8X1+E\nFEtwvMVIEY96vytzjVCys+FlEYtJi6TBIEn1Xv27w6wgv4abzFScRSJvj8h4DVhK\na2hsnEkdwwxzuK+d/L5ioQPMluUkLfeRadjweBmJVaWy4Oy72kHpYs1CY1qYZFFG\nuHwekR1JjSHvLhCI6tsw5Hb+g/pXAJ/DytOYJW7ukyCSaoOrPUnKoS/kq3+xjLuf\ngfV2qsBNQL9HlAgUloAsULzBPxVSsI8YimOdfCT1Hq1nGOirEVhcvUbo8stfdlAc\nWvZjsBzT6SgisU7K0LiCmqbdxHaJbzkArnw4DqLjCaZ7oUrdKyM+BF1bCDwsH7wC\nbvde3hktUuzX0pMCs6G3VpbPwqxaR4wbnNjZfeLRp/yN1/+xU0mD5ZxfZLkhh49V\nzJeAovS1Htq/rD0CgVSYHlIevLQI8g47lTVfwGg9fuCM5kFYvMho22QjS10CAwEA\nAQKCAgAP4s5gFHIexcvfM4I+PuNXNmsmmmH4gC+0N6Mr5t/2AUIiYywSR6lYjL2J\nLEWO7Cj6K0NW5FP+QpjIsGQb4DrDkpUIe2iL3BaLVCL2m0OxdBR2esyG4eg5erF3\nhghIh6oqFL3GVsuuPiPOIgEYsgty6Jb9XYaJzRL5GFT1sYt7MCLZtcd3SQr0uUxS\ncuuSWi7i506IONhcelGRm/GlMm92KpisxEqE3lNM2iVei/5fCghcXlvs462eEubT\nVYd7QUYNDsiCpHcKVnY/ws5bDn/0iHGVhGGzQh5tu3yKuKS95zVMrexONnCdlroY\nij7ECFb7ulS+Q8lns4RRejukAgSv3ZSZbltH/7bGmqgsTmKnp0XtuBWzdZLVleDQ\nimMSu6xtd0mNvYkdVHHl3NaOEps803V4rcH7zEwRNtBPdKO3a9uUf1+RHEeUuiX9\nmzOJvxETfTdWZh2QRKAotmZBgh46xbcialHv4YsSNBQhVIpXs+CL056O7is6zJQx\n8uigrm8KLz+HZNmYAvmYAiTCNGOqYmx74CtzT+zCyX85OZYKL9xYlQXEyTnAzO7a\nvc0BH4jh+CMievQiojxQdQOyRq1RI0y7BEltMOExHpb6NjneZTQJDUs43/my/Nh1\nsVZmeyVtXog7PT11h1RtuIyupPBxmsI1ksaJZRV5L/rlCg4CcwKCAQEA6SgMHZIr\nlhIF9Cmmvk8v7vfkaazzkMUJU3Xgy/ZrNyzWSF/itlL2StYRQukAp2hzcUtSNc2/\nyeXpLjtJOuPZJUxYHCwhJQqPspupVmbrpGCH5of2Ghskq+REpjZ1Aio4k/ktkYrU\nJd0BlP33Lr7OLA5S2LBzimJfG9GUGIsYzniZvvXnTC8Q+i/u4dK4rKcxLhXqNQV5\nU7H2TSP7Nd/jjkzCBAVHb/6kPAEEfUHDicr9ejaFqvqA9YW/Beq6MQOgmdjoM/iu\nan15CVAxoUgOxVSoKb3bVjYa2AoUpSvZwQH9gADJ6eAOkPz49JgY2IQ3Ew3BqCQ0\napDHvJ7KKUMytwKCAQEAz3eJiiOU7n9GKoqPjfbpTs/qDi5/ATg4HXVHzTmCZ4Lv\nPtEzYQVx21f/RQJ2hkerBrwsiGya7ycExmTvRYcJq/fiCgRmdQSx/h5vXVbLRdT9\nwOMXOxBfFToxJ/AdWG4k78Z2fSiJHwPpzmJ+t2ntsbo9WhrTZ6YdBHTzycstlvmW\nhPsde7oFYEuz9AgSr0H5XvrH6BnA8TROxfXa2/V/QalR2DLRQj5XF/7u1o6wU4+Y\nCW2ixqAstcvpCup8os7985qsKEE9TjpvrED0Mg+gciWq/I742ga7TmJ860RHWP9O\nZYYsNbL4kbroo8Ysqm94B793oWq3lwqlK8nVh2VOiwKCAQEAivNL7R+cjC4nkDB2\nZ/pnVaI0ZOomqcNTYILiuosbsGEvPyitwvzEPStAVEDqG9q62e0KjHgW8WrsQZoh\ndVAuq/TImdmO0zVtGAN+srhZfLfupeunNj2w6CP86ZWQu/6Pg1g/2PoEnqAMfk+w\nTRJ3angK1YqrAPDJP5nyCYJ0ATCMZ+rCsntmQcPpOHnNh0+Ilq+GyZx+huuLHsPv\nxVatlbOW+LBwt4TpOb1dgIx9zRPFZl0x4giybCAODKer2OQRhT5oe/ibcWlfhbZe\nLYD1FJL0ORQlsEZETzYKwbjVaBoYin1t18yowa2RbKtsOzToYZmULPGOr2ejMXzs\nfBTJFwKCAQBtCmnKpern8xLg1xSeS9DR8GsW6w8rh+3OZc7IKVrFpsax4Gg9rQvr\nefObxLCg4Ngd4RcS2OoRmhNjZrdvdor5zH4MP8XN6RrX8g0cJLsPx+Na1sBl9bPT\nx1MAp630xWc6crfiDkULfRYMuC3bnpwkVjtauVC1YFRN/F4JiHU8rY+T8xvK5Llg\npEk/kGKppGY5qlsZPTfwTkq8tvxBsWUiEKkIlaTwSS2jWgUT1ckNEiKZifsMpDD7\nl+GzMA0z0NEekQO84JUlIYeCJF10VkxA0lVtCoP2q6UUjKUVTjylpQICUCO6UYdd\nqLwPH+Bn79BJWjO5LgqyIxEu05Ub5X4DAoIBACSNKb4h3Cab3rLGuMfS3Fe/RIJE\nf2JV4PIGRXeKBPCg46mmbgZ0mqP/gzSKMm7JSvIMb7Kxubl1Dgieel4LolEp5Vp6\n3urNndTWFUhGkEYgsm/mGzfybK833z4yiMkQqHRiHslWYiarIgkbRIPj4qwlCmue\nhiz8pO+jQzUBwAk+9dTJdvVJ75PrjXG0WrUhz8c2RXO3PUwJt8psvOHvb3yeud06\ne+IZajxJT2/G4lPrIoV4sGv3O/PrwtehhV82s1qr7V3QHqokooSjyV/qO4x/KSDK\nwHGb+BD/kRMnRLBRky7871bmiZdQ8xVpL+jdT+4vOKjqlOoCaL6RifnfKSc=\n-----END RSA PRIVATE KEY-----\n",
            "content_base64": null,
            "content_base64sha256": "VdMHjfPcfo6Us61hbpjgUxw6pabjANxfVR6itTCKTcY=",
            "content_base64sha512": "x3+OqzeCppqDIhhaJXIS2dqWwcCLfF2QvLvPAteNhfJzRyALxCpKIrrtxZPzkGt3IDanklPsi/hhyZGK/toN8g==",
            "content_md5": "68ecc9603342024b06bcbe4a17e2fc5c",
            "content_sha1": "67c16eddc7b2ca048f759595dbd7984baa8b7809",
            "content_sha256": "55d3078df3dc7e8e94b3ad616e98e0531c3aa5a6e300dc5f551ea2b5308a4dc6",
            "content_sha512": "c77f8eab3782a69a8322185a257212d9da96c1c08b7c5d90bcbbcf02d78d85f27347200bc42a4a22baedc593f3906b772036a79253ec8bf861c9918afeda0df2",
            "directory_permission": "0777",
            "file_permission": "0400",
            "filename": "./testkey.pem",
            "id": "67c16eddc7b2ca048f759595dbd7984baa8b7809",
            "sensitive_content": null,
            "source": null
          },
          "sensitive_attributes": [
            [
              {
                "type": "get_attr",
                "value": "content"
              }
            ],
            [
              {
                "type": "get_attr",
                "value": "sensitive_content"
              }
            ]
          ],
          "identity_schema_version": 0,
          "dependencies": [
            "tls_private_key.bastion_key"
          ]
        }
      ]
    },
    {
      "mode": "managed",
      "type": "tls_private_key",
      "name": "bastion_key",
      "provider": "provider[\"registry.terraform.io/hashicorp/tls\"]",
      "instances": [
        {
          "schema_version": 1,
          "attributes": {
            "algorithm": "RSA",
            "ecdsa_curve": "P224",
            "id": "0646839952428eb680160128fd7269f1e80e4a3d",
            "private_key_openssh": "-----BEGIN OPENSSH PRIVATE KEY-----\nb3BlbnNzaC1rZXktdjEAAAAABG5vbmUAAAAEbm9uZQAAAAAAAAABAAACFwAAAAdz\nc2gtcnNhAAAAAwEAAQAAAgEAvPRArclqqcumHWZvurHAxSd6Frd8XkTgDsNJrlTh\nHtsve0EU8VjzzeZKwMedia+R5pi3O+pok2K/UxFj+/ubR7h6GGm4dhRlnN9wbimK\nn9PR+RlAlyHyAUwPZfJNqfDlHotVEhhy+ejpI7c0eVZDWVC7Y0MB5ZnZC4Nym8qW\nGLDMXn7Ukzu4I/3pTjrP9QrN3fiWGwVpeov5GgmtBpZfLCfF8uouTU4khvlHKRzC\nvdo8X1+EFEtwvMVIEY96vytzjVCys+FlEYtJi6TBIEn1Xv27w6wgv4abzFScRSJv\nj8h4DVhKa2hsnEkdwwxzuK+d/L5ioQPMluUkLfeRadjweBmJVaWy4Oy72kHpYs1C\nY1qYZFFGuHwekR1JjSHvLhCI6tsw5Hb+g/pXAJ/DytOYJW7ukyCSaoOrPUnKoS/k\nq3+xjLufgfV2qsBNQL9HlAgUloAsULzBPxVSsI8YimOdfCT1Hq1nGOirEVhcvUbo\n8stfdlAcWvZjsBzT6SgisU7K0LiCmqbdxHaJbzkArnw4DqLjCaZ7oUrdKyM+BF1b\nCDwsH7wCbvde3hktUuzX0pMCs6G3VpbPwqxaR4wbnNjZfeLRp/yN1/+xU0mD5Zxf\nZLkhh49VzJeAovS1Htq/rD0CgVSYHlIevLQI8g47lTVfwGg9fuCM5kFYvMho22Qj\nS10AAAc4xT8IKMU/CCgAAAAHc3NoLXJzYQAAAgEAvPRArclqqcumHWZvurHAxSd6\nFrd8XkTgDsNJrlThHtsve0EU8VjzzeZKwMedia+R5pi3O+pok2K/UxFj+/ubR7h6\nGGm4dhRlnN9wbimKn9PR+RlAlyHyAUwPZfJNqfDlHotVEhhy+ejpI7c0eVZDWVC7\nY0MB5ZnZC4Nym8qWGLDMXn7Ukzu4I/3pTjrP9QrN3fiWGwVpeov5GgmtBpZfLCfF\n8uouTU4khvlHKRzCvdo8X1+EFEtwvMVIEY96vytzjVCys+FlEYtJi6TBIEn1Xv27\nw6wgv4abzFScRSJvj8h4DVhKa2hsnEkdwwxzuK+d/L5ioQPMluUkLfeRadjweBmJ\nVaWy4Oy72kHpYs1CY1qYZFFGuHwekR1JjSHvLhCI6tsw5Hb+g/pXAJ/DytOYJW7u\nkyCSaoOrPUnKoS/kq3+xjLufgfV2qsBNQL9HlAgUloAsULzBPxVSsI8YimOdfCT1\nHq1nGOirEVhcvUbo8stfdlAcWvZjsBzT6SgisU7K0LiCmqbdxHaJbzkArnw4DqLj\nCaZ7oUrdKyM+BF1bCDwsH7wCbvde3hktUuzX0pMCs6G3VpbPwqxaR4wbnNjZfeLR\np/yN1/+xU0mD5ZxfZLkhh49VzJeAovS1Htq/rD0CgVSYHlIevLQI8g47lTVfwGg9\nfuCM5kFYvMho22QjS10AAAADAQABAAACAA/izmAUch7Fy98zgj4+41c2ayaaYfiA\nL7Q3oyvm3/YBQiJjLBJHqViMvYksRY7sKPorQ1bkU/5CmMiwZBvgOsOSlQh7aIvc\nFotUIvabQ7F0FHZ6zIbh6Dl6sXeGCEiHqioUvcZWy64+I84iARiyC3Lolv1dhonN\nEvkYVPWxi3swItm1x3dJCvS5TFJy65JaLuLnTog42Fx6UZGb8aUyb3YqmKzESoTe\nU0zaJV6L/l8KCFxeW+zjrZ4S5tNVh3tBRg0OyIKkdwpWdj/CzlsOf/SIcZWEYbNC\nHm27fIq4pL3nNUyt7E42cJ2WuhiKPsQIVvu6VL5DyWezhFF6O6QCBK/dlJluW0f/\ntsaaqCxOYqenRe24FbN1ktWV4NCKYxK7rG13SY29iR1UceXc1o4SmzzTdXitwfvM\nTBE20E90o7dr25R/X5EcR5S6Jf2bM4m/ERN9N1ZmHZBEoCi2ZkGCHjrFtyJqUe/h\nixI0FCFUilez4IvTno7uKzrMlDHy6KCubwovP4dk2ZgC+ZgCJMI0Y6pibHvgK3NP\n7MLJfzk5lgov3FiVBcTJOcDM7tq9zQEfiOH4IyJ69CKiPFB1A7JGrVEjTLsESW0w\n4TEelvo2Od5lNAkNSzjf+bL82HWxVmZ7JW1eiDs9PXWHVG24jK6k8HGawjWSxoll\nFXkv+uUKDgJzAAABACSNKb4h3Cab3rLGuMfS3Fe/RIJEf2JV4PIGRXeKBPCg46mm\nbgZ0mqP/gzSKMm7JSvIMb7Kxubl1Dgieel4LolEp5Vp63urNndTWFUhGkEYgsm/m\nGzfybK833z4yiMkQqHRiHslWYiarIgkbRIPj4qwlCmuehiz8pO+jQzUBwAk+9dTJ\ndvVJ75PrjXG0WrUhz8c2RXO3PUwJt8psvOHvb3yeud06e+IZajxJT2/G4lPrIoV4\nsGv3O/PrwtehhV82s1qr7V3QHqokooSjyV/qO4x/KSDKwHGb+BD/kRMnRLBRky78\n71bmiZdQ8xVpL+jdT+4vOKjqlOoCaL6RifnfKScAAAEBAOkoDB2SK5YSBfQppr5P\nL+735Gms85DFCVN14Mv2azcs1khf4rZS9krWEULpAKdoc3FLUjXNv8nl6S47STrj\n2SVMWBwsISUKj7KbqVZm66Rgh+aH9hobJKvkRKY2dQIqOJP5LZGK1CXdAZT99y6+\nziwOUtiwc4piXxvRlBiLGM54mb7150wvEPov7uHSuKynMS4V6jUFeVOx9k0j+zXf\n445MwgQFR2/+pDwBBH1Bw4nK/Xo2har6gPWFvwXqujEDoJnY6DP4rmp9eQlQMaFI\nDsVUqCm921Y2GtgKFKUr2cEB/YAAyengDpD8+PSYGNiENxMNwagkNGqQx7yeyilD\nMrcAAAEBAM93iYojlO5/RiqKj4326U7P6g4ufwE4OB11R805gmeC7z7RM2EFcdtX\n/0UCdoZHqwa8LIhsmu8nBMZk70WHCav34goEZnUEsf4eb11Wy0XU/cDjFzsQXxU6\nMSfwHVhuJO/Gdn0oiR8D6c5ifrdp7bG6PVoa02emHQR088nLLZb5loT7HXu6BWBL\ns/QIEq9B+V76x+gZwPE0TsX12tv1f0GpUdgy0UI+Vxf+7taOsFOPmAltosagLLXL\n6QrqfKLO/fOarChBPU46b6xA9DIPoHIlqvyO+NoGu05ifOtER1j/TmWGLDWy+JG6\n6KPGLKpveAe/d6Fqt5cKpSvJ1YdlTosAAAAAAQID\n-----END OPENSSH PRIVATE KEY-----\n",
            "private_key_pem": "-----BEGIN RSA PRIVATE KEY-----\nMIIJKAIBAAKCAgEAvPRArclqqcumHWZvurHAxSd6Frd8XkTgDsNJrlThHtsve0EU\n8VjzzeZKwMedia+R5pi3O+pok2K/UxFj+/ubR7h6GGm4dhRlnN9wbimKn9PR+RlA\nlyHyAUwPZfJNqfDlHotVEhhy+ejpI7c0eVZDWVC7Y0MB5ZnZC4Nym8qWGLDMXn7U\nkzu4I/3pTjrP9QrN3fiWGwVpeov5GgmtBpZfLCfF8uouTU4khvlHKRzCvdo8X1+E\nFEtwvMVIEY96vytzjVCys+FlEYtJi6TBIEn1Xv27w6wgv4abzFScRSJvj8h4DVhK\na2hsnEkdwwxzuK+d/L5ioQPMluUkLfeRadjweBmJVaWy4Oy72kHpYs1CY1qYZFFG\nuHwekR1JjSHvLhCI6tsw5Hb+g/pXAJ/DytOYJW7ukyCSaoOrPUnKoS/kq3+xjLuf\ngfV2qsBNQL9HlAgUloAsULzBPxVSsI8YimOdfCT1Hq1nGOirEVhcvUbo8stfdlAc\nWvZjsBzT6SgisU7K0LiCmqbdxHaJbzkArnw4DqLjCaZ7oUrdKyM+BF1bCDwsH7wC\nbvde3hktUuzX0pMCs6G3VpbPwqxaR4wbnNjZfeLRp/yN1/+xU0mD5ZxfZLkhh49V\nzJeAovS1Htq/rD0CgVSYHlIevLQI8g47lTVfwGg9fuCM5kFYvMho22QjS10CAwEA\nAQKCAgAP4s5gFHIexcvfM4I+PuNXNmsmmmH4gC+0N6Mr5t/2AUIiYywSR6lYjL2J\nLEWO7Cj6K0NW5FP+QpjIsGQb4DrDkpUIe2iL3BaLVCL2m0OxdBR2esyG4eg5erF3\nhghIh6oqFL3GVsuuPiPOIgEYsgty6Jb9XYaJzRL5GFT1sYt7MCLZtcd3SQr0uUxS\ncuuSWi7i506IONhcelGRm/GlMm92KpisxEqE3lNM2iVei/5fCghcXlvs462eEubT\nVYd7QUYNDsiCpHcKVnY/ws5bDn/0iHGVhGGzQh5tu3yKuKS95zVMrexONnCdlroY\nij7ECFb7ulS+Q8lns4RRejukAgSv3ZSZbltH/7bGmqgsTmKnp0XtuBWzdZLVleDQ\nimMSu6xtd0mNvYkdVHHl3NaOEps803V4rcH7zEwRNtBPdKO3a9uUf1+RHEeUuiX9\nmzOJvxETfTdWZh2QRKAotmZBgh46xbcialHv4YsSNBQhVIpXs+CL056O7is6zJQx\n8uigrm8KLz+HZNmYAvmYAiTCNGOqYmx74CtzT+zCyX85OZYKL9xYlQXEyTnAzO7a\nvc0BH4jh+CMievQiojxQdQOyRq1RI0y7BEltMOExHpb6NjneZTQJDUs43/my/Nh1\nsVZmeyVtXog7PT11h1RtuIyupPBxmsI1ksaJZRV5L/rlCg4CcwKCAQEA6SgMHZIr\nlhIF9Cmmvk8v7vfkaazzkMUJU3Xgy/ZrNyzWSF/itlL2StYRQukAp2hzcUtSNc2/\nyeXpLjtJOuPZJUxYHCwhJQqPspupVmbrpGCH5of2Ghskq+REpjZ1Aio4k/ktkYrU\nJd0BlP33Lr7OLA5S2LBzimJfG9GUGIsYzniZvvXnTC8Q+i/u4dK4rKcxLhXqNQV5\nU7H2TSP7Nd/jjkzCBAVHb/6kPAEEfUHDicr9ejaFqvqA9YW/Beq6MQOgmdjoM/iu\nan15CVAxoUgOxVSoKb3bVjYa2AoUpSvZwQH9gADJ6eAOkPz49JgY2IQ3Ew3BqCQ0\napDHvJ7KKUMytwKCAQEAz3eJiiOU7n9GKoqPjfbpTs/qDi5/ATg4HXVHzTmCZ4Lv\nPtEzYQVx21f/RQJ2hkerBrwsiGya7ycExmTvRYcJq/fiCgRmdQSx/h5vXVbLRdT9\nwOMXOxBfFToxJ/AdWG4k78Z2fSiJHwPpzmJ+t2ntsbo9WhrTZ6YdBHTzycstlvmW\nhPsde7oFYEuz9AgSr0H5XvrH6BnA8TROxfXa2/V/QalR2DLRQj5XF/7u1o6wU4+Y\nCW2ixqAstcvpCup8os7985qsKEE9TjpvrED0Mg+gciWq/I742ga7TmJ860RHWP9O\nZYYsNbL4kbroo8Ysqm94B793oWq3lwqlK8nVh2VOiwKCAQEAivNL7R+cjC4nkDB2\nZ/pnVaI0ZOomqcNTYILiuosbsGEvPyitwvzEPStAVEDqG9q62e0KjHgW8WrsQZoh\ndVAuq/TImdmO0zVtGAN+srhZfLfupeunNj2w6CP86ZWQu/6Pg1g/2PoEnqAMfk+w\nTRJ3angK1YqrAPDJP5nyCYJ0ATCMZ+rCsntmQcPpOHnNh0+Ilq+GyZx+huuLHsPv\nxVatlbOW+LBwt4TpOb1dgIx9zRPFZl0x4giybCAODKer2OQRhT5oe/ibcWlfhbZe\nLYD1FJL0ORQlsEZETzYKwbjVaBoYin1t18yowa2RbKtsOzToYZmULPGOr2ejMXzs\nfBTJFwKCAQBtCmnKpern8xLg1xSeS9DR8GsW6w8rh+3OZc7IKVrFpsax4Gg9rQvr\nefObxLCg4Ngd4RcS2OoRmhNjZrdvdor5zH4MP8XN6RrX8g0cJLsPx+Na1sBl9bPT\nx1MAp630xWc6crfiDkULfRYMuC3bnpwkVjtauVC1YFRN/F4JiHU8rY+T8xvK5Llg\npEk/kGKppGY5qlsZPTfwTkq8tvxBsWUiEKkIlaTwSS2jWgUT1ckNEiKZifsMpDD7\nl+GzMA0z0NEekQO84JUlIYeCJF10VkxA0lVtCoP2q6UUjKUVTjylpQICUCO6UYdd\nqLwPH+Bn79BJWjO5LgqyIxEu05Ub5X4DAoIBACSNKb4h3Cab3rLGuMfS3Fe/RIJE\nf2JV4PIGRXeKBPCg46mmbgZ0mqP/gzSKMm7JSvIMb7Kxubl1Dgieel4LolEp5Vp6\n3urNndTWFUhGkEYgsm/mGzfybK833z4yiMkQqHRiHslWYiarIgkbRIPj4qwlCmue\nhiz8pO+jQzUBwAk+9dTJdvVJ75PrjXG0WrUhz8c2RXO3PUwJt8psvOHvb3yeud06\ne+IZajxJT2/G4lPrIoV4sGv3O/PrwtehhV82s1qr7V3QHqokooSjyV/qO4x/KSDK\nwHGb+BD/kRMnRLBRky7871bmiZdQ8xVpL+jdT+4vOKjqlOoCaL6RifnfKSc=\n-----END RSA PRIVATE KEY-----\n",
            "private_key_pem_pkcs8": "-----BEGIN PRIVATE KEY-----\nMIIJQgIBADANBgkqhkiG9w0BAQEFAASCCSwwggkoAgEAAoICAQC89ECtyWqpy6Yd\nZm+6scDFJ3oWt3xeROAOw0muVOEe2y97QRTxWPPN5krAx52Jr5HmmLc76miTYr9T\nEWP7+5tHuHoYabh2FGWc33BuKYqf09H5GUCXIfIBTA9l8k2p8OUei1USGHL56Okj\ntzR5VkNZULtjQwHlmdkLg3KbypYYsMxeftSTO7gj/elOOs/1Cs3d+JYbBWl6i/ka\nCa0Gll8sJ8Xy6i5NTiSG+UcpHMK92jxfX4QUS3C8xUgRj3q/K3ONULKz4WURi0mL\npMEgSfVe/bvDrCC/hpvMVJxFIm+PyHgNWEpraGycSR3DDHO4r538vmKhA8yW5SQt\n95Fp2PB4GYlVpbLg7LvaQelizUJjWphkUUa4fB6RHUmNIe8uEIjq2zDkdv6D+lcA\nn8PK05glbu6TIJJqg6s9ScqhL+Srf7GMu5+B9XaqwE1Av0eUCBSWgCxQvME/FVKw\njxiKY518JPUerWcY6KsRWFy9Rujyy192UBxa9mOwHNPpKCKxTsrQuIKapt3Edolv\nOQCufDgOouMJpnuhSt0rIz4EXVsIPCwfvAJu917eGS1S7NfSkwKzobdWls/CrFpH\njBuc2Nl94tGn/I3X/7FTSYPlnF9kuSGHj1XMl4Ci9LUe2r+sPQKBVJgeUh68tAjy\nDjuVNV/AaD1+4IzmQVi8yGjbZCNLXQIDAQABAoICAA/izmAUch7Fy98zgj4+41c2\nayaaYfiAL7Q3oyvm3/YBQiJjLBJHqViMvYksRY7sKPorQ1bkU/5CmMiwZBvgOsOS\nlQh7aIvcFotUIvabQ7F0FHZ6zIbh6Dl6sXeGCEiHqioUvcZWy64+I84iARiyC3Lo\nlv1dhonNEvkYVPWxi3swItm1x3dJCvS5TFJy65JaLuLnTog42Fx6UZGb8aUyb3Yq\nmKzESoTeU0zaJV6L/l8KCFxeW+zjrZ4S5tNVh3tBRg0OyIKkdwpWdj/CzlsOf/SI\ncZWEYbNCHm27fIq4pL3nNUyt7E42cJ2WuhiKPsQIVvu6VL5DyWezhFF6O6QCBK/d\nlJluW0f/tsaaqCxOYqenRe24FbN1ktWV4NCKYxK7rG13SY29iR1UceXc1o4SmzzT\ndXitwfvMTBE20E90o7dr25R/X5EcR5S6Jf2bM4m/ERN9N1ZmHZBEoCi2ZkGCHjrF\ntyJqUe/hixI0FCFUilez4IvTno7uKzrMlDHy6KCubwovP4dk2ZgC+ZgCJMI0Y6pi\nbHvgK3NP7MLJfzk5lgov3FiVBcTJOcDM7tq9zQEfiOH4IyJ69CKiPFB1A7JGrVEj\nTLsESW0w4TEelvo2Od5lNAkNSzjf+bL82HWxVmZ7JW1eiDs9PXWHVG24jK6k8HGa\nwjWSxollFXkv+uUKDgJzAoIBAQDpKAwdkiuWEgX0Kaa+Ty/u9+RprPOQxQlTdeDL\n9ms3LNZIX+K2UvZK1hFC6QCnaHNxS1I1zb/J5ekuO0k649klTFgcLCElCo+ym6lW\nZuukYIfmh/YaGySr5ESmNnUCKjiT+S2RitQl3QGU/fcuvs4sDlLYsHOKYl8b0ZQY\nixjOeJm+9edMLxD6L+7h0rispzEuFeo1BXlTsfZNI/s13+OOTMIEBUdv/qQ8AQR9\nQcOJyv16NoWq+oD1hb8F6roxA6CZ2Ogz+K5qfXkJUDGhSA7FVKgpvdtWNhrYChSl\nK9nBAf2AAMnp4A6Q/Pj0mBjYhDcTDcGoJDRqkMe8nsopQzK3AoIBAQDPd4mKI5Tu\nf0Yqio+N9ulOz+oOLn8BODgddUfNOYJngu8+0TNhBXHbV/9FAnaGR6sGvCyIbJrv\nJwTGZO9Fhwmr9+IKBGZ1BLH+Hm9dVstF1P3A4xc7EF8VOjEn8B1YbiTvxnZ9KIkf\nA+nOYn63ae2xuj1aGtNnph0EdPPJyy2W+ZaE+x17ugVgS7P0CBKvQfle+sfoGcDx\nNE7F9drb9X9BqVHYMtFCPlcX/u7WjrBTj5gJbaLGoCy1y+kK6nyizv3zmqwoQT1O\nOm+sQPQyD6ByJar8jvjaBrtOYnzrREdY/05lhiw1sviRuuijxiyqb3gHv3ehareX\nCqUrydWHZU6LAoIBAQCK80vtH5yMLieQMHZn+mdVojRk6iapw1NgguK6ixuwYS8/\nKK3C/MQ9K0BUQOob2rrZ7QqMeBbxauxBmiF1UC6r9MiZ2Y7TNW0YA36yuFl8t+6l\n66c2PbDoI/zplZC7/o+DWD/Y+gSeoAx+T7BNEndqeArViqsA8Mk/mfIJgnQBMIxn\n6sKye2ZBw+k4ec2HT4iWr4bJnH6G64sew+/FVq2Vs5b4sHC3hOk5vV2AjH3NE8Vm\nXTHiCLJsIA4Mp6vY5BGFPmh7+JtxaV+Ftl4tgPUUkvQ5FCWwRkRPNgrBuNVoGhiK\nfW3XzKjBrZFsq2w7NOhhmZQs8Y6vZ6MxfOx8FMkXAoIBAG0Kacql6ufzEuDXFJ5L\n0NHwaxbrDyuH7c5lzsgpWsWmxrHgaD2tC+t585vEsKDg2B3hFxLY6hGaE2Nmt292\nivnMfgw/xc3pGtfyDRwkuw/H41rWwGX1s9PHUwCnrfTFZzpyt+IORQt9Fgy4Ldue\nnCRWO1q5ULVgVE38XgmIdTytj5PzG8rkuWCkST+QYqmkZjmqWxk9N/BOSry2/EGx\nZSIQqQiVpPBJLaNaBRPVyQ0SIpmJ+wykMPuX4bMwDTPQ0R6RA7zglSUhh4IkXXRW\nTEDSVW0Kg/arpRSMpRVOPKWlAgJQI7pRh12ovA8f4Gfv0ElaM7kuCrIjES7TlRvl\nfgMCggEAJI0pviHcJpvessa4x9LcV79EgkR/YlXg8gZFd4oE8KDjqaZuBnSao/+D\nNIoybslK8gxvsrG5uXUOCJ56XguiUSnlWnre6s2d1NYVSEaQRiCyb+YbN/Jsrzff\nPjKIyRCodGIeyVZiJqsiCRtEg+PirCUKa56GLPyk76NDNQHACT711Ml29Unvk+uN\ncbRatSHPxzZFc7c9TAm3ymy84e9vfJ653Tp74hlqPElPb8biU+sihXiwa/c78+vC\n16GFXzazWqvtXdAeqiSihKPJX+o7jH8pIMrAcZv4EP+REydEsFGTLvzvVuaJl1Dz\nFWkv6N1P7i84qOqU6gJovpGJ+d8pJw==\n-----END PRIVATE KEY-----\n",
            "public_key_fingerprint_md5": "95:c9:d6:2c:9c:ad:fc:df:4b:58:57:0c:27:47:91:61",
            "public_key_fingerprint_sha256": "SHA256:BkM0gt2u4Qfo844r1m0bejZt2LfQqZYSVlpwdZLZ9AQ",
            "public_key_openssh": "ssh-rsa AAAAB3NzaC1yc2EAAAADAQABAAACAQC89ECtyWqpy6YdZm+6scDFJ3oWt3xeROAOw0muVOEe2y97QRTxWPPN5krAx52Jr5HmmLc76miTYr9TEWP7+5tHuHoYabh2FGWc33BuKYqf09H5GUCXIfIBTA9l8k2p8OUei1USGHL56OkjtzR5VkNZULtjQwHlmdkLg3KbypYYsMxeftSTO7gj/elOOs/1Cs3d+JYbBWl6i/kaCa0Gll8sJ8Xy6i5NTiSG+UcpHMK92jxfX4QUS3C8xUgRj3q/K3ONULKz4WURi0mLpMEgSfVe/bvDrCC/hpvMVJxFIm+PyHgNWEpraGycSR3DDHO4r538vmKhA8yW5SQt95Fp2PB4GYlVpbLg7LvaQelizUJjWphkUUa4fB6RHUmNIe8uEIjq2zDkdv6D+lcAn8PK05glbu6TIJJqg6s9ScqhL+Srf7GMu5+B9XaqwE1Av0eUCBSWgCxQvME/FVKwjxiKY518JPUerWcY6KsRWFy9Rujyy192UBxa9mOwHNPpKCKxTsrQuIKapt3EdolvOQCufDgOouMJpnuhSt0rIz4EXVsIPCwfvAJu917eGS1S7NfSkwKzobdWls/CrFpHjBuc2Nl94tGn/I3X/7FTSYPlnF9kuSGHj1XMl4Ci9LUe2r+sPQKBVJgeUh68tAjyDjuVNV/AaD1+4IzmQVi8yGjbZCNLXQ==\n",
            "public_key_pem": "-----BEGIN PUBLIC KEY-----\nMIICIjANBgkqhkiG9w0BAQEFAAOCAg8AMIICCgKCAgEAvPRArclqqcumHWZvurHA\nxSd6Frd8XkTgDsNJrlThHtsve0EU8VjzzeZKwMedia+R5pi3O+pok2K/UxFj+/ub\nR7h6GGm4dhRlnN9wbimKn9PR+RlAlyHyAUwPZfJNqfDlHotVEhhy+ejpI7c0eVZD\nWVC7Y0MB5ZnZC4Nym8qWGLDMXn7Ukzu4I/3pTjrP9QrN3fiWGwVpeov5GgmtBpZf\nLCfF8uouTU4khvlHKRzCvdo8X1+EFEtwvMVIEY96vytzjVCys+FlEYtJi6TBIEn1\nXv27w6wgv4abzFScRSJvj8h4DVhKa2hsnEkdwwxzuK+d/L5ioQPMluUkLfeRadjw\neBmJVaWy4Oy72kHpYs1CY1qYZFFGuHwekR1JjSHvLhCI6tsw5Hb+g/pXAJ/DytOY\nJW7ukyCSaoOrPUnKoS/kq3+xjLufgfV2qsBNQL9HlAgUloAsULzBPxVSsI8YimOd\nfCT1Hq1nGOirEVhcvUbo8stfdlAcWvZjsBzT6SgisU7K0LiCmqbdxHaJbzkArnw4\nDqLjCaZ7oUrdKyM+BF1bCDwsH7wCbvde3hktUuzX0pMCs6G3VpbPwqxaR4wbnNjZ\nfeLRp/yN1/+xU0mD5ZxfZLkhh49VzJeAovS1Htq/rD0CgVSYHlIevLQI8g47lTVf\nwGg9fuCM5kFYvMho22QjS10CAwEAAQ==\n-----END PUBLIC KEY-----\n",
            "rsa_bits": 4096
          },
          "sensitive_attributes": [
            [
              {
                "type": "get_attr",
                "value": "private_key_openssh"
              }
            ],
            [
              {
                "type": "get_attr",
                "value": "private_key_pem"
              }
            ],
            [
              {
                "type": "get_attr",
                "value": "private_key_pem_pkcs8"
              }
            ]
          ],
          "identity_schema_version": 0
        }
      ]
    }
  ],
  "check_results": null
}
